
Microsoft Visual Studio Solution File, Format Version 12.00
# Visual Studio 15
VisualStudioVersion = 15.0.26124.0
MinimumVisualStudioVersion = 15.0.26124.0
Project("{2150E333-8FDC-42A3-9474-1A3956D46DE8}") = "Api", "Api", "{5D850599-92BA-43C4-AF4E-D06D7719AEA9}"
EndProject
Project("{FAE04EC0-301F-11D3-BF4B-00C04F79EFBC}") = "WebApi", "WebApi\WebApi.csproj", "{963FB17C-C71A-470B-866A-41BE397CDC2B}"
EndProject
Project("{2150E333-8FDC-42A3-9474-1A3956D46DE8}") = "Core", "Core", "{9536D4EB-5E61-4492-8DED-A016A6C9AD0C}"
EndProject
Project("{FAE04EC0-301F-11D3-BF4B-00C04F79EFBC}") = "Domain", "Domain\Domain.csproj", "{2801FA0E-54B1-44A5-A8BE-DA5104A24B22}"
EndProject
Project("{FAE04EC0-301F-11D3-BF4B-00C04F79EFBC}") = "Application", "Application\Application.csproj", "{51DF7ED2-DB30-46EF-835F-93785983E6CE}"
EndProject
Project("{2150E333-8FDC-42A3-9474-1A3956D46DE8}") = "Infrastructure", "Infrastructure", "{9795D00B-7F33-4F4E-8436-C1DCFDFA66EC}"
EndProject
Project("{FAE04EC0-301F-11D3-BF4B-00C04F79EFBC}") = "Infrastructure.Persistence", "Infrastructure.Persistence\Infrastructure.Persistence.csproj", "{605D5C54-CAF7-4FF7-B18A-ACC0CB83CA1E}"
EndProject
Project("{FAE04EC0-301F-11D3-BF4B-00C04F79EFBC}") = "Infrastructure.Shared", "Infrastructure.Shared\Infrastructure.Shared.csproj", "{D191C1A9-29B9-4C04-A1CA-08F79CABF76E}"
EndProject
Project("{2150E333-8FDC-42A3-9474-1A3956D46DE8}") = "Tests", "Tests", "{426DD208-44AB-4B95-8C2F-89681D04E269}"
EndProject
Project("{FAE04EC0-301F-11D3-BF4B-00C04F79EFBC}") = "Lab.Api.Tests", "Lab.Api.Tests\Lab.Api.Tests.csproj", "{4404DC10-FB43-46D7-A7EB-6ADD7D384AB9}"
EndProject
Global
	GlobalSection(SolutionConfigurationPlatforms) = preSolution
		Debug|Any CPU = Debug|Any CPU
		Debug|x64 = Debug|x64
		Debug|x86 = Debug|x86
		Release|Any CPU = Release|Any CPU
		Release|x64 = Release|x64
		Release|x86 = Release|x86
	EndGlobalSection
	GlobalSection(SolutionProperties) = preSolution
		HideSolutionNode = FALSE
	EndGlobalSection
	GlobalSection(ProjectConfigurationPlatforms) = postSolution
		{963FB17C-C71A-470B-866A-41BE397CDC2B}.Debug|Any CPU.ActiveCfg = Debug|Any CPU
		{963FB17C-C71A-470B-866A-41BE397CDC2B}.Debug|Any CPU.Build.0 = Debug|Any CPU
		{963FB17C-C71A-470B-866A-41BE397CDC2B}.Debug|x64.ActiveCfg = Debug|Any CPU
		{963FB17C-C71A-470B-866A-41BE397CDC2B}.Debug|x64.Build.0 = Debug|Any CPU
		{963FB17C-C71A-470B-866A-41BE397CDC2B}.Debug|x86.ActiveCfg = Debug|Any CPU
		{963FB17C-C71A-470B-866A-41BE397CDC2B}.Debug|x86.Build.0 = Debug|Any CPU
		{963FB17C-C71A-470B-866A-41BE397CDC2B}.Release|Any CPU.ActiveCfg = Release|Any CPU
		{963FB17C-C71A-470B-866A-41BE397CDC2B}.Release|Any CPU.Build.0 = Release|Any CPU
		{963FB17C-C71A-470B-866A-41BE397CDC2B}.Release|x64.ActiveCfg = Release|Any CPU
		{963FB17C-C71A-470B-866A-41BE397CDC2B}.Release|x64.Build.0 = Release|Any CPU
		{963FB17C-C71A-470B-866A-41BE397CDC2B}.Release|x86.ActiveCfg = Release|Any CPU
		{963FB17C-C71A-470B-866A-41BE397CDC2B}.Release|x86.Build.0 = Release|Any CPU
		{2801FA0E-54B1-44A5-A8BE-DA5104A24B22}.Debug|Any CPU.ActiveCfg = Debug|Any CPU
		{2801FA0E-54B1-44A5-A8BE-DA5104A24B22}.Debug|Any CPU.Build.0 = Debug|Any CPU
		{2801FA0E-54B1-44A5-A8BE-DA5104A24B22}.Debug|x64.ActiveCfg = Debug|Any CPU
		{2801FA0E-54B1-44A5-A8BE-DA5104A24B22}.Debug|x64.Build.0 = Debug|Any CPU
		{2801FA0E-54B1-44A5-A8BE-DA5104A24B22}.Debug|x86.ActiveCfg = Debug|Any CPU
		{2801FA0E-54B1-44A5-A8BE-DA5104A24B22}.Debug|x86.Build.0 = Debug|Any CPU
		{2801FA0E-54B1-44A5-A8BE-DA5104A24B22}.Release|Any CPU.ActiveCfg = Release|Any CPU
		{2801FA0E-54B1-44A5-A8BE-DA5104A24B22}.Release|Any CPU.Build.0 = Release|Any CPU
		{2801FA0E-54B1-44A5-A8BE-DA5104A24B22}.Release|x64.ActiveCfg = Release|Any CPU
		{2801FA0E-54B1-44A5-A8BE-DA5104A24B22}.Release|x64.Build.0 = Release|Any CPU
		{2801FA0E-54B1-44A5-A8BE-DA5104A24B22}.Release|x86.ActiveCfg = Release|Any CPU
		{2801FA0E-54B1-44A5-A8BE-DA5104A24B22}.Release|x86.Build.0 = Release|Any CPU
		{51DF7ED2-DB30-46EF-835F-93785983E6CE}.Debug|Any CPU.ActiveCfg = Debug|Any CPU
		{51DF7ED2-DB30-46EF-835F-93785983E6CE}.Debug|Any CPU.Build.0 = Debug|Any CPU
		{51DF7ED2-DB30-46EF-835F-93785983E6CE}.Debug|x64.ActiveCfg = Debug|Any CPU
		{51DF7ED2-DB30-46EF-835F-93785983E6CE}.Debug|x64.Build.0 = Debug|Any CPU
		{51DF7ED2-DB30-46EF-835F-93785983E6CE}.Debug|x86.ActiveCfg = Debug|Any CPU
		{51DF7ED2-DB30-46EF-835F-93785983E6CE}.Debug|x86.Build.0 = Debug|Any CPU
		{51DF7ED2-DB30-46EF-835F-93785983E6CE}.Release|Any CPU.ActiveCfg = Release|Any CPU
		{51DF7ED2-DB30-46EF-835F-93785983E6CE}.Release|Any CPU.Build.0 = Release|Any CPU
		{51DF7ED2-DB30-46EF-835F-93785983E6CE}.Release|x64.ActiveCfg = Release|Any CPU
		{51DF7ED2-DB30-46EF-835F-93785983E6CE}.Release|x64.Build.0 = Release|Any CPU
		{51DF7ED2-DB30-46EF-835F-93785983E6CE}.Release|x86.ActiveCfg = Release|Any CPU
		{51DF7ED2-DB30-46EF-835F-93785983E6CE}.Release|x86.Build.0 = Release|Any CPU
		{605D5C54-CAF7-4FF7-B18A-ACC0CB83CA1E}.Debug|Any CPU.ActiveCfg = Debug|Any CPU
		{605D5C54-CAF7-4FF7-B18A-ACC0CB83CA1E}.Debug|Any CPU.Build.0 = Debug|Any CPU
		{605D5C54-CAF7-4FF7-B18A-ACC0CB83CA1E}.Debug|x64.ActiveCfg = Debug|Any CPU
		{605D5C54-CAF7-4FF7-B18A-ACC0CB83CA1E}.Debug|x64.Build.0 = Debug|Any CPU
		{605D5C54-CAF7-4FF7-B18A-ACC0CB83CA1E}.Debug|x86.ActiveCfg = Debug|Any CPU
		{605D5C54-CAF7-4FF7-B18A-ACC0CB83CA1E}.Debug|x86.Build.0 = Debug|Any CPU
		{605D5C54-CAF7-4FF7-B18A-ACC0CB83CA1E}.Release|Any CPU.ActiveCfg = Release|Any CPU
		{605D5C54-CAF7-4FF7-B18A-ACC0CB83CA1E}.Release|Any CPU.Build.0 = Release|Any CPU
		{605D5C54-CAF7-4FF7-B18A-ACC0CB83CA1E}.Release|x64.ActiveCfg = Release|Any CPU
		{605D5C54-CAF7-4FF7-B18A-ACC0CB83CA1E}.Release|x64.Build.0 = Release|Any CPU
		{605D5C54-CAF7-4FF7-B18A-ACC0CB83CA1E}.Release|x86.ActiveCfg = Release|Any CPU
		{605D5C54-CAF7-4FF7-B18A-ACC0CB83CA1E}.Release|x86.Build.0 = Release|Any CPU
		{D191C1A9-29B9-4C04-A1CA-08F79CABF76E}.Debug|Any CPU.ActiveCfg = Debug|Any CPU
		{D191C1A9-29B9-4C04-A1CA-08F79CABF76E}.Debug|Any CPU.Build.0 = Debug|Any CPU
		{D191C1A9-29B9-4C04-A1CA-08F79CABF76E}.Debug|x64.ActiveCfg = Debug|Any CPU
		{D191C1A9-29B9-4C04-A1CA-08F79CABF76E}.Debug|x64.Build.0 = Debug|Any CPU
		{D191C1A9-29B9-4C04-A1CA-08F79CABF76E}.Debug|x86.ActiveCfg = Debug|Any CPU
		{D191C1A9-29B9-4C04-A1CA-08F79CABF76E}.Debug|x86.Build.0 = Debug|Any CPU
		{D191C1A9-29B9-4C04-A1CA-08F79CABF76E}.Release|Any CPU.ActiveCfg = Release|Any CPU
		{D191C1A9-29B9-4C04-A1CA-08F79CABF76E}.Release|Any CPU.Build.0 = Release|Any CPU
		{D191C1A9-29B9-4C04-A1CA-08F79CABF76E}.Release|x64.ActiveCfg = Release|Any CPU
		{D191C1A9-29B9-4C04-A1CA-08F79CABF76E}.Release|x64.Build.0 = Release|Any CPU
		{D191C1A9-29B9-4C04-A1CA-08F79CABF76E}.Release|x86.ActiveCfg = Release|Any CPU
		{D191C1A9-29B9-4C04-A1CA-08F79CABF76E}.Release|x86.Build.0 = Release|Any CPU
		{4404DC10-FB43-46D7-A7EB-6ADD7D384AB9}.Debug|Any CPU.ActiveCfg = Debug|Any CPU
		{4404DC10-FB43-46D7-A7EB-6ADD7D384AB9}.Debug|Any CPU.Build.0 = Debug|Any CPU
		{4404DC10-FB43-46D7-A7EB-6ADD7D384AB9}.Debug|x64.ActiveCfg = Debug|Any CPU
		{4404DC10-FB43-46D7-A7EB-6ADD7D384AB9}.Debug|x64.Build.0 = Debug|Any CPU
		{4404DC10-FB43-46D7-A7EB-6ADD7D384AB9}.Debug|x86.ActiveCfg = Debug|Any CPU
		{4404DC10-FB43-46D7-A7EB-6ADD7D384AB9}.Debug|x86.Build.0 = Debug|Any CPU
		{4404DC10-FB43-46D7-A7EB-6ADD7D384AB9}.Release|Any CPU.ActiveCfg = Release|Any CPU
		{4404DC10-FB43-46D7-A7EB-6ADD7D384AB9}.Release|Any CPU.Build.0 = Release|Any CPU
		{4404DC10-FB43-46D7-A7EB-6ADD7D384AB9}.Release|x64.ActiveCfg = Release|Any CPU
		{4404DC10-FB43-46D7-A7EB-6ADD7D384AB9}.Release|x64.Build.0 = Release|Any CPU
		{4404DC10-FB43-46D7-A7EB-6ADD7D384AB9}.Release|x86.ActiveCfg = Release|Any CPU
		{4404DC10-FB43-46D7-A7EB-6ADD7D384AB9}.Release|x86.Build.0 = Release|Any CPU
	EndGlobalSection
	GlobalSection(NestedProjects) = preSolution
		{963FB17C-C71A-470B-866A-41BE397CDC2B} = {5D850599-92BA-43C4-AF4E-D06D7719AEA9}
		{2801FA0E-54B1-44A5-A8BE-DA5104A24B22} = {9536D4EB-5E61-4492-8DED-A016A6C9AD0C}
		{51DF7ED2-DB30-46EF-835F-93785983E6CE} = {9536D4EB-5E61-4492-8DED-A016A6C9AD0C}
		{605D5C54-CAF7-4FF7-B18A-ACC0CB83CA1E} = {9795D00B-7F33-4F4E-8436-C1DCFDFA66EC}
		{D191C1A9-29B9-4C04-A1CA-08F79CABF76E} = {9795D00B-7F33-4F4E-8436-C1DCFDFA66EC}
		{4404DC10-FB43-46D7-A7EB-6ADD7D384AB9} = {426DD208-44AB-4B95-8C2F-89681D04E269}
	EndGlobalSection
EndGlobal
