
Microsoft Visual Studio Solution File, Format Version 12.00
# Visual Studio Version 16
VisualStudioVersion = 16.6.30114.105
MinimumVisualStudioVersion = 10.0.40219.1
Project("{2150E333-8FDC-42A3-9474-1A3956D46DE8}") = "src", "src", "{9F943E09-13C0-4CE4-BBB5-EE3B27774F43}"
EndProject
Project("{FAE04EC0-301F-11D3-BF4B-00C04F79EFBC}") = "Ordering.WebApi", "src\Ordering.WebApi\Ordering.WebApi.csproj", "{1E246B74-1EC1-4DBB-A5A4-6F85E72DDD8F}"
EndProject
Project("{FAE04EC0-301F-11D3-BF4B-00C04F79EFBC}") = "Ordering.Core", "src\Ordering.Core\Ordering.Core.csproj", "{74FE90C8-EFBA-49C8-A107-D5DA64BE4E66}"
EndProject
Project("{FAE04EC0-301F-11D3-BF4B-00C04F79EFBC}") = "Ordering.Infrastructure", "src\Ordering.Infrastructure\Ordering.Infrastructure.csproj", "{8A9A2142-0C85-48D7-9A7B-807216E24CD4}"
EndProject
Project("{2150E333-8FDC-42A3-9474-1A3956D46DE8}") = "tests", "tests", "{2F525D6E-1C49-47BB-ADE7-5941C9494956}"
EndProject
Project("{FAE04EC0-301F-11D3-BF4B-00C04F79EFBC}") = "Ordering.IntegrationTests", "tests\Ordering.IntegrationTests\Ordering.IntegrationTests.csproj", "{1CE3993C-602A-4E90-8A52-5B7FB54A11D8}"
EndProject
Project("{FAE04EC0-301F-11D3-BF4B-00C04F79EFBC}") = "Ordering.FunctionalTests", "tests\Ordering.FunctionalTests\Ordering.FunctionalTests.csproj", "{EDCC0F90-E06D-474C-8686-FA276FC4BCC4}"
EndProject
Project("{FAE04EC0-301F-11D3-BF4B-00C04F79EFBC}") = "Ordering.SharedTestHelpers", "tests\Ordering.SharedTestHelpers\Ordering.SharedTestHelpers.csproj", "{F279D2B1-CE2F-48F7-97F5-D82E9E643228}"
EndProject
Project("{FAE04EC0-301F-11D3-BF4B-00C04F79EFBC}") = "Ordering.UnitTests", "tests\Ordering.UnitTests\Ordering.UnitTests.csproj", "{2BA09D57-D818-41BC-A8B6-C123AA674525}"
EndProject
Global
	GlobalSection(SolutionConfigurationPlatforms) = preSolution
		Debug|Any CPU = Debug|Any CPU
		Debug|x64 = Debug|x64
		Debug|x86 = Debug|x86
		Release|Any CPU = Release|Any CPU
		Release|x64 = Release|x64
		Release|x86 = Release|x86
	EndGlobalSection
	GlobalSection(SolutionProperties) = preSolution
		HideSolutionNode = FALSE
	EndGlobalSection
	GlobalSection(ProjectConfigurationPlatforms) = postSolution
		{1E246B74-1EC1-4DBB-A5A4-6F85E72DDD8F}.Debug|Any CPU.ActiveCfg = Debug|Any CPU
		{1E246B74-1EC1-4DBB-A5A4-6F85E72DDD8F}.Debug|Any CPU.Build.0 = Debug|Any CPU
		{1E246B74-1EC1-4DBB-A5A4-6F85E72DDD8F}.Debug|x64.ActiveCfg = Debug|Any CPU
		{1E246B74-1EC1-4DBB-A5A4-6F85E72DDD8F}.Debug|x64.Build.0 = Debug|Any CPU
		{1E246B74-1EC1-4DBB-A5A4-6F85E72DDD8F}.Debug|x86.ActiveCfg = Debug|Any CPU
		{1E246B74-1EC1-4DBB-A5A4-6F85E72DDD8F}.Debug|x86.Build.0 = Debug|Any CPU
		{1E246B74-1EC1-4DBB-A5A4-6F85E72DDD8F}.Release|Any CPU.ActiveCfg = Release|Any CPU
		{1E246B74-1EC1-4DBB-A5A4-6F85E72DDD8F}.Release|Any CPU.Build.0 = Release|Any CPU
		{1E246B74-1EC1-4DBB-A5A4-6F85E72DDD8F}.Release|x64.ActiveCfg = Release|Any CPU
		{1E246B74-1EC1-4DBB-A5A4-6F85E72DDD8F}.Release|x64.Build.0 = Release|Any CPU
		{1E246B74-1EC1-4DBB-A5A4-6F85E72DDD8F}.Release|x86.ActiveCfg = Release|Any CPU
		{1E246B74-1EC1-4DBB-A5A4-6F85E72DDD8F}.Release|x86.Build.0 = Release|Any CPU
		{74FE90C8-EFBA-49C8-A107-D5DA64BE4E66}.Debug|Any CPU.ActiveCfg = Debug|Any CPU
		{74FE90C8-EFBA-49C8-A107-D5DA64BE4E66}.Debug|Any CPU.Build.0 = Debug|Any CPU
		{74FE90C8-EFBA-49C8-A107-D5DA64BE4E66}.Debug|x64.ActiveCfg = Debug|Any CPU
		{74FE90C8-EFBA-49C8-A107-D5DA64BE4E66}.Debug|x64.Build.0 = Debug|Any CPU
		{74FE90C8-EFBA-49C8-A107-D5DA64BE4E66}.Debug|x86.ActiveCfg = Debug|Any CPU
		{74FE90C8-EFBA-49C8-A107-D5DA64BE4E66}.Debug|x86.Build.0 = Debug|Any CPU
		{74FE90C8-EFBA-49C8-A107-D5DA64BE4E66}.Release|Any CPU.ActiveCfg = Release|Any CPU
		{74FE90C8-EFBA-49C8-A107-D5DA64BE4E66}.Release|Any CPU.Build.0 = Release|Any CPU
		{74FE90C8-EFBA-49C8-A107-D5DA64BE4E66}.Release|x64.ActiveCfg = Release|Any CPU
		{74FE90C8-EFBA-49C8-A107-D5DA64BE4E66}.Release|x64.Build.0 = Release|Any CPU
		{74FE90C8-EFBA-49C8-A107-D5DA64BE4E66}.Release|x86.ActiveCfg = Release|Any CPU
		{74FE90C8-EFBA-49C8-A107-D5DA64BE4E66}.Release|x86.Build.0 = Release|Any CPU
		{8A9A2142-0C85-48D7-9A7B-807216E24CD4}.Debug|Any CPU.ActiveCfg = Debug|Any CPU
		{8A9A2142-0C85-48D7-9A7B-807216E24CD4}.Debug|Any CPU.Build.0 = Debug|Any CPU
		{8A9A2142-0C85-48D7-9A7B-807216E24CD4}.Debug|x64.ActiveCfg = Debug|Any CPU
		{8A9A2142-0C85-48D7-9A7B-807216E24CD4}.Debug|x64.Build.0 = Debug|Any CPU
		{8A9A2142-0C85-48D7-9A7B-807216E24CD4}.Debug|x86.ActiveCfg = Debug|Any CPU
		{8A9A2142-0C85-48D7-9A7B-807216E24CD4}.Debug|x86.Build.0 = Debug|Any CPU
		{8A9A2142-0C85-48D7-9A7B-807216E24CD4}.Release|Any CPU.ActiveCfg = Release|Any CPU
		{8A9A2142-0C85-48D7-9A7B-807216E24CD4}.Release|Any CPU.Build.0 = Release|Any CPU
		{8A9A2142-0C85-48D7-9A7B-807216E24CD4}.Release|x64.ActiveCfg = Release|Any CPU
		{8A9A2142-0C85-48D7-9A7B-807216E24CD4}.Release|x64.Build.0 = Release|Any CPU
		{8A9A2142-0C85-48D7-9A7B-807216E24CD4}.Release|x86.ActiveCfg = Release|Any CPU
		{8A9A2142-0C85-48D7-9A7B-807216E24CD4}.Release|x86.Build.0 = Release|Any CPU
		{1CE3993C-602A-4E90-8A52-5B7FB54A11D8}.Debug|Any CPU.ActiveCfg = Debug|Any CPU
		{1CE3993C-602A-4E90-8A52-5B7FB54A11D8}.Debug|Any CPU.Build.0 = Debug|Any CPU
		{1CE3993C-602A-4E90-8A52-5B7FB54A11D8}.Debug|x64.ActiveCfg = Debug|Any CPU
		{1CE3993C-602A-4E90-8A52-5B7FB54A11D8}.Debug|x64.Build.0 = Debug|Any CPU
		{1CE3993C-602A-4E90-8A52-5B7FB54A11D8}.Debug|x86.ActiveCfg = Debug|Any CPU
		{1CE3993C-602A-4E90-8A52-5B7FB54A11D8}.Debug|x86.Build.0 = Debug|Any CPU
		{1CE3993C-602A-4E90-8A52-5B7FB54A11D8}.Release|Any CPU.ActiveCfg = Release|Any CPU
		{1CE3993C-602A-4E90-8A52-5B7FB54A11D8}.Release|Any CPU.Build.0 = Release|Any CPU
		{1CE3993C-602A-4E90-8A52-5B7FB54A11D8}.Release|x64.ActiveCfg = Release|Any CPU
		{1CE3993C-602A-4E90-8A52-5B7FB54A11D8}.Release|x64.Build.0 = Release|Any CPU
		{1CE3993C-602A-4E90-8A52-5B7FB54A11D8}.Release|x86.ActiveCfg = Release|Any CPU
		{1CE3993C-602A-4E90-8A52-5B7FB54A11D8}.Release|x86.Build.0 = Release|Any CPU
		{EDCC0F90-E06D-474C-8686-FA276FC4BCC4}.Debug|Any CPU.ActiveCfg = Debug|Any CPU
		{EDCC0F90-E06D-474C-8686-FA276FC4BCC4}.Debug|Any CPU.Build.0 = Debug|Any CPU
		{EDCC0F90-E06D-474C-8686-FA276FC4BCC4}.Debug|x64.ActiveCfg = Debug|Any CPU
		{EDCC0F90-E06D-474C-8686-FA276FC4BCC4}.Debug|x64.Build.0 = Debug|Any CPU
		{EDCC0F90-E06D-474C-8686-FA276FC4BCC4}.Debug|x86.ActiveCfg = Debug|Any CPU
		{EDCC0F90-E06D-474C-8686-FA276FC4BCC4}.Debug|x86.Build.0 = Debug|Any CPU
		{EDCC0F90-E06D-474C-8686-FA276FC4BCC4}.Release|Any CPU.ActiveCfg = Release|Any CPU
		{EDCC0F90-E06D-474C-8686-FA276FC4BCC4}.Release|Any CPU.Build.0 = Release|Any CPU
		{EDCC0F90-E06D-474C-8686-FA276FC4BCC4}.Release|x64.ActiveCfg = Release|Any CPU
		{EDCC0F90-E06D-474C-8686-FA276FC4BCC4}.Release|x64.Build.0 = Release|Any CPU
		{EDCC0F90-E06D-474C-8686-FA276FC4BCC4}.Release|x86.ActiveCfg = Release|Any CPU
		{EDCC0F90-E06D-474C-8686-FA276FC4BCC4}.Release|x86.Build.0 = Release|Any CPU
		{F279D2B1-CE2F-48F7-97F5-D82E9E643228}.Debug|Any CPU.ActiveCfg = Debug|Any CPU
		{F279D2B1-CE2F-48F7-97F5-D82E9E643228}.Debug|Any CPU.Build.0 = Debug|Any CPU
		{F279D2B1-CE2F-48F7-97F5-D82E9E643228}.Debug|x64.ActiveCfg = Debug|Any CPU
		{F279D2B1-CE2F-48F7-97F5-D82E9E643228}.Debug|x64.Build.0 = Debug|Any CPU
		{F279D2B1-CE2F-48F7-97F5-D82E9E643228}.Debug|x86.ActiveCfg = Debug|Any CPU
		{F279D2B1-CE2F-48F7-97F5-D82E9E643228}.Debug|x86.Build.0 = Debug|Any CPU
		{F279D2B1-CE2F-48F7-97F5-D82E9E643228}.Release|Any CPU.ActiveCfg = Release|Any CPU
		{F279D2B1-CE2F-48F7-97F5-D82E9E643228}.Release|Any CPU.Build.0 = Release|Any CPU
		{F279D2B1-CE2F-48F7-97F5-D82E9E643228}.Release|x64.ActiveCfg = Release|Any CPU
		{F279D2B1-CE2F-48F7-97F5-D82E9E643228}.Release|x64.Build.0 = Release|Any CPU
		{F279D2B1-CE2F-48F7-97F5-D82E9E643228}.Release|x86.ActiveCfg = Release|Any CPU
		{F279D2B1-CE2F-48F7-97F5-D82E9E643228}.Release|x86.Build.0 = Release|Any CPU
		{2BA09D57-D818-41BC-A8B6-C123AA674525}.Debug|Any CPU.ActiveCfg = Debug|Any CPU
		{2BA09D57-D818-41BC-A8B6-C123AA674525}.Debug|Any CPU.Build.0 = Debug|Any CPU
		{2BA09D57-D818-41BC-A8B6-C123AA674525}.Debug|x64.ActiveCfg = Debug|Any CPU
		{2BA09D57-D818-41BC-A8B6-C123AA674525}.Debug|x64.Build.0 = Debug|Any CPU
		{2BA09D57-D818-41BC-A8B6-C123AA674525}.Debug|x86.ActiveCfg = Debug|Any CPU
		{2BA09D57-D818-41BC-A8B6-C123AA674525}.Debug|x86.Build.0 = Debug|Any CPU
		{2BA09D57-D818-41BC-A8B6-C123AA674525}.Release|Any CPU.ActiveCfg = Release|Any CPU
		{2BA09D57-D818-41BC-A8B6-C123AA674525}.Release|Any CPU.Build.0 = Release|Any CPU
		{2BA09D57-D818-41BC-A8B6-C123AA674525}.Release|x64.ActiveCfg = Release|Any CPU
		{2BA09D57-D818-41BC-A8B6-C123AA674525}.Release|x64.Build.0 = Release|Any CPU
		{2BA09D57-D818-41BC-A8B6-C123AA674525}.Release|x86.ActiveCfg = Release|Any CPU
		{2BA09D57-D818-41BC-A8B6-C123AA674525}.Release|x86.Build.0 = Release|Any CPU
	EndGlobalSection
	GlobalSection(NestedProjects) = preSolution
		{1E246B74-1EC1-4DBB-A5A4-6F85E72DDD8F} = {9F943E09-13C0-4CE4-BBB5-EE3B27774F43}
		{74FE90C8-EFBA-49C8-A107-D5DA64BE4E66} = {9F943E09-13C0-4CE4-BBB5-EE3B27774F43}
		{8A9A2142-0C85-48D7-9A7B-807216E24CD4} = {9F943E09-13C0-4CE4-BBB5-EE3B27774F43}
		{1CE3993C-602A-4E90-8A52-5B7FB54A11D8} = {2F525D6E-1C49-47BB-ADE7-5941C9494956}
		{EDCC0F90-E06D-474C-8686-FA276FC4BCC4} = {2F525D6E-1C49-47BB-ADE7-5941C9494956}
		{F279D2B1-CE2F-48F7-97F5-D82E9E643228} = {2F525D6E-1C49-47BB-ADE7-5941C9494956}
		{2BA09D57-D818-41BC-A8B6-C123AA674525} = {2F525D6E-1C49-47BB-ADE7-5941C9494956}
	EndGlobalSection
EndGlobal
