
Microsoft Visual Studio Solution File, Format Version 12.00
# Visual Studio Version 16
VisualStudioVersion = 16.6.30114.105
MinimumVisualStudioVersion = 10.0.40219.1
Project("{2150E333-8FDC-42A3-9474-1A3956D46DE8}") = "src", "src", "{665FD557-325A-48C3-8797-6F9C87C17054}"
EndProject
Project("{FAE04EC0-301F-11D3-BF4B-00C04F79EFBC}") = "Ordering.WebApi", "src\Ordering.WebApi\Ordering.WebApi.csproj", "{4F1E0BA1-E3AE-4D52-961D-82537FFC2A25}"
EndProject
Project("{FAE04EC0-301F-11D3-BF4B-00C04F79EFBC}") = "Ordering.Core", "src\Ordering.Core\Ordering.Core.csproj", "{A4C0F5A1-438D-4A1A-B351-E63A97042912}"
EndProject
Project("{FAE04EC0-301F-11D3-BF4B-00C04F79EFBC}") = "Ordering.Infrastructure", "src\Ordering.Infrastructure\Ordering.Infrastructure.csproj", "{12F5D851-EC7F-4EBA-B338-21BBB1FCDF20}"
EndProject
Project("{2150E333-8FDC-42A3-9474-1A3956D46DE8}") = "tests", "tests", "{CECCF5C7-80FE-43FE-BE54-03DC9F2CD56B}"
EndProject
Project("{FAE04EC0-301F-11D3-BF4B-00C04F79EFBC}") = "Ordering.IntegrationTests", "tests\Ordering.IntegrationTests\Ordering.IntegrationTests.csproj", "{714DC74E-0FE8-4BDC-A4E4-8E2F63EC7F72}"
EndProject
Project("{FAE04EC0-301F-11D3-BF4B-00C04F79EFBC}") = "Ordering.FunctionalTests", "tests\Ordering.FunctionalTests\Ordering.FunctionalTests.csproj", "{AF7E22D6-7CB1-4A7D-A7AC-135AB58CD2D5}"
EndProject
Project("{FAE04EC0-301F-11D3-BF4B-00C04F79EFBC}") = "Ordering.SharedTestHelpers", "tests\Ordering.SharedTestHelpers\Ordering.SharedTestHelpers.csproj", "{677E5B56-B788-4E58-A8A1-B6E24FAE5A53}"
EndProject
Project("{FAE04EC0-301F-11D3-BF4B-00C04F79EFBC}") = "Ordering.UnitTests", "tests\Ordering.UnitTests\Ordering.UnitTests.csproj", "{AA06837A-1735-46C9-ABC7-4422C6E0DE7F}"
EndProject
Global
	GlobalSection(SolutionConfigurationPlatforms) = preSolution
		Debug|Any CPU = Debug|Any CPU
		Debug|x64 = Debug|x64
		Debug|x86 = Debug|x86
		Release|Any CPU = Release|Any CPU
		Release|x64 = Release|x64
		Release|x86 = Release|x86
	EndGlobalSection
	GlobalSection(SolutionProperties) = preSolution
		HideSolutionNode = FALSE
	EndGlobalSection
	GlobalSection(ProjectConfigurationPlatforms) = postSolution
		{4F1E0BA1-E3AE-4D52-961D-82537FFC2A25}.Debug|Any CPU.ActiveCfg = Debug|Any CPU
		{4F1E0BA1-E3AE-4D52-961D-82537FFC2A25}.Debug|Any CPU.Build.0 = Debug|Any CPU
		{4F1E0BA1-E3AE-4D52-961D-82537FFC2A25}.Debug|x64.ActiveCfg = Debug|Any CPU
		{4F1E0BA1-E3AE-4D52-961D-82537FFC2A25}.Debug|x64.Build.0 = Debug|Any CPU
		{4F1E0BA1-E3AE-4D52-961D-82537FFC2A25}.Debug|x86.ActiveCfg = Debug|Any CPU
		{4F1E0BA1-E3AE-4D52-961D-82537FFC2A25}.Debug|x86.Build.0 = Debug|Any CPU
		{4F1E0BA1-E3AE-4D52-961D-82537FFC2A25}.Release|Any CPU.ActiveCfg = Release|Any CPU
		{4F1E0BA1-E3AE-4D52-961D-82537FFC2A25}.Release|Any CPU.Build.0 = Release|Any CPU
		{4F1E0BA1-E3AE-4D52-961D-82537FFC2A25}.Release|x64.ActiveCfg = Release|Any CPU
		{4F1E0BA1-E3AE-4D52-961D-82537FFC2A25}.Release|x64.Build.0 = Release|Any CPU
		{4F1E0BA1-E3AE-4D52-961D-82537FFC2A25}.Release|x86.ActiveCfg = Release|Any CPU
		{4F1E0BA1-E3AE-4D52-961D-82537FFC2A25}.Release|x86.Build.0 = Release|Any CPU
		{A4C0F5A1-438D-4A1A-B351-E63A97042912}.Debug|Any CPU.ActiveCfg = Debug|Any CPU
		{A4C0F5A1-438D-4A1A-B351-E63A97042912}.Debug|Any CPU.Build.0 = Debug|Any CPU
		{A4C0F5A1-438D-4A1A-B351-E63A97042912}.Debug|x64.ActiveCfg = Debug|Any CPU
		{A4C0F5A1-438D-4A1A-B351-E63A97042912}.Debug|x64.Build.0 = Debug|Any CPU
		{A4C0F5A1-438D-4A1A-B351-E63A97042912}.Debug|x86.ActiveCfg = Debug|Any CPU
		{A4C0F5A1-438D-4A1A-B351-E63A97042912}.Debug|x86.Build.0 = Debug|Any CPU
		{A4C0F5A1-438D-4A1A-B351-E63A97042912}.Release|Any CPU.ActiveCfg = Release|Any CPU
		{A4C0F5A1-438D-4A1A-B351-E63A97042912}.Release|Any CPU.Build.0 = Release|Any CPU
		{A4C0F5A1-438D-4A1A-B351-E63A97042912}.Release|x64.ActiveCfg = Release|Any CPU
		{A4C0F5A1-438D-4A1A-B351-E63A97042912}.Release|x64.Build.0 = Release|Any CPU
		{A4C0F5A1-438D-4A1A-B351-E63A97042912}.Release|x86.ActiveCfg = Release|Any CPU
		{A4C0F5A1-438D-4A1A-B351-E63A97042912}.Release|x86.Build.0 = Release|Any CPU
		{12F5D851-EC7F-4EBA-B338-21BBB1FCDF20}.Debug|Any CPU.ActiveCfg = Debug|Any CPU
		{12F5D851-EC7F-4EBA-B338-21BBB1FCDF20}.Debug|Any CPU.Build.0 = Debug|Any CPU
		{12F5D851-EC7F-4EBA-B338-21BBB1FCDF20}.Debug|x64.ActiveCfg = Debug|Any CPU
		{12F5D851-EC7F-4EBA-B338-21BBB1FCDF20}.Debug|x64.Build.0 = Debug|Any CPU
		{12F5D851-EC7F-4EBA-B338-21BBB1FCDF20}.Debug|x86.ActiveCfg = Debug|Any CPU
		{12F5D851-EC7F-4EBA-B338-21BBB1FCDF20}.Debug|x86.Build.0 = Debug|Any CPU
		{12F5D851-EC7F-4EBA-B338-21BBB1FCDF20}.Release|Any CPU.ActiveCfg = Release|Any CPU
		{12F5D851-EC7F-4EBA-B338-21BBB1FCDF20}.Release|Any CPU.Build.0 = Release|Any CPU
		{12F5D851-EC7F-4EBA-B338-21BBB1FCDF20}.Release|x64.ActiveCfg = Release|Any CPU
		{12F5D851-EC7F-4EBA-B338-21BBB1FCDF20}.Release|x64.Build.0 = Release|Any CPU
		{12F5D851-EC7F-4EBA-B338-21BBB1FCDF20}.Release|x86.ActiveCfg = Release|Any CPU
		{12F5D851-EC7F-4EBA-B338-21BBB1FCDF20}.Release|x86.Build.0 = Release|Any CPU
		{714DC74E-0FE8-4BDC-A4E4-8E2F63EC7F72}.Debug|Any CPU.ActiveCfg = Debug|Any CPU
		{714DC74E-0FE8-4BDC-A4E4-8E2F63EC7F72}.Debug|Any CPU.Build.0 = Debug|Any CPU
		{714DC74E-0FE8-4BDC-A4E4-8E2F63EC7F72}.Debug|x64.ActiveCfg = Debug|Any CPU
		{714DC74E-0FE8-4BDC-A4E4-8E2F63EC7F72}.Debug|x64.Build.0 = Debug|Any CPU
		{714DC74E-0FE8-4BDC-A4E4-8E2F63EC7F72}.Debug|x86.ActiveCfg = Debug|Any CPU
		{714DC74E-0FE8-4BDC-A4E4-8E2F63EC7F72}.Debug|x86.Build.0 = Debug|Any CPU
		{714DC74E-0FE8-4BDC-A4E4-8E2F63EC7F72}.Release|Any CPU.ActiveCfg = Release|Any CPU
		{714DC74E-0FE8-4BDC-A4E4-8E2F63EC7F72}.Release|Any CPU.Build.0 = Release|Any CPU
		{714DC74E-0FE8-4BDC-A4E4-8E2F63EC7F72}.Release|x64.ActiveCfg = Release|Any CPU
		{714DC74E-0FE8-4BDC-A4E4-8E2F63EC7F72}.Release|x64.Build.0 = Release|Any CPU
		{714DC74E-0FE8-4BDC-A4E4-8E2F63EC7F72}.Release|x86.ActiveCfg = Release|Any CPU
		{714DC74E-0FE8-4BDC-A4E4-8E2F63EC7F72}.Release|x86.Build.0 = Release|Any CPU
		{AF7E22D6-7CB1-4A7D-A7AC-135AB58CD2D5}.Debug|Any CPU.ActiveCfg = Debug|Any CPU
		{AF7E22D6-7CB1-4A7D-A7AC-135AB58CD2D5}.Debug|Any CPU.Build.0 = Debug|Any CPU
		{AF7E22D6-7CB1-4A7D-A7AC-135AB58CD2D5}.Debug|x64.ActiveCfg = Debug|Any CPU
		{AF7E22D6-7CB1-4A7D-A7AC-135AB58CD2D5}.Debug|x64.Build.0 = Debug|Any CPU
		{AF7E22D6-7CB1-4A7D-A7AC-135AB58CD2D5}.Debug|x86.ActiveCfg = Debug|Any CPU
		{AF7E22D6-7CB1-4A7D-A7AC-135AB58CD2D5}.Debug|x86.Build.0 = Debug|Any CPU
		{AF7E22D6-7CB1-4A7D-A7AC-135AB58CD2D5}.Release|Any CPU.ActiveCfg = Release|Any CPU
		{AF7E22D6-7CB1-4A7D-A7AC-135AB58CD2D5}.Release|Any CPU.Build.0 = Release|Any CPU
		{AF7E22D6-7CB1-4A7D-A7AC-135AB58CD2D5}.Release|x64.ActiveCfg = Release|Any CPU
		{AF7E22D6-7CB1-4A7D-A7AC-135AB58CD2D5}.Release|x64.Build.0 = Release|Any CPU
		{AF7E22D6-7CB1-4A7D-A7AC-135AB58CD2D5}.Release|x86.ActiveCfg = Release|Any CPU
		{AF7E22D6-7CB1-4A7D-A7AC-135AB58CD2D5}.Release|x86.Build.0 = Release|Any CPU
		{677E5B56-B788-4E58-A8A1-B6E24FAE5A53}.Debug|Any CPU.ActiveCfg = Debug|Any CPU
		{677E5B56-B788-4E58-A8A1-B6E24FAE5A53}.Debug|Any CPU.Build.0 = Debug|Any CPU
		{677E5B56-B788-4E58-A8A1-B6E24FAE5A53}.Debug|x64.ActiveCfg = Debug|Any CPU
		{677E5B56-B788-4E58-A8A1-B6E24FAE5A53}.Debug|x64.Build.0 = Debug|Any CPU
		{677E5B56-B788-4E58-A8A1-B6E24FAE5A53}.Debug|x86.ActiveCfg = Debug|Any CPU
		{677E5B56-B788-4E58-A8A1-B6E24FAE5A53}.Debug|x86.Build.0 = Debug|Any CPU
		{677E5B56-B788-4E58-A8A1-B6E24FAE5A53}.Release|Any CPU.ActiveCfg = Release|Any CPU
		{677E5B56-B788-4E58-A8A1-B6E24FAE5A53}.Release|Any CPU.Build.0 = Release|Any CPU
		{677E5B56-B788-4E58-A8A1-B6E24FAE5A53}.Release|x64.ActiveCfg = Release|Any CPU
		{677E5B56-B788-4E58-A8A1-B6E24FAE5A53}.Release|x64.Build.0 = Release|Any CPU
		{677E5B56-B788-4E58-A8A1-B6E24FAE5A53}.Release|x86.ActiveCfg = Release|Any CPU
		{677E5B56-B788-4E58-A8A1-B6E24FAE5A53}.Release|x86.Build.0 = Release|Any CPU
		{AA06837A-1735-46C9-ABC7-4422C6E0DE7F}.Debug|Any CPU.ActiveCfg = Debug|Any CPU
		{AA06837A-1735-46C9-ABC7-4422C6E0DE7F}.Debug|Any CPU.Build.0 = Debug|Any CPU
		{AA06837A-1735-46C9-ABC7-4422C6E0DE7F}.Debug|x64.ActiveCfg = Debug|Any CPU
		{AA06837A-1735-46C9-ABC7-4422C6E0DE7F}.Debug|x64.Build.0 = Debug|Any CPU
		{AA06837A-1735-46C9-ABC7-4422C6E0DE7F}.Debug|x86.ActiveCfg = Debug|Any CPU
		{AA06837A-1735-46C9-ABC7-4422C6E0DE7F}.Debug|x86.Build.0 = Debug|Any CPU
		{AA06837A-1735-46C9-ABC7-4422C6E0DE7F}.Release|Any CPU.ActiveCfg = Release|Any CPU
		{AA06837A-1735-46C9-ABC7-4422C6E0DE7F}.Release|Any CPU.Build.0 = Release|Any CPU
		{AA06837A-1735-46C9-ABC7-4422C6E0DE7F}.Release|x64.ActiveCfg = Release|Any CPU
		{AA06837A-1735-46C9-ABC7-4422C6E0DE7F}.Release|x64.Build.0 = Release|Any CPU
		{AA06837A-1735-46C9-ABC7-4422C6E0DE7F}.Release|x86.ActiveCfg = Release|Any CPU
		{AA06837A-1735-46C9-ABC7-4422C6E0DE7F}.Release|x86.Build.0 = Release|Any CPU
	EndGlobalSection
	GlobalSection(NestedProjects) = preSolution
		{4F1E0BA1-E3AE-4D52-961D-82537FFC2A25} = {665FD557-325A-48C3-8797-6F9C87C17054}
		{A4C0F5A1-438D-4A1A-B351-E63A97042912} = {665FD557-325A-48C3-8797-6F9C87C17054}
		{12F5D851-EC7F-4EBA-B338-21BBB1FCDF20} = {665FD557-325A-48C3-8797-6F9C87C17054}
		{714DC74E-0FE8-4BDC-A4E4-8E2F63EC7F72} = {CECCF5C7-80FE-43FE-BE54-03DC9F2CD56B}
		{AF7E22D6-7CB1-4A7D-A7AC-135AB58CD2D5} = {CECCF5C7-80FE-43FE-BE54-03DC9F2CD56B}
		{677E5B56-B788-4E58-A8A1-B6E24FAE5A53} = {CECCF5C7-80FE-43FE-BE54-03DC9F2CD56B}
		{AA06837A-1735-46C9-ABC7-4422C6E0DE7F} = {CECCF5C7-80FE-43FE-BE54-03DC9F2CD56B}
	EndGlobalSection
EndGlobal
