
Microsoft Visual Studio Solution File, Format Version 12.00
# Visual Studio Version 16
VisualStudioVersion = 16.6.30114.105
MinimumVisualStudioVersion = 10.0.40219.1
Project("{2150E333-8FDC-42A3-9474-1A3956D46DE8}") = "src", "src", "{A4215DCD-A7D6-4A98-9B82-9C9E2E37D7FC}"
EndProject
Project("{FAE04EC0-301F-11D3-BF4B-00C04F79EFBC}") = "Ordering.WebApi", "src\Ordering.WebApi\Ordering.WebApi.csproj", "{03D0E000-4AC3-46F3-AADD-48C059C3AE76}"
EndProject
Project("{FAE04EC0-301F-11D3-BF4B-00C04F79EFBC}") = "Ordering.Core", "src\Ordering.Core\Ordering.Core.csproj", "{8334D298-6751-4329-8F38-87DB9F101AC4}"
EndProject
Project("{FAE04EC0-301F-11D3-BF4B-00C04F79EFBC}") = "Ordering.Infrastructure", "src\Ordering.Infrastructure\Ordering.Infrastructure.csproj", "{775FDF59-31CC-4D24-81D1-11BFD7BCA6BA}"
EndProject
Project("{2150E333-8FDC-42A3-9474-1A3956D46DE8}") = "tests", "tests", "{E9F55F79-FA15-40A0-AD92-0D555005312B}"
EndProject
Project("{FAE04EC0-301F-11D3-BF4B-00C04F79EFBC}") = "Ordering.IntegrationTests", "tests\Ordering.IntegrationTests\Ordering.IntegrationTests.csproj", "{FC840D4F-B42D-4C5C-9DE9-D501A81DA75A}"
EndProject
Project("{FAE04EC0-301F-11D3-BF4B-00C04F79EFBC}") = "Ordering.FunctionalTests", "tests\Ordering.FunctionalTests\Ordering.FunctionalTests.csproj", "{0986818F-63C7-4B3B-ADC1-C36B93C000D4}"
EndProject
Project("{FAE04EC0-301F-11D3-BF4B-00C04F79EFBC}") = "Ordering.SharedTestHelpers", "tests\Ordering.SharedTestHelpers\Ordering.SharedTestHelpers.csproj", "{E7E2E65F-6E50-4E8B-810D-6729151566E3}"
EndProject
Project("{FAE04EC0-301F-11D3-BF4B-00C04F79EFBC}") = "Ordering.UnitTests", "tests\Ordering.UnitTests\Ordering.UnitTests.csproj", "{9A4694C1-2F15-467D-9C8B-5C1FC276C5D7}"
EndProject
Global
	GlobalSection(SolutionConfigurationPlatforms) = preSolution
		Debug|Any CPU = Debug|Any CPU
		Debug|x64 = Debug|x64
		Debug|x86 = Debug|x86
		Release|Any CPU = Release|Any CPU
		Release|x64 = Release|x64
		Release|x86 = Release|x86
	EndGlobalSection
	GlobalSection(SolutionProperties) = preSolution
		HideSolutionNode = FALSE
	EndGlobalSection
	GlobalSection(ProjectConfigurationPlatforms) = postSolution
		{03D0E000-4AC3-46F3-AADD-48C059C3AE76}.Debug|Any CPU.ActiveCfg = Debug|Any CPU
		{03D0E000-4AC3-46F3-AADD-48C059C3AE76}.Debug|Any CPU.Build.0 = Debug|Any CPU
		{03D0E000-4AC3-46F3-AADD-48C059C3AE76}.Debug|x64.ActiveCfg = Debug|Any CPU
		{03D0E000-4AC3-46F3-AADD-48C059C3AE76}.Debug|x64.Build.0 = Debug|Any CPU
		{03D0E000-4AC3-46F3-AADD-48C059C3AE76}.Debug|x86.ActiveCfg = Debug|Any CPU
		{03D0E000-4AC3-46F3-AADD-48C059C3AE76}.Debug|x86.Build.0 = Debug|Any CPU
		{03D0E000-4AC3-46F3-AADD-48C059C3AE76}.Release|Any CPU.ActiveCfg = Release|Any CPU
		{03D0E000-4AC3-46F3-AADD-48C059C3AE76}.Release|Any CPU.Build.0 = Release|Any CPU
		{03D0E000-4AC3-46F3-AADD-48C059C3AE76}.Release|x64.ActiveCfg = Release|Any CPU
		{03D0E000-4AC3-46F3-AADD-48C059C3AE76}.Release|x64.Build.0 = Release|Any CPU
		{03D0E000-4AC3-46F3-AADD-48C059C3AE76}.Release|x86.ActiveCfg = Release|Any CPU
		{03D0E000-4AC3-46F3-AADD-48C059C3AE76}.Release|x86.Build.0 = Release|Any CPU
		{8334D298-6751-4329-8F38-87DB9F101AC4}.Debug|Any CPU.ActiveCfg = Debug|Any CPU
		{8334D298-6751-4329-8F38-87DB9F101AC4}.Debug|Any CPU.Build.0 = Debug|Any CPU
		{8334D298-6751-4329-8F38-87DB9F101AC4}.Debug|x64.ActiveCfg = Debug|Any CPU
		{8334D298-6751-4329-8F38-87DB9F101AC4}.Debug|x64.Build.0 = Debug|Any CPU
		{8334D298-6751-4329-8F38-87DB9F101AC4}.Debug|x86.ActiveCfg = Debug|Any CPU
		{8334D298-6751-4329-8F38-87DB9F101AC4}.Debug|x86.Build.0 = Debug|Any CPU
		{8334D298-6751-4329-8F38-87DB9F101AC4}.Release|Any CPU.ActiveCfg = Release|Any CPU
		{8334D298-6751-4329-8F38-87DB9F101AC4}.Release|Any CPU.Build.0 = Release|Any CPU
		{8334D298-6751-4329-8F38-87DB9F101AC4}.Release|x64.ActiveCfg = Release|Any CPU
		{8334D298-6751-4329-8F38-87DB9F101AC4}.Release|x64.Build.0 = Release|Any CPU
		{8334D298-6751-4329-8F38-87DB9F101AC4}.Release|x86.ActiveCfg = Release|Any CPU
		{8334D298-6751-4329-8F38-87DB9F101AC4}.Release|x86.Build.0 = Release|Any CPU
		{775FDF59-31CC-4D24-81D1-11BFD7BCA6BA}.Debug|Any CPU.ActiveCfg = Debug|Any CPU
		{775FDF59-31CC-4D24-81D1-11BFD7BCA6BA}.Debug|Any CPU.Build.0 = Debug|Any CPU
		{775FDF59-31CC-4D24-81D1-11BFD7BCA6BA}.Debug|x64.ActiveCfg = Debug|Any CPU
		{775FDF59-31CC-4D24-81D1-11BFD7BCA6BA}.Debug|x64.Build.0 = Debug|Any CPU
		{775FDF59-31CC-4D24-81D1-11BFD7BCA6BA}.Debug|x86.ActiveCfg = Debug|Any CPU
		{775FDF59-31CC-4D24-81D1-11BFD7BCA6BA}.Debug|x86.Build.0 = Debug|Any CPU
		{775FDF59-31CC-4D24-81D1-11BFD7BCA6BA}.Release|Any CPU.ActiveCfg = Release|Any CPU
		{775FDF59-31CC-4D24-81D1-11BFD7BCA6BA}.Release|Any CPU.Build.0 = Release|Any CPU
		{775FDF59-31CC-4D24-81D1-11BFD7BCA6BA}.Release|x64.ActiveCfg = Release|Any CPU
		{775FDF59-31CC-4D24-81D1-11BFD7BCA6BA}.Release|x64.Build.0 = Release|Any CPU
		{775FDF59-31CC-4D24-81D1-11BFD7BCA6BA}.Release|x86.ActiveCfg = Release|Any CPU
		{775FDF59-31CC-4D24-81D1-11BFD7BCA6BA}.Release|x86.Build.0 = Release|Any CPU
		{FC840D4F-B42D-4C5C-9DE9-D501A81DA75A}.Debug|Any CPU.ActiveCfg = Debug|Any CPU
		{FC840D4F-B42D-4C5C-9DE9-D501A81DA75A}.Debug|Any CPU.Build.0 = Debug|Any CPU
		{FC840D4F-B42D-4C5C-9DE9-D501A81DA75A}.Debug|x64.ActiveCfg = Debug|Any CPU
		{FC840D4F-B42D-4C5C-9DE9-D501A81DA75A}.Debug|x64.Build.0 = Debug|Any CPU
		{FC840D4F-B42D-4C5C-9DE9-D501A81DA75A}.Debug|x86.ActiveCfg = Debug|Any CPU
		{FC840D4F-B42D-4C5C-9DE9-D501A81DA75A}.Debug|x86.Build.0 = Debug|Any CPU
		{FC840D4F-B42D-4C5C-9DE9-D501A81DA75A}.Release|Any CPU.ActiveCfg = Release|Any CPU
		{FC840D4F-B42D-4C5C-9DE9-D501A81DA75A}.Release|Any CPU.Build.0 = Release|Any CPU
		{FC840D4F-B42D-4C5C-9DE9-D501A81DA75A}.Release|x64.ActiveCfg = Release|Any CPU
		{FC840D4F-B42D-4C5C-9DE9-D501A81DA75A}.Release|x64.Build.0 = Release|Any CPU
		{FC840D4F-B42D-4C5C-9DE9-D501A81DA75A}.Release|x86.ActiveCfg = Release|Any CPU
		{FC840D4F-B42D-4C5C-9DE9-D501A81DA75A}.Release|x86.Build.0 = Release|Any CPU
		{0986818F-63C7-4B3B-ADC1-C36B93C000D4}.Debug|Any CPU.ActiveCfg = Debug|Any CPU
		{0986818F-63C7-4B3B-ADC1-C36B93C000D4}.Debug|Any CPU.Build.0 = Debug|Any CPU
		{0986818F-63C7-4B3B-ADC1-C36B93C000D4}.Debug|x64.ActiveCfg = Debug|Any CPU
		{0986818F-63C7-4B3B-ADC1-C36B93C000D4}.Debug|x64.Build.0 = Debug|Any CPU
		{0986818F-63C7-4B3B-ADC1-C36B93C000D4}.Debug|x86.ActiveCfg = Debug|Any CPU
		{0986818F-63C7-4B3B-ADC1-C36B93C000D4}.Debug|x86.Build.0 = Debug|Any CPU
		{0986818F-63C7-4B3B-ADC1-C36B93C000D4}.Release|Any CPU.ActiveCfg = Release|Any CPU
		{0986818F-63C7-4B3B-ADC1-C36B93C000D4}.Release|Any CPU.Build.0 = Release|Any CPU
		{0986818F-63C7-4B3B-ADC1-C36B93C000D4}.Release|x64.ActiveCfg = Release|Any CPU
		{0986818F-63C7-4B3B-ADC1-C36B93C000D4}.Release|x64.Build.0 = Release|Any CPU
		{0986818F-63C7-4B3B-ADC1-C36B93C000D4}.Release|x86.ActiveCfg = Release|Any CPU
		{0986818F-63C7-4B3B-ADC1-C36B93C000D4}.Release|x86.Build.0 = Release|Any CPU
		{E7E2E65F-6E50-4E8B-810D-6729151566E3}.Debug|Any CPU.ActiveCfg = Debug|Any CPU
		{E7E2E65F-6E50-4E8B-810D-6729151566E3}.Debug|Any CPU.Build.0 = Debug|Any CPU
		{E7E2E65F-6E50-4E8B-810D-6729151566E3}.Debug|x64.ActiveCfg = Debug|Any CPU
		{E7E2E65F-6E50-4E8B-810D-6729151566E3}.Debug|x64.Build.0 = Debug|Any CPU
		{E7E2E65F-6E50-4E8B-810D-6729151566E3}.Debug|x86.ActiveCfg = Debug|Any CPU
		{E7E2E65F-6E50-4E8B-810D-6729151566E3}.Debug|x86.Build.0 = Debug|Any CPU
		{E7E2E65F-6E50-4E8B-810D-6729151566E3}.Release|Any CPU.ActiveCfg = Release|Any CPU
		{E7E2E65F-6E50-4E8B-810D-6729151566E3}.Release|Any CPU.Build.0 = Release|Any CPU
		{E7E2E65F-6E50-4E8B-810D-6729151566E3}.Release|x64.ActiveCfg = Release|Any CPU
		{E7E2E65F-6E50-4E8B-810D-6729151566E3}.Release|x64.Build.0 = Release|Any CPU
		{E7E2E65F-6E50-4E8B-810D-6729151566E3}.Release|x86.ActiveCfg = Release|Any CPU
		{E7E2E65F-6E50-4E8B-810D-6729151566E3}.Release|x86.Build.0 = Release|Any CPU
		{9A4694C1-2F15-467D-9C8B-5C1FC276C5D7}.Debug|Any CPU.ActiveCfg = Debug|Any CPU
		{9A4694C1-2F15-467D-9C8B-5C1FC276C5D7}.Debug|Any CPU.Build.0 = Debug|Any CPU
		{9A4694C1-2F15-467D-9C8B-5C1FC276C5D7}.Debug|x64.ActiveCfg = Debug|Any CPU
		{9A4694C1-2F15-467D-9C8B-5C1FC276C5D7}.Debug|x64.Build.0 = Debug|Any CPU
		{9A4694C1-2F15-467D-9C8B-5C1FC276C5D7}.Debug|x86.ActiveCfg = Debug|Any CPU
		{9A4694C1-2F15-467D-9C8B-5C1FC276C5D7}.Debug|x86.Build.0 = Debug|Any CPU
		{9A4694C1-2F15-467D-9C8B-5C1FC276C5D7}.Release|Any CPU.ActiveCfg = Release|Any CPU
		{9A4694C1-2F15-467D-9C8B-5C1FC276C5D7}.Release|Any CPU.Build.0 = Release|Any CPU
		{9A4694C1-2F15-467D-9C8B-5C1FC276C5D7}.Release|x64.ActiveCfg = Release|Any CPU
		{9A4694C1-2F15-467D-9C8B-5C1FC276C5D7}.Release|x64.Build.0 = Release|Any CPU
		{9A4694C1-2F15-467D-9C8B-5C1FC276C5D7}.Release|x86.ActiveCfg = Release|Any CPU
		{9A4694C1-2F15-467D-9C8B-5C1FC276C5D7}.Release|x86.Build.0 = Release|Any CPU
	EndGlobalSection
	GlobalSection(NestedProjects) = preSolution
		{03D0E000-4AC3-46F3-AADD-48C059C3AE76} = {A4215DCD-A7D6-4A98-9B82-9C9E2E37D7FC}
		{8334D298-6751-4329-8F38-87DB9F101AC4} = {A4215DCD-A7D6-4A98-9B82-9C9E2E37D7FC}
		{775FDF59-31CC-4D24-81D1-11BFD7BCA6BA} = {A4215DCD-A7D6-4A98-9B82-9C9E2E37D7FC}
		{FC840D4F-B42D-4C5C-9DE9-D501A81DA75A} = {E9F55F79-FA15-40A0-AD92-0D555005312B}
		{0986818F-63C7-4B3B-ADC1-C36B93C000D4} = {E9F55F79-FA15-40A0-AD92-0D555005312B}
		{E7E2E65F-6E50-4E8B-810D-6729151566E3} = {E9F55F79-FA15-40A0-AD92-0D555005312B}
		{9A4694C1-2F15-467D-9C8B-5C1FC276C5D7} = {E9F55F79-FA15-40A0-AD92-0D555005312B}
	EndGlobalSection
EndGlobal
