
Microsoft Visual Studio Solution File, Format Version 12.00
# Visual Studio 15
VisualStudioVersion = 15.0.26124.0
MinimumVisualStudioVersion = 15.0.26124.0
Project("{2150E333-8FDC-42A3-9474-1A3956D46DE8}") = "src", "src", "{F10DB09D-78DE-406B-80EE-F0C108EA2ED0}"
EndProject
Project("{2150E333-8FDC-42A3-9474-1A3956D46DE8}") = "services", "services", "{668E684C-3C56-4CBA-B119-6F3EB7E2DC4F}"
EndProject
Project("{2150E333-8FDC-42A3-9474-1A3956D46DE8}") = "Recipes", "Recipes", "{FFE12B71-7CA9-4604-A442-9ED69D4D243C}"
EndProject
Project("{FAE04EC0-301F-11D3-BF4B-00C04F79EFBC}") = "WebApi", "services\Recipes\WebApi\WebApi.csproj", "{C49A1C55-D05F-407F-AE5E-20B0CA7FA0C3}"
EndProject
Project("{FAE04EC0-301F-11D3-BF4B-00C04F79EFBC}") = "Domain", "services\Recipes\Domain\Domain.csproj", "{CFC37714-E71F-4B86-A305-708A2E2B48F7}"
EndProject
Project("{FAE04EC0-301F-11D3-BF4B-00C04F79EFBC}") = "Application", "services\Recipes\Application\Application.csproj", "{1F3FF6E9-5BEE-4821-91BB-0DDAE99F9B5E}"
EndProject
Project("{FAE04EC0-301F-11D3-BF4B-00C04F79EFBC}") = "Infrastructure.Persistence", "services\Recipes\Infrastructure.Persistence\Infrastructure.Persistence.csproj", "{265B3D5F-5064-4A9E-B0D1-2700860AA52D}"
EndProject
Project("{FAE04EC0-301F-11D3-BF4B-00C04F79EFBC}") = "Infrastructure.Shared", "services\Recipes\Infrastructure.Shared\Infrastructure.Shared.csproj", "{47CC2CFF-4E40-4087-941B-24C28E26BD64}"
EndProject
Project("{FAE04EC0-301F-11D3-BF4B-00C04F79EFBC}") = "Recipes.Tests", "services\Recipes\Recipes.Tests\Recipes.Tests.csproj", "{DDFB11D6-EEAB-44AB-9249-AEB421DE94F4}"
EndProject
Project("{FAE04EC0-301F-11D3-BF4B-00C04F79EFBC}") = "Infrastructure.Identity", "services\Recipes\Infrastructure.Identity\Infrastructure.Identity.csproj", "{67CD11DB-2CBC-48C8-8607-19035FEDFACA}"
EndProject
Project("{2150E333-8FDC-42A3-9474-1A3956D46DE8}") = "gateways", "gateways", "{9FA20C1D-3C43-45DD-A366-87E85B5B480B}"
EndProject
Project("{FAE04EC0-301F-11D3-BF4B-00C04F79EFBC}") = "CarbonGateway", "gateways\CarbonGateway\CarbonGateway.csproj", "{66B67AE4-1078-46CA-A537-8B43AA20BE87}"
EndProject
Global
	GlobalSection(SolutionConfigurationPlatforms) = preSolution
		Debug|Any CPU = Debug|Any CPU
		Debug|x64 = Debug|x64
		Debug|x86 = Debug|x86
		Release|Any CPU = Release|Any CPU
		Release|x64 = Release|x64
		Release|x86 = Release|x86
	EndGlobalSection
	GlobalSection(SolutionProperties) = preSolution
		HideSolutionNode = FALSE
	EndGlobalSection
	GlobalSection(ProjectConfigurationPlatforms) = postSolution
		{C49A1C55-D05F-407F-AE5E-20B0CA7FA0C3}.Debug|Any CPU.ActiveCfg = Debug|Any CPU
		{C49A1C55-D05F-407F-AE5E-20B0CA7FA0C3}.Debug|Any CPU.Build.0 = Debug|Any CPU
		{C49A1C55-D05F-407F-AE5E-20B0CA7FA0C3}.Debug|x64.ActiveCfg = Debug|Any CPU
		{C49A1C55-D05F-407F-AE5E-20B0CA7FA0C3}.Debug|x64.Build.0 = Debug|Any CPU
		{C49A1C55-D05F-407F-AE5E-20B0CA7FA0C3}.Debug|x86.ActiveCfg = Debug|Any CPU
		{C49A1C55-D05F-407F-AE5E-20B0CA7FA0C3}.Debug|x86.Build.0 = Debug|Any CPU
		{C49A1C55-D05F-407F-AE5E-20B0CA7FA0C3}.Release|Any CPU.ActiveCfg = Release|Any CPU
		{C49A1C55-D05F-407F-AE5E-20B0CA7FA0C3}.Release|Any CPU.Build.0 = Release|Any CPU
		{C49A1C55-D05F-407F-AE5E-20B0CA7FA0C3}.Release|x64.ActiveCfg = Release|Any CPU
		{C49A1C55-D05F-407F-AE5E-20B0CA7FA0C3}.Release|x64.Build.0 = Release|Any CPU
		{C49A1C55-D05F-407F-AE5E-20B0CA7FA0C3}.Release|x86.ActiveCfg = Release|Any CPU
		{C49A1C55-D05F-407F-AE5E-20B0CA7FA0C3}.Release|x86.Build.0 = Release|Any CPU
		{CFC37714-E71F-4B86-A305-708A2E2B48F7}.Debug|Any CPU.ActiveCfg = Debug|Any CPU
		{CFC37714-E71F-4B86-A305-708A2E2B48F7}.Debug|Any CPU.Build.0 = Debug|Any CPU
		{CFC37714-E71F-4B86-A305-708A2E2B48F7}.Debug|x64.ActiveCfg = Debug|Any CPU
		{CFC37714-E71F-4B86-A305-708A2E2B48F7}.Debug|x64.Build.0 = Debug|Any CPU
		{CFC37714-E71F-4B86-A305-708A2E2B48F7}.Debug|x86.ActiveCfg = Debug|Any CPU
		{CFC37714-E71F-4B86-A305-708A2E2B48F7}.Debug|x86.Build.0 = Debug|Any CPU
		{CFC37714-E71F-4B86-A305-708A2E2B48F7}.Release|Any CPU.ActiveCfg = Release|Any CPU
		{CFC37714-E71F-4B86-A305-708A2E2B48F7}.Release|Any CPU.Build.0 = Release|Any CPU
		{CFC37714-E71F-4B86-A305-708A2E2B48F7}.Release|x64.ActiveCfg = Release|Any CPU
		{CFC37714-E71F-4B86-A305-708A2E2B48F7}.Release|x64.Build.0 = Release|Any CPU
		{CFC37714-E71F-4B86-A305-708A2E2B48F7}.Release|x86.ActiveCfg = Release|Any CPU
		{CFC37714-E71F-4B86-A305-708A2E2B48F7}.Release|x86.Build.0 = Release|Any CPU
		{1F3FF6E9-5BEE-4821-91BB-0DDAE99F9B5E}.Debug|Any CPU.ActiveCfg = Debug|Any CPU
		{1F3FF6E9-5BEE-4821-91BB-0DDAE99F9B5E}.Debug|Any CPU.Build.0 = Debug|Any CPU
		{1F3FF6E9-5BEE-4821-91BB-0DDAE99F9B5E}.Debug|x64.ActiveCfg = Debug|Any CPU
		{1F3FF6E9-5BEE-4821-91BB-0DDAE99F9B5E}.Debug|x64.Build.0 = Debug|Any CPU
		{1F3FF6E9-5BEE-4821-91BB-0DDAE99F9B5E}.Debug|x86.ActiveCfg = Debug|Any CPU
		{1F3FF6E9-5BEE-4821-91BB-0DDAE99F9B5E}.Debug|x86.Build.0 = Debug|Any CPU
		{1F3FF6E9-5BEE-4821-91BB-0DDAE99F9B5E}.Release|Any CPU.ActiveCfg = Release|Any CPU
		{1F3FF6E9-5BEE-4821-91BB-0DDAE99F9B5E}.Release|Any CPU.Build.0 = Release|Any CPU
		{1F3FF6E9-5BEE-4821-91BB-0DDAE99F9B5E}.Release|x64.ActiveCfg = Release|Any CPU
		{1F3FF6E9-5BEE-4821-91BB-0DDAE99F9B5E}.Release|x64.Build.0 = Release|Any CPU
		{1F3FF6E9-5BEE-4821-91BB-0DDAE99F9B5E}.Release|x86.ActiveCfg = Release|Any CPU
		{1F3FF6E9-5BEE-4821-91BB-0DDAE99F9B5E}.Release|x86.Build.0 = Release|Any CPU
		{265B3D5F-5064-4A9E-B0D1-2700860AA52D}.Debug|Any CPU.ActiveCfg = Debug|Any CPU
		{265B3D5F-5064-4A9E-B0D1-2700860AA52D}.Debug|Any CPU.Build.0 = Debug|Any CPU
		{265B3D5F-5064-4A9E-B0D1-2700860AA52D}.Debug|x64.ActiveCfg = Debug|Any CPU
		{265B3D5F-5064-4A9E-B0D1-2700860AA52D}.Debug|x64.Build.0 = Debug|Any CPU
		{265B3D5F-5064-4A9E-B0D1-2700860AA52D}.Debug|x86.ActiveCfg = Debug|Any CPU
		{265B3D5F-5064-4A9E-B0D1-2700860AA52D}.Debug|x86.Build.0 = Debug|Any CPU
		{265B3D5F-5064-4A9E-B0D1-2700860AA52D}.Release|Any CPU.ActiveCfg = Release|Any CPU
		{265B3D5F-5064-4A9E-B0D1-2700860AA52D}.Release|Any CPU.Build.0 = Release|Any CPU
		{265B3D5F-5064-4A9E-B0D1-2700860AA52D}.Release|x64.ActiveCfg = Release|Any CPU
		{265B3D5F-5064-4A9E-B0D1-2700860AA52D}.Release|x64.Build.0 = Release|Any CPU
		{265B3D5F-5064-4A9E-B0D1-2700860AA52D}.Release|x86.ActiveCfg = Release|Any CPU
		{265B3D5F-5064-4A9E-B0D1-2700860AA52D}.Release|x86.Build.0 = Release|Any CPU
		{47CC2CFF-4E40-4087-941B-24C28E26BD64}.Debug|Any CPU.ActiveCfg = Debug|Any CPU
		{47CC2CFF-4E40-4087-941B-24C28E26BD64}.Debug|Any CPU.Build.0 = Debug|Any CPU
		{47CC2CFF-4E40-4087-941B-24C28E26BD64}.Debug|x64.ActiveCfg = Debug|Any CPU
		{47CC2CFF-4E40-4087-941B-24C28E26BD64}.Debug|x64.Build.0 = Debug|Any CPU
		{47CC2CFF-4E40-4087-941B-24C28E26BD64}.Debug|x86.ActiveCfg = Debug|Any CPU
		{47CC2CFF-4E40-4087-941B-24C28E26BD64}.Debug|x86.Build.0 = Debug|Any CPU
		{47CC2CFF-4E40-4087-941B-24C28E26BD64}.Release|Any CPU.ActiveCfg = Release|Any CPU
		{47CC2CFF-4E40-4087-941B-24C28E26BD64}.Release|Any CPU.Build.0 = Release|Any CPU
		{47CC2CFF-4E40-4087-941B-24C28E26BD64}.Release|x64.ActiveCfg = Release|Any CPU
		{47CC2CFF-4E40-4087-941B-24C28E26BD64}.Release|x64.Build.0 = Release|Any CPU
		{47CC2CFF-4E40-4087-941B-24C28E26BD64}.Release|x86.ActiveCfg = Release|Any CPU
		{47CC2CFF-4E40-4087-941B-24C28E26BD64}.Release|x86.Build.0 = Release|Any CPU
		{DDFB11D6-EEAB-44AB-9249-AEB421DE94F4}.Debug|Any CPU.ActiveCfg = Debug|Any CPU
		{DDFB11D6-EEAB-44AB-9249-AEB421DE94F4}.Debug|Any CPU.Build.0 = Debug|Any CPU
		{DDFB11D6-EEAB-44AB-9249-AEB421DE94F4}.Debug|x64.ActiveCfg = Debug|Any CPU
		{DDFB11D6-EEAB-44AB-9249-AEB421DE94F4}.Debug|x64.Build.0 = Debug|Any CPU
		{DDFB11D6-EEAB-44AB-9249-AEB421DE94F4}.Debug|x86.ActiveCfg = Debug|Any CPU
		{DDFB11D6-EEAB-44AB-9249-AEB421DE94F4}.Debug|x86.Build.0 = Debug|Any CPU
		{DDFB11D6-EEAB-44AB-9249-AEB421DE94F4}.Release|Any CPU.ActiveCfg = Release|Any CPU
		{DDFB11D6-EEAB-44AB-9249-AEB421DE94F4}.Release|Any CPU.Build.0 = Release|Any CPU
		{DDFB11D6-EEAB-44AB-9249-AEB421DE94F4}.Release|x64.ActiveCfg = Release|Any CPU
		{DDFB11D6-EEAB-44AB-9249-AEB421DE94F4}.Release|x64.Build.0 = Release|Any CPU
		{DDFB11D6-EEAB-44AB-9249-AEB421DE94F4}.Release|x86.ActiveCfg = Release|Any CPU
		{DDFB11D6-EEAB-44AB-9249-AEB421DE94F4}.Release|x86.Build.0 = Release|Any CPU
		{67CD11DB-2CBC-48C8-8607-19035FEDFACA}.Debug|Any CPU.ActiveCfg = Debug|Any CPU
		{67CD11DB-2CBC-48C8-8607-19035FEDFACA}.Debug|Any CPU.Build.0 = Debug|Any CPU
		{67CD11DB-2CBC-48C8-8607-19035FEDFACA}.Debug|x64.ActiveCfg = Debug|Any CPU
		{67CD11DB-2CBC-48C8-8607-19035FEDFACA}.Debug|x64.Build.0 = Debug|Any CPU
		{67CD11DB-2CBC-48C8-8607-19035FEDFACA}.Debug|x86.ActiveCfg = Debug|Any CPU
		{67CD11DB-2CBC-48C8-8607-19035FEDFACA}.Debug|x86.Build.0 = Debug|Any CPU
		{67CD11DB-2CBC-48C8-8607-19035FEDFACA}.Release|Any CPU.ActiveCfg = Release|Any CPU
		{67CD11DB-2CBC-48C8-8607-19035FEDFACA}.Release|Any CPU.Build.0 = Release|Any CPU
		{67CD11DB-2CBC-48C8-8607-19035FEDFACA}.Release|x64.ActiveCfg = Release|Any CPU
		{67CD11DB-2CBC-48C8-8607-19035FEDFACA}.Release|x64.Build.0 = Release|Any CPU
		{67CD11DB-2CBC-48C8-8607-19035FEDFACA}.Release|x86.ActiveCfg = Release|Any CPU
		{67CD11DB-2CBC-48C8-8607-19035FEDFACA}.Release|x86.Build.0 = Release|Any CPU
		{66B67AE4-1078-46CA-A537-8B43AA20BE87}.Debug|Any CPU.ActiveCfg = Debug|Any CPU
		{66B67AE4-1078-46CA-A537-8B43AA20BE87}.Debug|Any CPU.Build.0 = Debug|Any CPU
		{66B67AE4-1078-46CA-A537-8B43AA20BE87}.Debug|x64.ActiveCfg = Debug|Any CPU
		{66B67AE4-1078-46CA-A537-8B43AA20BE87}.Debug|x64.Build.0 = Debug|Any CPU
		{66B67AE4-1078-46CA-A537-8B43AA20BE87}.Debug|x86.ActiveCfg = Debug|Any CPU
		{66B67AE4-1078-46CA-A537-8B43AA20BE87}.Debug|x86.Build.0 = Debug|Any CPU
		{66B67AE4-1078-46CA-A537-8B43AA20BE87}.Release|Any CPU.ActiveCfg = Release|Any CPU
		{66B67AE4-1078-46CA-A537-8B43AA20BE87}.Release|Any CPU.Build.0 = Release|Any CPU
		{66B67AE4-1078-46CA-A537-8B43AA20BE87}.Release|x64.ActiveCfg = Release|Any CPU
		{66B67AE4-1078-46CA-A537-8B43AA20BE87}.Release|x64.Build.0 = Release|Any CPU
		{66B67AE4-1078-46CA-A537-8B43AA20BE87}.Release|x86.ActiveCfg = Release|Any CPU
		{66B67AE4-1078-46CA-A537-8B43AA20BE87}.Release|x86.Build.0 = Release|Any CPU
	EndGlobalSection
	GlobalSection(NestedProjects) = preSolution
		{668E684C-3C56-4CBA-B119-6F3EB7E2DC4F} = {F10DB09D-78DE-406B-80EE-F0C108EA2ED0}
		{FFE12B71-7CA9-4604-A442-9ED69D4D243C} = {668E684C-3C56-4CBA-B119-6F3EB7E2DC4F}
		{C49A1C55-D05F-407F-AE5E-20B0CA7FA0C3} = {FFE12B71-7CA9-4604-A442-9ED69D4D243C}
		{CFC37714-E71F-4B86-A305-708A2E2B48F7} = {FFE12B71-7CA9-4604-A442-9ED69D4D243C}
		{1F3FF6E9-5BEE-4821-91BB-0DDAE99F9B5E} = {FFE12B71-7CA9-4604-A442-9ED69D4D243C}
		{265B3D5F-5064-4A9E-B0D1-2700860AA52D} = {FFE12B71-7CA9-4604-A442-9ED69D4D243C}
		{47CC2CFF-4E40-4087-941B-24C28E26BD64} = {FFE12B71-7CA9-4604-A442-9ED69D4D243C}
		{DDFB11D6-EEAB-44AB-9249-AEB421DE94F4} = {FFE12B71-7CA9-4604-A442-9ED69D4D243C}
		{67CD11DB-2CBC-48C8-8607-19035FEDFACA} = {FFE12B71-7CA9-4604-A442-9ED69D4D243C}
		{9FA20C1D-3C43-45DD-A366-87E85B5B480B} = {F10DB09D-78DE-406B-80EE-F0C108EA2ED0}
		{66B67AE4-1078-46CA-A537-8B43AA20BE87} = {9FA20C1D-3C43-45DD-A366-87E85B5B480B}
	EndGlobalSection
EndGlobal
