
Microsoft Visual Studio Solution File, Format Version 12.00
# Visual Studio 15
VisualStudioVersion = 15.0.26124.0
MinimumVisualStudioVersion = 15.0.26124.0
Project("{2150E333-8FDC-42A3-9474-1A3956D46DE8}") = "Api", "Api", "{6A44EA28-BDE4-4668-B2EA-B1C5904D2334}"
EndProject
Project("{FAE04EC0-301F-11D3-BF4B-00C04F79EFBC}") = "WebApi", "WebApi\WebApi.csproj", "{8358BC94-01C8-4F7E-AA1D-DAEE8E71967B}"
EndProject
Project("{2150E333-8FDC-42A3-9474-1A3956D46DE8}") = "Core", "Core", "{E631681D-CA1E-4CEA-AEA0-A2F8CD9FBE72}"
EndProject
Project("{FAE04EC0-301F-11D3-BF4B-00C04F79EFBC}") = "Domain", "Domain\Domain.csproj", "{5B90FA62-2F1C-40A0-AC26-A706033E1CBF}"
EndProject
Project("{FAE04EC0-301F-11D3-BF4B-00C04F79EFBC}") = "Application", "Application\Application.csproj", "{658EE659-FC9F-49FF-9F5A-19119F2038FE}"
EndProject
Project("{2150E333-8FDC-42A3-9474-1A3956D46DE8}") = "Infrastructure", "Infrastructure", "{340B3A4D-CEEB-47E4-9B2C-B0468BA3A2FD}"
EndProject
Project("{FAE04EC0-301F-11D3-BF4B-00C04F79EFBC}") = "Infrastructure.Persistence", "Infrastructure.Persistence\Infrastructure.Persistence.csproj", "{D2AE6BBE-B4B3-4B8E-AC23-D1D96AD773AF}"
EndProject
Project("{FAE04EC0-301F-11D3-BF4B-00C04F79EFBC}") = "Infrastructure.Shared", "Infrastructure.Shared\Infrastructure.Shared.csproj", "{1F0E1727-F231-4FB6-8E75-5D13B044D033}"
EndProject
Project("{2150E333-8FDC-42A3-9474-1A3956D46DE8}") = "Tests", "Tests", "{EEA6F4CB-58F8-43E8-B520-0B6BC95240AD}"
EndProject
Project("{FAE04EC0-301F-11D3-BF4B-00C04F79EFBC}") = "CarbonKitchen.Api.Tests", "CarbonKitchen.Api.Tests\CarbonKitchen.Api.Tests.csproj", "{E50F6EE0-EEFA-4A04-A400-840097CF399E}"
EndProject
Project("{FAE04EC0-301F-11D3-BF4B-00C04F79EFBC}") = "Infrastructure.Identity", "Infrastructure.Identity\Infrastructure.Identity.csproj", "{D78F6727-3C2D-49F7-8E4A-4ACE028458B9}"
EndProject
Global
	GlobalSection(SolutionConfigurationPlatforms) = preSolution
		Debug|Any CPU = Debug|Any CPU
		Debug|x64 = Debug|x64
		Debug|x86 = Debug|x86
		Release|Any CPU = Release|Any CPU
		Release|x64 = Release|x64
		Release|x86 = Release|x86
	EndGlobalSection
	GlobalSection(SolutionProperties) = preSolution
		HideSolutionNode = FALSE
	EndGlobalSection
	GlobalSection(ProjectConfigurationPlatforms) = postSolution
		{8358BC94-01C8-4F7E-AA1D-DAEE8E71967B}.Debug|Any CPU.ActiveCfg = Debug|Any CPU
		{8358BC94-01C8-4F7E-AA1D-DAEE8E71967B}.Debug|Any CPU.Build.0 = Debug|Any CPU
		{8358BC94-01C8-4F7E-AA1D-DAEE8E71967B}.Debug|x64.ActiveCfg = Debug|Any CPU
		{8358BC94-01C8-4F7E-AA1D-DAEE8E71967B}.Debug|x64.Build.0 = Debug|Any CPU
		{8358BC94-01C8-4F7E-AA1D-DAEE8E71967B}.Debug|x86.ActiveCfg = Debug|Any CPU
		{8358BC94-01C8-4F7E-AA1D-DAEE8E71967B}.Debug|x86.Build.0 = Debug|Any CPU
		{8358BC94-01C8-4F7E-AA1D-DAEE8E71967B}.Release|Any CPU.ActiveCfg = Release|Any CPU
		{8358BC94-01C8-4F7E-AA1D-DAEE8E71967B}.Release|Any CPU.Build.0 = Release|Any CPU
		{8358BC94-01C8-4F7E-AA1D-DAEE8E71967B}.Release|x64.ActiveCfg = Release|Any CPU
		{8358BC94-01C8-4F7E-AA1D-DAEE8E71967B}.Release|x64.Build.0 = Release|Any CPU
		{8358BC94-01C8-4F7E-AA1D-DAEE8E71967B}.Release|x86.ActiveCfg = Release|Any CPU
		{8358BC94-01C8-4F7E-AA1D-DAEE8E71967B}.Release|x86.Build.0 = Release|Any CPU
		{5B90FA62-2F1C-40A0-AC26-A706033E1CBF}.Debug|Any CPU.ActiveCfg = Debug|Any CPU
		{5B90FA62-2F1C-40A0-AC26-A706033E1CBF}.Debug|Any CPU.Build.0 = Debug|Any CPU
		{5B90FA62-2F1C-40A0-AC26-A706033E1CBF}.Debug|x64.ActiveCfg = Debug|Any CPU
		{5B90FA62-2F1C-40A0-AC26-A706033E1CBF}.Debug|x64.Build.0 = Debug|Any CPU
		{5B90FA62-2F1C-40A0-AC26-A706033E1CBF}.Debug|x86.ActiveCfg = Debug|Any CPU
		{5B90FA62-2F1C-40A0-AC26-A706033E1CBF}.Debug|x86.Build.0 = Debug|Any CPU
		{5B90FA62-2F1C-40A0-AC26-A706033E1CBF}.Release|Any CPU.ActiveCfg = Release|Any CPU
		{5B90FA62-2F1C-40A0-AC26-A706033E1CBF}.Release|Any CPU.Build.0 = Release|Any CPU
		{5B90FA62-2F1C-40A0-AC26-A706033E1CBF}.Release|x64.ActiveCfg = Release|Any CPU
		{5B90FA62-2F1C-40A0-AC26-A706033E1CBF}.Release|x64.Build.0 = Release|Any CPU
		{5B90FA62-2F1C-40A0-AC26-A706033E1CBF}.Release|x86.ActiveCfg = Release|Any CPU
		{5B90FA62-2F1C-40A0-AC26-A706033E1CBF}.Release|x86.Build.0 = Release|Any CPU
		{658EE659-FC9F-49FF-9F5A-19119F2038FE}.Debug|Any CPU.ActiveCfg = Debug|Any CPU
		{658EE659-FC9F-49FF-9F5A-19119F2038FE}.Debug|Any CPU.Build.0 = Debug|Any CPU
		{658EE659-FC9F-49FF-9F5A-19119F2038FE}.Debug|x64.ActiveCfg = Debug|Any CPU
		{658EE659-FC9F-49FF-9F5A-19119F2038FE}.Debug|x64.Build.0 = Debug|Any CPU
		{658EE659-FC9F-49FF-9F5A-19119F2038FE}.Debug|x86.ActiveCfg = Debug|Any CPU
		{658EE659-FC9F-49FF-9F5A-19119F2038FE}.Debug|x86.Build.0 = Debug|Any CPU
		{658EE659-FC9F-49FF-9F5A-19119F2038FE}.Release|Any CPU.ActiveCfg = Release|Any CPU
		{658EE659-FC9F-49FF-9F5A-19119F2038FE}.Release|Any CPU.Build.0 = Release|Any CPU
		{658EE659-FC9F-49FF-9F5A-19119F2038FE}.Release|x64.ActiveCfg = Release|Any CPU
		{658EE659-FC9F-49FF-9F5A-19119F2038FE}.Release|x64.Build.0 = Release|Any CPU
		{658EE659-FC9F-49FF-9F5A-19119F2038FE}.Release|x86.ActiveCfg = Release|Any CPU
		{658EE659-FC9F-49FF-9F5A-19119F2038FE}.Release|x86.Build.0 = Release|Any CPU
		{D2AE6BBE-B4B3-4B8E-AC23-D1D96AD773AF}.Debug|Any CPU.ActiveCfg = Debug|Any CPU
		{D2AE6BBE-B4B3-4B8E-AC23-D1D96AD773AF}.Debug|Any CPU.Build.0 = Debug|Any CPU
		{D2AE6BBE-B4B3-4B8E-AC23-D1D96AD773AF}.Debug|x64.ActiveCfg = Debug|Any CPU
		{D2AE6BBE-B4B3-4B8E-AC23-D1D96AD773AF}.Debug|x64.Build.0 = Debug|Any CPU
		{D2AE6BBE-B4B3-4B8E-AC23-D1D96AD773AF}.Debug|x86.ActiveCfg = Debug|Any CPU
		{D2AE6BBE-B4B3-4B8E-AC23-D1D96AD773AF}.Debug|x86.Build.0 = Debug|Any CPU
		{D2AE6BBE-B4B3-4B8E-AC23-D1D96AD773AF}.Release|Any CPU.ActiveCfg = Release|Any CPU
		{D2AE6BBE-B4B3-4B8E-AC23-D1D96AD773AF}.Release|Any CPU.Build.0 = Release|Any CPU
		{D2AE6BBE-B4B3-4B8E-AC23-D1D96AD773AF}.Release|x64.ActiveCfg = Release|Any CPU
		{D2AE6BBE-B4B3-4B8E-AC23-D1D96AD773AF}.Release|x64.Build.0 = Release|Any CPU
		{D2AE6BBE-B4B3-4B8E-AC23-D1D96AD773AF}.Release|x86.ActiveCfg = Release|Any CPU
		{D2AE6BBE-B4B3-4B8E-AC23-D1D96AD773AF}.Release|x86.Build.0 = Release|Any CPU
		{1F0E1727-F231-4FB6-8E75-5D13B044D033}.Debug|Any CPU.ActiveCfg = Debug|Any CPU
		{1F0E1727-F231-4FB6-8E75-5D13B044D033}.Debug|Any CPU.Build.0 = Debug|Any CPU
		{1F0E1727-F231-4FB6-8E75-5D13B044D033}.Debug|x64.ActiveCfg = Debug|Any CPU
		{1F0E1727-F231-4FB6-8E75-5D13B044D033}.Debug|x64.Build.0 = Debug|Any CPU
		{1F0E1727-F231-4FB6-8E75-5D13B044D033}.Debug|x86.ActiveCfg = Debug|Any CPU
		{1F0E1727-F231-4FB6-8E75-5D13B044D033}.Debug|x86.Build.0 = Debug|Any CPU
		{1F0E1727-F231-4FB6-8E75-5D13B044D033}.Release|Any CPU.ActiveCfg = Release|Any CPU
		{1F0E1727-F231-4FB6-8E75-5D13B044D033}.Release|Any CPU.Build.0 = Release|Any CPU
		{1F0E1727-F231-4FB6-8E75-5D13B044D033}.Release|x64.ActiveCfg = Release|Any CPU
		{1F0E1727-F231-4FB6-8E75-5D13B044D033}.Release|x64.Build.0 = Release|Any CPU
		{1F0E1727-F231-4FB6-8E75-5D13B044D033}.Release|x86.ActiveCfg = Release|Any CPU
		{1F0E1727-F231-4FB6-8E75-5D13B044D033}.Release|x86.Build.0 = Release|Any CPU
		{E50F6EE0-EEFA-4A04-A400-840097CF399E}.Debug|Any CPU.ActiveCfg = Debug|Any CPU
		{E50F6EE0-EEFA-4A04-A400-840097CF399E}.Debug|Any CPU.Build.0 = Debug|Any CPU
		{E50F6EE0-EEFA-4A04-A400-840097CF399E}.Debug|x64.ActiveCfg = Debug|Any CPU
		{E50F6EE0-EEFA-4A04-A400-840097CF399E}.Debug|x64.Build.0 = Debug|Any CPU
		{E50F6EE0-EEFA-4A04-A400-840097CF399E}.Debug|x86.ActiveCfg = Debug|Any CPU
		{E50F6EE0-EEFA-4A04-A400-840097CF399E}.Debug|x86.Build.0 = Debug|Any CPU
		{E50F6EE0-EEFA-4A04-A400-840097CF399E}.Release|Any CPU.ActiveCfg = Release|Any CPU
		{E50F6EE0-EEFA-4A04-A400-840097CF399E}.Release|Any CPU.Build.0 = Release|Any CPU
		{E50F6EE0-EEFA-4A04-A400-840097CF399E}.Release|x64.ActiveCfg = Release|Any CPU
		{E50F6EE0-EEFA-4A04-A400-840097CF399E}.Release|x64.Build.0 = Release|Any CPU
		{E50F6EE0-EEFA-4A04-A400-840097CF399E}.Release|x86.ActiveCfg = Release|Any CPU
		{E50F6EE0-EEFA-4A04-A400-840097CF399E}.Release|x86.Build.0 = Release|Any CPU
		{D78F6727-3C2D-49F7-8E4A-4ACE028458B9}.Debug|Any CPU.ActiveCfg = Debug|Any CPU
		{D78F6727-3C2D-49F7-8E4A-4ACE028458B9}.Debug|Any CPU.Build.0 = Debug|Any CPU
		{D78F6727-3C2D-49F7-8E4A-4ACE028458B9}.Debug|x64.ActiveCfg = Debug|Any CPU
		{D78F6727-3C2D-49F7-8E4A-4ACE028458B9}.Debug|x64.Build.0 = Debug|Any CPU
		{D78F6727-3C2D-49F7-8E4A-4ACE028458B9}.Debug|x86.ActiveCfg = Debug|Any CPU
		{D78F6727-3C2D-49F7-8E4A-4ACE028458B9}.Debug|x86.Build.0 = Debug|Any CPU
		{D78F6727-3C2D-49F7-8E4A-4ACE028458B9}.Release|Any CPU.ActiveCfg = Release|Any CPU
		{D78F6727-3C2D-49F7-8E4A-4ACE028458B9}.Release|Any CPU.Build.0 = Release|Any CPU
		{D78F6727-3C2D-49F7-8E4A-4ACE028458B9}.Release|x64.ActiveCfg = Release|Any CPU
		{D78F6727-3C2D-49F7-8E4A-4ACE028458B9}.Release|x64.Build.0 = Release|Any CPU
		{D78F6727-3C2D-49F7-8E4A-4ACE028458B9}.Release|x86.ActiveCfg = Release|Any CPU
		{D78F6727-3C2D-49F7-8E4A-4ACE028458B9}.Release|x86.Build.0 = Release|Any CPU
	EndGlobalSection
	GlobalSection(NestedProjects) = preSolution
		{8358BC94-01C8-4F7E-AA1D-DAEE8E71967B} = {6A44EA28-BDE4-4668-B2EA-B1C5904D2334}
		{5B90FA62-2F1C-40A0-AC26-A706033E1CBF} = {E631681D-CA1E-4CEA-AEA0-A2F8CD9FBE72}
		{658EE659-FC9F-49FF-9F5A-19119F2038FE} = {E631681D-CA1E-4CEA-AEA0-A2F8CD9FBE72}
		{D2AE6BBE-B4B3-4B8E-AC23-D1D96AD773AF} = {340B3A4D-CEEB-47E4-9B2C-B0468BA3A2FD}
		{1F0E1727-F231-4FB6-8E75-5D13B044D033} = {340B3A4D-CEEB-47E4-9B2C-B0468BA3A2FD}
		{E50F6EE0-EEFA-4A04-A400-840097CF399E} = {EEA6F4CB-58F8-43E8-B520-0B6BC95240AD}
		{D78F6727-3C2D-49F7-8E4A-4ACE028458B9} = {340B3A4D-CEEB-47E4-9B2C-B0468BA3A2FD}
	EndGlobalSection
EndGlobal
