
Microsoft Visual Studio Solution File, Format Version 12.00
# Visual Studio Version 16
VisualStudioVersion = 16.6.30114.105
MinimumVisualStudioVersion = 10.0.40219.1
Project("{2150E333-8FDC-42A3-9474-1A3956D46DE8}") = "src", "src", "{A8573844-DF74-4F15-91E9-3A48C790C8BF}"
EndProject
Project("{FAE04EC0-301F-11D3-BF4B-00C04F79EFBC}") = "Billing.WebApi", "src\Billing.WebApi\Billing.WebApi.csproj", "{70CEDE1A-73FD-4B48-B698-E9969ACDC477}"
EndProject
Project("{FAE04EC0-301F-11D3-BF4B-00C04F79EFBC}") = "Billing.Core", "src\Billing.Core\Billing.Core.csproj", "{E7962B15-CA87-4320-9FBB-5FDAC18FE37D}"
EndProject
Project("{FAE04EC0-301F-11D3-BF4B-00C04F79EFBC}") = "Billing.Infrastructure", "src\Billing.Infrastructure\Billing.Infrastructure.csproj", "{C47C541E-DA32-45A9-8389-C0EA8B703698}"
EndProject
Project("{2150E333-8FDC-42A3-9474-1A3956D46DE8}") = "tests", "tests", "{25745658-44DE-4F06-8AFF-08508C25B8A8}"
EndProject
Project("{FAE04EC0-301F-11D3-BF4B-00C04F79EFBC}") = "Billing.IntegrationTests", "tests\Billing.IntegrationTests\Billing.IntegrationTests.csproj", "{F23BFF11-79F6-4FA4-A81F-3B097FE483DC}"
EndProject
Project("{FAE04EC0-301F-11D3-BF4B-00C04F79EFBC}") = "Billing.FunctionalTests", "tests\Billing.FunctionalTests\Billing.FunctionalTests.csproj", "{4AAAC0C2-11EE-4F20-8C8B-DAC13F2BACF9}"
EndProject
Project("{FAE04EC0-301F-11D3-BF4B-00C04F79EFBC}") = "Billing.SharedTestHelpers", "tests\Billing.SharedTestHelpers\Billing.SharedTestHelpers.csproj", "{1BB5E879-C09E-406D-ADD9-994649F38131}"
EndProject
Project("{FAE04EC0-301F-11D3-BF4B-00C04F79EFBC}") = "Billing.UnitTests", "tests\Billing.UnitTests\Billing.UnitTests.csproj", "{DC9F1923-6B9A-42E2-8E02-A6EE502E8CC8}"
EndProject
Global
	GlobalSection(SolutionConfigurationPlatforms) = preSolution
		Debug|Any CPU = Debug|Any CPU
		Debug|x64 = Debug|x64
		Debug|x86 = Debug|x86
		Release|Any CPU = Release|Any CPU
		Release|x64 = Release|x64
		Release|x86 = Release|x86
	EndGlobalSection
	GlobalSection(SolutionProperties) = preSolution
		HideSolutionNode = FALSE
	EndGlobalSection
	GlobalSection(ProjectConfigurationPlatforms) = postSolution
		{70CEDE1A-73FD-4B48-B698-E9969ACDC477}.Debug|Any CPU.ActiveCfg = Debug|Any CPU
		{70CEDE1A-73FD-4B48-B698-E9969ACDC477}.Debug|Any CPU.Build.0 = Debug|Any CPU
		{70CEDE1A-73FD-4B48-B698-E9969ACDC477}.Debug|x64.ActiveCfg = Debug|Any CPU
		{70CEDE1A-73FD-4B48-B698-E9969ACDC477}.Debug|x64.Build.0 = Debug|Any CPU
		{70CEDE1A-73FD-4B48-B698-E9969ACDC477}.Debug|x86.ActiveCfg = Debug|Any CPU
		{70CEDE1A-73FD-4B48-B698-E9969ACDC477}.Debug|x86.Build.0 = Debug|Any CPU
		{70CEDE1A-73FD-4B48-B698-E9969ACDC477}.Release|Any CPU.ActiveCfg = Release|Any CPU
		{70CEDE1A-73FD-4B48-B698-E9969ACDC477}.Release|Any CPU.Build.0 = Release|Any CPU
		{70CEDE1A-73FD-4B48-B698-E9969ACDC477}.Release|x64.ActiveCfg = Release|Any CPU
		{70CEDE1A-73FD-4B48-B698-E9969ACDC477}.Release|x64.Build.0 = Release|Any CPU
		{70CEDE1A-73FD-4B48-B698-E9969ACDC477}.Release|x86.ActiveCfg = Release|Any CPU
		{70CEDE1A-73FD-4B48-B698-E9969ACDC477}.Release|x86.Build.0 = Release|Any CPU
		{E7962B15-CA87-4320-9FBB-5FDAC18FE37D}.Debug|Any CPU.ActiveCfg = Debug|Any CPU
		{E7962B15-CA87-4320-9FBB-5FDAC18FE37D}.Debug|Any CPU.Build.0 = Debug|Any CPU
		{E7962B15-CA87-4320-9FBB-5FDAC18FE37D}.Debug|x64.ActiveCfg = Debug|Any CPU
		{E7962B15-CA87-4320-9FBB-5FDAC18FE37D}.Debug|x64.Build.0 = Debug|Any CPU
		{E7962B15-CA87-4320-9FBB-5FDAC18FE37D}.Debug|x86.ActiveCfg = Debug|Any CPU
		{E7962B15-CA87-4320-9FBB-5FDAC18FE37D}.Debug|x86.Build.0 = Debug|Any CPU
		{E7962B15-CA87-4320-9FBB-5FDAC18FE37D}.Release|Any CPU.ActiveCfg = Release|Any CPU
		{E7962B15-CA87-4320-9FBB-5FDAC18FE37D}.Release|Any CPU.Build.0 = Release|Any CPU
		{E7962B15-CA87-4320-9FBB-5FDAC18FE37D}.Release|x64.ActiveCfg = Release|Any CPU
		{E7962B15-CA87-4320-9FBB-5FDAC18FE37D}.Release|x64.Build.0 = Release|Any CPU
		{E7962B15-CA87-4320-9FBB-5FDAC18FE37D}.Release|x86.ActiveCfg = Release|Any CPU
		{E7962B15-CA87-4320-9FBB-5FDAC18FE37D}.Release|x86.Build.0 = Release|Any CPU
		{C47C541E-DA32-45A9-8389-C0EA8B703698}.Debug|Any CPU.ActiveCfg = Debug|Any CPU
		{C47C541E-DA32-45A9-8389-C0EA8B703698}.Debug|Any CPU.Build.0 = Debug|Any CPU
		{C47C541E-DA32-45A9-8389-C0EA8B703698}.Debug|x64.ActiveCfg = Debug|Any CPU
		{C47C541E-DA32-45A9-8389-C0EA8B703698}.Debug|x64.Build.0 = Debug|Any CPU
		{C47C541E-DA32-45A9-8389-C0EA8B703698}.Debug|x86.ActiveCfg = Debug|Any CPU
		{C47C541E-DA32-45A9-8389-C0EA8B703698}.Debug|x86.Build.0 = Debug|Any CPU
		{C47C541E-DA32-45A9-8389-C0EA8B703698}.Release|Any CPU.ActiveCfg = Release|Any CPU
		{C47C541E-DA32-45A9-8389-C0EA8B703698}.Release|Any CPU.Build.0 = Release|Any CPU
		{C47C541E-DA32-45A9-8389-C0EA8B703698}.Release|x64.ActiveCfg = Release|Any CPU
		{C47C541E-DA32-45A9-8389-C0EA8B703698}.Release|x64.Build.0 = Release|Any CPU
		{C47C541E-DA32-45A9-8389-C0EA8B703698}.Release|x86.ActiveCfg = Release|Any CPU
		{C47C541E-DA32-45A9-8389-C0EA8B703698}.Release|x86.Build.0 = Release|Any CPU
		{F23BFF11-79F6-4FA4-A81F-3B097FE483DC}.Debug|Any CPU.ActiveCfg = Debug|Any CPU
		{F23BFF11-79F6-4FA4-A81F-3B097FE483DC}.Debug|Any CPU.Build.0 = Debug|Any CPU
		{F23BFF11-79F6-4FA4-A81F-3B097FE483DC}.Debug|x64.ActiveCfg = Debug|Any CPU
		{F23BFF11-79F6-4FA4-A81F-3B097FE483DC}.Debug|x64.Build.0 = Debug|Any CPU
		{F23BFF11-79F6-4FA4-A81F-3B097FE483DC}.Debug|x86.ActiveCfg = Debug|Any CPU
		{F23BFF11-79F6-4FA4-A81F-3B097FE483DC}.Debug|x86.Build.0 = Debug|Any CPU
		{F23BFF11-79F6-4FA4-A81F-3B097FE483DC}.Release|Any CPU.ActiveCfg = Release|Any CPU
		{F23BFF11-79F6-4FA4-A81F-3B097FE483DC}.Release|Any CPU.Build.0 = Release|Any CPU
		{F23BFF11-79F6-4FA4-A81F-3B097FE483DC}.Release|x64.ActiveCfg = Release|Any CPU
		{F23BFF11-79F6-4FA4-A81F-3B097FE483DC}.Release|x64.Build.0 = Release|Any CPU
		{F23BFF11-79F6-4FA4-A81F-3B097FE483DC}.Release|x86.ActiveCfg = Release|Any CPU
		{F23BFF11-79F6-4FA4-A81F-3B097FE483DC}.Release|x86.Build.0 = Release|Any CPU
		{4AAAC0C2-11EE-4F20-8C8B-DAC13F2BACF9}.Debug|Any CPU.ActiveCfg = Debug|Any CPU
		{4AAAC0C2-11EE-4F20-8C8B-DAC13F2BACF9}.Debug|Any CPU.Build.0 = Debug|Any CPU
		{4AAAC0C2-11EE-4F20-8C8B-DAC13F2BACF9}.Debug|x64.ActiveCfg = Debug|Any CPU
		{4AAAC0C2-11EE-4F20-8C8B-DAC13F2BACF9}.Debug|x64.Build.0 = Debug|Any CPU
		{4AAAC0C2-11EE-4F20-8C8B-DAC13F2BACF9}.Debug|x86.ActiveCfg = Debug|Any CPU
		{4AAAC0C2-11EE-4F20-8C8B-DAC13F2BACF9}.Debug|x86.Build.0 = Debug|Any CPU
		{4AAAC0C2-11EE-4F20-8C8B-DAC13F2BACF9}.Release|Any CPU.ActiveCfg = Release|Any CPU
		{4AAAC0C2-11EE-4F20-8C8B-DAC13F2BACF9}.Release|Any CPU.Build.0 = Release|Any CPU
		{4AAAC0C2-11EE-4F20-8C8B-DAC13F2BACF9}.Release|x64.ActiveCfg = Release|Any CPU
		{4AAAC0C2-11EE-4F20-8C8B-DAC13F2BACF9}.Release|x64.Build.0 = Release|Any CPU
		{4AAAC0C2-11EE-4F20-8C8B-DAC13F2BACF9}.Release|x86.ActiveCfg = Release|Any CPU
		{4AAAC0C2-11EE-4F20-8C8B-DAC13F2BACF9}.Release|x86.Build.0 = Release|Any CPU
		{1BB5E879-C09E-406D-ADD9-994649F38131}.Debug|Any CPU.ActiveCfg = Debug|Any CPU
		{1BB5E879-C09E-406D-ADD9-994649F38131}.Debug|Any CPU.Build.0 = Debug|Any CPU
		{1BB5E879-C09E-406D-ADD9-994649F38131}.Debug|x64.ActiveCfg = Debug|Any CPU
		{1BB5E879-C09E-406D-ADD9-994649F38131}.Debug|x64.Build.0 = Debug|Any CPU
		{1BB5E879-C09E-406D-ADD9-994649F38131}.Debug|x86.ActiveCfg = Debug|Any CPU
		{1BB5E879-C09E-406D-ADD9-994649F38131}.Debug|x86.Build.0 = Debug|Any CPU
		{1BB5E879-C09E-406D-ADD9-994649F38131}.Release|Any CPU.ActiveCfg = Release|Any CPU
		{1BB5E879-C09E-406D-ADD9-994649F38131}.Release|Any CPU.Build.0 = Release|Any CPU
		{1BB5E879-C09E-406D-ADD9-994649F38131}.Release|x64.ActiveCfg = Release|Any CPU
		{1BB5E879-C09E-406D-ADD9-994649F38131}.Release|x64.Build.0 = Release|Any CPU
		{1BB5E879-C09E-406D-ADD9-994649F38131}.Release|x86.ActiveCfg = Release|Any CPU
		{1BB5E879-C09E-406D-ADD9-994649F38131}.Release|x86.Build.0 = Release|Any CPU
		{DC9F1923-6B9A-42E2-8E02-A6EE502E8CC8}.Debug|Any CPU.ActiveCfg = Debug|Any CPU
		{DC9F1923-6B9A-42E2-8E02-A6EE502E8CC8}.Debug|Any CPU.Build.0 = Debug|Any CPU
		{DC9F1923-6B9A-42E2-8E02-A6EE502E8CC8}.Debug|x64.ActiveCfg = Debug|Any CPU
		{DC9F1923-6B9A-42E2-8E02-A6EE502E8CC8}.Debug|x64.Build.0 = Debug|Any CPU
		{DC9F1923-6B9A-42E2-8E02-A6EE502E8CC8}.Debug|x86.ActiveCfg = Debug|Any CPU
		{DC9F1923-6B9A-42E2-8E02-A6EE502E8CC8}.Debug|x86.Build.0 = Debug|Any CPU
		{DC9F1923-6B9A-42E2-8E02-A6EE502E8CC8}.Release|Any CPU.ActiveCfg = Release|Any CPU
		{DC9F1923-6B9A-42E2-8E02-A6EE502E8CC8}.Release|Any CPU.Build.0 = Release|Any CPU
		{DC9F1923-6B9A-42E2-8E02-A6EE502E8CC8}.Release|x64.ActiveCfg = Release|Any CPU
		{DC9F1923-6B9A-42E2-8E02-A6EE502E8CC8}.Release|x64.Build.0 = Release|Any CPU
		{DC9F1923-6B9A-42E2-8E02-A6EE502E8CC8}.Release|x86.ActiveCfg = Release|Any CPU
		{DC9F1923-6B9A-42E2-8E02-A6EE502E8CC8}.Release|x86.Build.0 = Release|Any CPU
	EndGlobalSection
	GlobalSection(NestedProjects) = preSolution
		{70CEDE1A-73FD-4B48-B698-E9969ACDC477} = {A8573844-DF74-4F15-91E9-3A48C790C8BF}
		{E7962B15-CA87-4320-9FBB-5FDAC18FE37D} = {A8573844-DF74-4F15-91E9-3A48C790C8BF}
		{C47C541E-DA32-45A9-8389-C0EA8B703698} = {A8573844-DF74-4F15-91E9-3A48C790C8BF}
		{F23BFF11-79F6-4FA4-A81F-3B097FE483DC} = {25745658-44DE-4F06-8AFF-08508C25B8A8}
		{4AAAC0C2-11EE-4F20-8C8B-DAC13F2BACF9} = {25745658-44DE-4F06-8AFF-08508C25B8A8}
		{1BB5E879-C09E-406D-ADD9-994649F38131} = {25745658-44DE-4F06-8AFF-08508C25B8A8}
		{DC9F1923-6B9A-42E2-8E02-A6EE502E8CC8} = {25745658-44DE-4F06-8AFF-08508C25B8A8}
	EndGlobalSection
EndGlobal
