
Microsoft Visual Studio Solution File, Format Version 12.00
# Visual Studio Version 16
VisualStudioVersion = 16.6.30114.105
MinimumVisualStudioVersion = 10.0.40219.1
Project("{2150E333-8FDC-42A3-9474-1A3956D46DE8}") = "src", "src", "{DD4FB62A-F00B-45AC-8F31-72FEF19A016F}"
EndProject
Project("{FAE04EC0-301F-11D3-BF4B-00C04F79EFBC}") = "Billing.WebApi", "src\Billing.WebApi\Billing.WebApi.csproj", "{B44224EC-657B-43AD-B182-C9C994C2BA1D}"
EndProject
Project("{FAE04EC0-301F-11D3-BF4B-00C04F79EFBC}") = "Billing.Core", "src\Billing.Core\Billing.Core.csproj", "{05B50579-68D0-4899-B597-6C6315843091}"
EndProject
Project("{FAE04EC0-301F-11D3-BF4B-00C04F79EFBC}") = "Billing.Infrastructure", "src\Billing.Infrastructure\Billing.Infrastructure.csproj", "{0805C06A-DB19-404B-811F-25E7A4B277B4}"
EndProject
Project("{2150E333-8FDC-42A3-9474-1A3956D46DE8}") = "tests", "tests", "{665F5B57-9739-4879-81E0-6810050C258F}"
EndProject
Project("{FAE04EC0-301F-11D3-BF4B-00C04F79EFBC}") = "Billing.IntegrationTests", "tests\Billing.IntegrationTests\Billing.IntegrationTests.csproj", "{8E783648-AAF4-43D8-B5FF-137D59FA72F6}"
EndProject
Project("{FAE04EC0-301F-11D3-BF4B-00C04F79EFBC}") = "Billing.FunctionalTests", "tests\Billing.FunctionalTests\Billing.FunctionalTests.csproj", "{3B28FFF6-85A8-4703-BE72-C6B35CBD16F1}"
EndProject
Project("{FAE04EC0-301F-11D3-BF4B-00C04F79EFBC}") = "Billing.SharedTestHelpers", "tests\Billing.SharedTestHelpers\Billing.SharedTestHelpers.csproj", "{9FF7192E-6581-4342-ACF2-66339414CA49}"
EndProject
Project("{FAE04EC0-301F-11D3-BF4B-00C04F79EFBC}") = "Billing.UnitTests", "tests\Billing.UnitTests\Billing.UnitTests.csproj", "{921F6FDD-48D7-4872-9C28-385CEEA82BF6}"
EndProject
Global
	GlobalSection(SolutionConfigurationPlatforms) = preSolution
		Debug|Any CPU = Debug|Any CPU
		Debug|x64 = Debug|x64
		Debug|x86 = Debug|x86
		Release|Any CPU = Release|Any CPU
		Release|x64 = Release|x64
		Release|x86 = Release|x86
	EndGlobalSection
	GlobalSection(SolutionProperties) = preSolution
		HideSolutionNode = FALSE
	EndGlobalSection
	GlobalSection(ProjectConfigurationPlatforms) = postSolution
		{B44224EC-657B-43AD-B182-C9C994C2BA1D}.Debug|Any CPU.ActiveCfg = Debug|Any CPU
		{B44224EC-657B-43AD-B182-C9C994C2BA1D}.Debug|Any CPU.Build.0 = Debug|Any CPU
		{B44224EC-657B-43AD-B182-C9C994C2BA1D}.Debug|x64.ActiveCfg = Debug|Any CPU
		{B44224EC-657B-43AD-B182-C9C994C2BA1D}.Debug|x64.Build.0 = Debug|Any CPU
		{B44224EC-657B-43AD-B182-C9C994C2BA1D}.Debug|x86.ActiveCfg = Debug|Any CPU
		{B44224EC-657B-43AD-B182-C9C994C2BA1D}.Debug|x86.Build.0 = Debug|Any CPU
		{B44224EC-657B-43AD-B182-C9C994C2BA1D}.Release|Any CPU.ActiveCfg = Release|Any CPU
		{B44224EC-657B-43AD-B182-C9C994C2BA1D}.Release|Any CPU.Build.0 = Release|Any CPU
		{B44224EC-657B-43AD-B182-C9C994C2BA1D}.Release|x64.ActiveCfg = Release|Any CPU
		{B44224EC-657B-43AD-B182-C9C994C2BA1D}.Release|x64.Build.0 = Release|Any CPU
		{B44224EC-657B-43AD-B182-C9C994C2BA1D}.Release|x86.ActiveCfg = Release|Any CPU
		{B44224EC-657B-43AD-B182-C9C994C2BA1D}.Release|x86.Build.0 = Release|Any CPU
		{05B50579-68D0-4899-B597-6C6315843091}.Debug|Any CPU.ActiveCfg = Debug|Any CPU
		{05B50579-68D0-4899-B597-6C6315843091}.Debug|Any CPU.Build.0 = Debug|Any CPU
		{05B50579-68D0-4899-B597-6C6315843091}.Debug|x64.ActiveCfg = Debug|Any CPU
		{05B50579-68D0-4899-B597-6C6315843091}.Debug|x64.Build.0 = Debug|Any CPU
		{05B50579-68D0-4899-B597-6C6315843091}.Debug|x86.ActiveCfg = Debug|Any CPU
		{05B50579-68D0-4899-B597-6C6315843091}.Debug|x86.Build.0 = Debug|Any CPU
		{05B50579-68D0-4899-B597-6C6315843091}.Release|Any CPU.ActiveCfg = Release|Any CPU
		{05B50579-68D0-4899-B597-6C6315843091}.Release|Any CPU.Build.0 = Release|Any CPU
		{05B50579-68D0-4899-B597-6C6315843091}.Release|x64.ActiveCfg = Release|Any CPU
		{05B50579-68D0-4899-B597-6C6315843091}.Release|x64.Build.0 = Release|Any CPU
		{05B50579-68D0-4899-B597-6C6315843091}.Release|x86.ActiveCfg = Release|Any CPU
		{05B50579-68D0-4899-B597-6C6315843091}.Release|x86.Build.0 = Release|Any CPU
		{0805C06A-DB19-404B-811F-25E7A4B277B4}.Debug|Any CPU.ActiveCfg = Debug|Any CPU
		{0805C06A-DB19-404B-811F-25E7A4B277B4}.Debug|Any CPU.Build.0 = Debug|Any CPU
		{0805C06A-DB19-404B-811F-25E7A4B277B4}.Debug|x64.ActiveCfg = Debug|Any CPU
		{0805C06A-DB19-404B-811F-25E7A4B277B4}.Debug|x64.Build.0 = Debug|Any CPU
		{0805C06A-DB19-404B-811F-25E7A4B277B4}.Debug|x86.ActiveCfg = Debug|Any CPU
		{0805C06A-DB19-404B-811F-25E7A4B277B4}.Debug|x86.Build.0 = Debug|Any CPU
		{0805C06A-DB19-404B-811F-25E7A4B277B4}.Release|Any CPU.ActiveCfg = Release|Any CPU
		{0805C06A-DB19-404B-811F-25E7A4B277B4}.Release|Any CPU.Build.0 = Release|Any CPU
		{0805C06A-DB19-404B-811F-25E7A4B277B4}.Release|x64.ActiveCfg = Release|Any CPU
		{0805C06A-DB19-404B-811F-25E7A4B277B4}.Release|x64.Build.0 = Release|Any CPU
		{0805C06A-DB19-404B-811F-25E7A4B277B4}.Release|x86.ActiveCfg = Release|Any CPU
		{0805C06A-DB19-404B-811F-25E7A4B277B4}.Release|x86.Build.0 = Release|Any CPU
		{8E783648-AAF4-43D8-B5FF-137D59FA72F6}.Debug|Any CPU.ActiveCfg = Debug|Any CPU
		{8E783648-AAF4-43D8-B5FF-137D59FA72F6}.Debug|Any CPU.Build.0 = Debug|Any CPU
		{8E783648-AAF4-43D8-B5FF-137D59FA72F6}.Debug|x64.ActiveCfg = Debug|Any CPU
		{8E783648-AAF4-43D8-B5FF-137D59FA72F6}.Debug|x64.Build.0 = Debug|Any CPU
		{8E783648-AAF4-43D8-B5FF-137D59FA72F6}.Debug|x86.ActiveCfg = Debug|Any CPU
		{8E783648-AAF4-43D8-B5FF-137D59FA72F6}.Debug|x86.Build.0 = Debug|Any CPU
		{8E783648-AAF4-43D8-B5FF-137D59FA72F6}.Release|Any CPU.ActiveCfg = Release|Any CPU
		{8E783648-AAF4-43D8-B5FF-137D59FA72F6}.Release|Any CPU.Build.0 = Release|Any CPU
		{8E783648-AAF4-43D8-B5FF-137D59FA72F6}.Release|x64.ActiveCfg = Release|Any CPU
		{8E783648-AAF4-43D8-B5FF-137D59FA72F6}.Release|x64.Build.0 = Release|Any CPU
		{8E783648-AAF4-43D8-B5FF-137D59FA72F6}.Release|x86.ActiveCfg = Release|Any CPU
		{8E783648-AAF4-43D8-B5FF-137D59FA72F6}.Release|x86.Build.0 = Release|Any CPU
		{3B28FFF6-85A8-4703-BE72-C6B35CBD16F1}.Debug|Any CPU.ActiveCfg = Debug|Any CPU
		{3B28FFF6-85A8-4703-BE72-C6B35CBD16F1}.Debug|Any CPU.Build.0 = Debug|Any CPU
		{3B28FFF6-85A8-4703-BE72-C6B35CBD16F1}.Debug|x64.ActiveCfg = Debug|Any CPU
		{3B28FFF6-85A8-4703-BE72-C6B35CBD16F1}.Debug|x64.Build.0 = Debug|Any CPU
		{3B28FFF6-85A8-4703-BE72-C6B35CBD16F1}.Debug|x86.ActiveCfg = Debug|Any CPU
		{3B28FFF6-85A8-4703-BE72-C6B35CBD16F1}.Debug|x86.Build.0 = Debug|Any CPU
		{3B28FFF6-85A8-4703-BE72-C6B35CBD16F1}.Release|Any CPU.ActiveCfg = Release|Any CPU
		{3B28FFF6-85A8-4703-BE72-C6B35CBD16F1}.Release|Any CPU.Build.0 = Release|Any CPU
		{3B28FFF6-85A8-4703-BE72-C6B35CBD16F1}.Release|x64.ActiveCfg = Release|Any CPU
		{3B28FFF6-85A8-4703-BE72-C6B35CBD16F1}.Release|x64.Build.0 = Release|Any CPU
		{3B28FFF6-85A8-4703-BE72-C6B35CBD16F1}.Release|x86.ActiveCfg = Release|Any CPU
		{3B28FFF6-85A8-4703-BE72-C6B35CBD16F1}.Release|x86.Build.0 = Release|Any CPU
		{9FF7192E-6581-4342-ACF2-66339414CA49}.Debug|Any CPU.ActiveCfg = Debug|Any CPU
		{9FF7192E-6581-4342-ACF2-66339414CA49}.Debug|Any CPU.Build.0 = Debug|Any CPU
		{9FF7192E-6581-4342-ACF2-66339414CA49}.Debug|x64.ActiveCfg = Debug|Any CPU
		{9FF7192E-6581-4342-ACF2-66339414CA49}.Debug|x64.Build.0 = Debug|Any CPU
		{9FF7192E-6581-4342-ACF2-66339414CA49}.Debug|x86.ActiveCfg = Debug|Any CPU
		{9FF7192E-6581-4342-ACF2-66339414CA49}.Debug|x86.Build.0 = Debug|Any CPU
		{9FF7192E-6581-4342-ACF2-66339414CA49}.Release|Any CPU.ActiveCfg = Release|Any CPU
		{9FF7192E-6581-4342-ACF2-66339414CA49}.Release|Any CPU.Build.0 = Release|Any CPU
		{9FF7192E-6581-4342-ACF2-66339414CA49}.Release|x64.ActiveCfg = Release|Any CPU
		{9FF7192E-6581-4342-ACF2-66339414CA49}.Release|x64.Build.0 = Release|Any CPU
		{9FF7192E-6581-4342-ACF2-66339414CA49}.Release|x86.ActiveCfg = Release|Any CPU
		{9FF7192E-6581-4342-ACF2-66339414CA49}.Release|x86.Build.0 = Release|Any CPU
		{921F6FDD-48D7-4872-9C28-385CEEA82BF6}.Debug|Any CPU.ActiveCfg = Debug|Any CPU
		{921F6FDD-48D7-4872-9C28-385CEEA82BF6}.Debug|Any CPU.Build.0 = Debug|Any CPU
		{921F6FDD-48D7-4872-9C28-385CEEA82BF6}.Debug|x64.ActiveCfg = Debug|Any CPU
		{921F6FDD-48D7-4872-9C28-385CEEA82BF6}.Debug|x64.Build.0 = Debug|Any CPU
		{921F6FDD-48D7-4872-9C28-385CEEA82BF6}.Debug|x86.ActiveCfg = Debug|Any CPU
		{921F6FDD-48D7-4872-9C28-385CEEA82BF6}.Debug|x86.Build.0 = Debug|Any CPU
		{921F6FDD-48D7-4872-9C28-385CEEA82BF6}.Release|Any CPU.ActiveCfg = Release|Any CPU
		{921F6FDD-48D7-4872-9C28-385CEEA82BF6}.Release|Any CPU.Build.0 = Release|Any CPU
		{921F6FDD-48D7-4872-9C28-385CEEA82BF6}.Release|x64.ActiveCfg = Release|Any CPU
		{921F6FDD-48D7-4872-9C28-385CEEA82BF6}.Release|x64.Build.0 = Release|Any CPU
		{921F6FDD-48D7-4872-9C28-385CEEA82BF6}.Release|x86.ActiveCfg = Release|Any CPU
		{921F6FDD-48D7-4872-9C28-385CEEA82BF6}.Release|x86.Build.0 = Release|Any CPU
	EndGlobalSection
	GlobalSection(NestedProjects) = preSolution
		{B44224EC-657B-43AD-B182-C9C994C2BA1D} = {DD4FB62A-F00B-45AC-8F31-72FEF19A016F}
		{05B50579-68D0-4899-B597-6C6315843091} = {DD4FB62A-F00B-45AC-8F31-72FEF19A016F}
		{0805C06A-DB19-404B-811F-25E7A4B277B4} = {DD4FB62A-F00B-45AC-8F31-72FEF19A016F}
		{8E783648-AAF4-43D8-B5FF-137D59FA72F6} = {665F5B57-9739-4879-81E0-6810050C258F}
		{3B28FFF6-85A8-4703-BE72-C6B35CBD16F1} = {665F5B57-9739-4879-81E0-6810050C258F}
		{9FF7192E-6581-4342-ACF2-66339414CA49} = {665F5B57-9739-4879-81E0-6810050C258F}
		{921F6FDD-48D7-4872-9C28-385CEEA82BF6} = {665F5B57-9739-4879-81E0-6810050C258F}
	EndGlobalSection
EndGlobal
