
Microsoft Visual Studio Solution File, Format Version 12.00
# Visual Studio 15
VisualStudioVersion = 15.0.26124.0
MinimumVisualStudioVersion = 15.0.26124.0
Project("{2150E333-8FDC-42A3-9474-1A3956D46DE8}") = "Api", "Api", "{8D1F34E3-705F-443D-AD13-432E8E168183}"
EndProject
Project("{FAE04EC0-301F-11D3-BF4B-00C04F79EFBC}") = "WebApi", "WebApi\WebApi.csproj", "{1E5A9BD8-31AA-4A14-874D-CA7199981D87}"
EndProject
Project("{2150E333-8FDC-42A3-9474-1A3956D46DE8}") = "Core", "Core", "{C4E5B897-138D-4F60-A088-1AD6F7A952F7}"
EndProject
Project("{FAE04EC0-301F-11D3-BF4B-00C04F79EFBC}") = "Domain", "Domain\Domain.csproj", "{3EA184A2-7BE4-469C-9F30-059621F3F134}"
EndProject
Project("{FAE04EC0-301F-11D3-BF4B-00C04F79EFBC}") = "Application", "Application\Application.csproj", "{291C17C3-03A8-4CC7-AD34-9C6E1FA6DC84}"
EndProject
Project("{2150E333-8FDC-42A3-9474-1A3956D46DE8}") = "Infrastructure", "Infrastructure", "{6138C472-351F-4E25-9D86-A261D6E4AE5A}"
EndProject
Project("{FAE04EC0-301F-11D3-BF4B-00C04F79EFBC}") = "Infrastructure.Persistence", "Infrastructure.Persistence\Infrastructure.Persistence.csproj", "{DF521259-3212-4C3F-9499-5221BEF6D249}"
EndProject
Project("{FAE04EC0-301F-11D3-BF4B-00C04F79EFBC}") = "Infrastructure.Shared", "Infrastructure.Shared\Infrastructure.Shared.csproj", "{BB38C089-58DB-46B2-BC80-BF8B94AC8032}"
EndProject
Project("{2150E333-8FDC-42A3-9474-1A3956D46DE8}") = "Tests", "Tests", "{93104147-9B2A-47F7-B6DD-C7C8BDAA4C2D}"
EndProject
Project("{FAE04EC0-301F-11D3-BF4B-00C04F79EFBC}") = "Lab.Api.Tests", "Lab.Api.Tests\Lab.Api.Tests.csproj", "{5B7ED03E-8819-46A9-B000-191DB34DDBE3}"
EndProject
Project("{FAE04EC0-301F-11D3-BF4B-00C04F79EFBC}") = "Infrastructure.Identity", "Infrastructure.Identity\Infrastructure.Identity.csproj", "{541FD67B-0F70-42F8-8B0A-B03BAD9087EE}"
EndProject
Global
	GlobalSection(SolutionConfigurationPlatforms) = preSolution
		Debug|Any CPU = Debug|Any CPU
		Debug|x64 = Debug|x64
		Debug|x86 = Debug|x86
		Release|Any CPU = Release|Any CPU
		Release|x64 = Release|x64
		Release|x86 = Release|x86
	EndGlobalSection
	GlobalSection(SolutionProperties) = preSolution
		HideSolutionNode = FALSE
	EndGlobalSection
	GlobalSection(ProjectConfigurationPlatforms) = postSolution
		{1E5A9BD8-31AA-4A14-874D-CA7199981D87}.Debug|Any CPU.ActiveCfg = Debug|Any CPU
		{1E5A9BD8-31AA-4A14-874D-CA7199981D87}.Debug|Any CPU.Build.0 = Debug|Any CPU
		{1E5A9BD8-31AA-4A14-874D-CA7199981D87}.Debug|x64.ActiveCfg = Debug|Any CPU
		{1E5A9BD8-31AA-4A14-874D-CA7199981D87}.Debug|x64.Build.0 = Debug|Any CPU
		{1E5A9BD8-31AA-4A14-874D-CA7199981D87}.Debug|x86.ActiveCfg = Debug|Any CPU
		{1E5A9BD8-31AA-4A14-874D-CA7199981D87}.Debug|x86.Build.0 = Debug|Any CPU
		{1E5A9BD8-31AA-4A14-874D-CA7199981D87}.Release|Any CPU.ActiveCfg = Release|Any CPU
		{1E5A9BD8-31AA-4A14-874D-CA7199981D87}.Release|Any CPU.Build.0 = Release|Any CPU
		{1E5A9BD8-31AA-4A14-874D-CA7199981D87}.Release|x64.ActiveCfg = Release|Any CPU
		{1E5A9BD8-31AA-4A14-874D-CA7199981D87}.Release|x64.Build.0 = Release|Any CPU
		{1E5A9BD8-31AA-4A14-874D-CA7199981D87}.Release|x86.ActiveCfg = Release|Any CPU
		{1E5A9BD8-31AA-4A14-874D-CA7199981D87}.Release|x86.Build.0 = Release|Any CPU
		{3EA184A2-7BE4-469C-9F30-059621F3F134}.Debug|Any CPU.ActiveCfg = Debug|Any CPU
		{3EA184A2-7BE4-469C-9F30-059621F3F134}.Debug|Any CPU.Build.0 = Debug|Any CPU
		{3EA184A2-7BE4-469C-9F30-059621F3F134}.Debug|x64.ActiveCfg = Debug|Any CPU
		{3EA184A2-7BE4-469C-9F30-059621F3F134}.Debug|x64.Build.0 = Debug|Any CPU
		{3EA184A2-7BE4-469C-9F30-059621F3F134}.Debug|x86.ActiveCfg = Debug|Any CPU
		{3EA184A2-7BE4-469C-9F30-059621F3F134}.Debug|x86.Build.0 = Debug|Any CPU
		{3EA184A2-7BE4-469C-9F30-059621F3F134}.Release|Any CPU.ActiveCfg = Release|Any CPU
		{3EA184A2-7BE4-469C-9F30-059621F3F134}.Release|Any CPU.Build.0 = Release|Any CPU
		{3EA184A2-7BE4-469C-9F30-059621F3F134}.Release|x64.ActiveCfg = Release|Any CPU
		{3EA184A2-7BE4-469C-9F30-059621F3F134}.Release|x64.Build.0 = Release|Any CPU
		{3EA184A2-7BE4-469C-9F30-059621F3F134}.Release|x86.ActiveCfg = Release|Any CPU
		{3EA184A2-7BE4-469C-9F30-059621F3F134}.Release|x86.Build.0 = Release|Any CPU
		{291C17C3-03A8-4CC7-AD34-9C6E1FA6DC84}.Debug|Any CPU.ActiveCfg = Debug|Any CPU
		{291C17C3-03A8-4CC7-AD34-9C6E1FA6DC84}.Debug|Any CPU.Build.0 = Debug|Any CPU
		{291C17C3-03A8-4CC7-AD34-9C6E1FA6DC84}.Debug|x64.ActiveCfg = Debug|Any CPU
		{291C17C3-03A8-4CC7-AD34-9C6E1FA6DC84}.Debug|x64.Build.0 = Debug|Any CPU
		{291C17C3-03A8-4CC7-AD34-9C6E1FA6DC84}.Debug|x86.ActiveCfg = Debug|Any CPU
		{291C17C3-03A8-4CC7-AD34-9C6E1FA6DC84}.Debug|x86.Build.0 = Debug|Any CPU
		{291C17C3-03A8-4CC7-AD34-9C6E1FA6DC84}.Release|Any CPU.ActiveCfg = Release|Any CPU
		{291C17C3-03A8-4CC7-AD34-9C6E1FA6DC84}.Release|Any CPU.Build.0 = Release|Any CPU
		{291C17C3-03A8-4CC7-AD34-9C6E1FA6DC84}.Release|x64.ActiveCfg = Release|Any CPU
		{291C17C3-03A8-4CC7-AD34-9C6E1FA6DC84}.Release|x64.Build.0 = Release|Any CPU
		{291C17C3-03A8-4CC7-AD34-9C6E1FA6DC84}.Release|x86.ActiveCfg = Release|Any CPU
		{291C17C3-03A8-4CC7-AD34-9C6E1FA6DC84}.Release|x86.Build.0 = Release|Any CPU
		{DF521259-3212-4C3F-9499-5221BEF6D249}.Debug|Any CPU.ActiveCfg = Debug|Any CPU
		{DF521259-3212-4C3F-9499-5221BEF6D249}.Debug|Any CPU.Build.0 = Debug|Any CPU
		{DF521259-3212-4C3F-9499-5221BEF6D249}.Debug|x64.ActiveCfg = Debug|Any CPU
		{DF521259-3212-4C3F-9499-5221BEF6D249}.Debug|x64.Build.0 = Debug|Any CPU
		{DF521259-3212-4C3F-9499-5221BEF6D249}.Debug|x86.ActiveCfg = Debug|Any CPU
		{DF521259-3212-4C3F-9499-5221BEF6D249}.Debug|x86.Build.0 = Debug|Any CPU
		{DF521259-3212-4C3F-9499-5221BEF6D249}.Release|Any CPU.ActiveCfg = Release|Any CPU
		{DF521259-3212-4C3F-9499-5221BEF6D249}.Release|Any CPU.Build.0 = Release|Any CPU
		{DF521259-3212-4C3F-9499-5221BEF6D249}.Release|x64.ActiveCfg = Release|Any CPU
		{DF521259-3212-4C3F-9499-5221BEF6D249}.Release|x64.Build.0 = Release|Any CPU
		{DF521259-3212-4C3F-9499-5221BEF6D249}.Release|x86.ActiveCfg = Release|Any CPU
		{DF521259-3212-4C3F-9499-5221BEF6D249}.Release|x86.Build.0 = Release|Any CPU
		{BB38C089-58DB-46B2-BC80-BF8B94AC8032}.Debug|Any CPU.ActiveCfg = Debug|Any CPU
		{BB38C089-58DB-46B2-BC80-BF8B94AC8032}.Debug|Any CPU.Build.0 = Debug|Any CPU
		{BB38C089-58DB-46B2-BC80-BF8B94AC8032}.Debug|x64.ActiveCfg = Debug|Any CPU
		{BB38C089-58DB-46B2-BC80-BF8B94AC8032}.Debug|x64.Build.0 = Debug|Any CPU
		{BB38C089-58DB-46B2-BC80-BF8B94AC8032}.Debug|x86.ActiveCfg = Debug|Any CPU
		{BB38C089-58DB-46B2-BC80-BF8B94AC8032}.Debug|x86.Build.0 = Debug|Any CPU
		{BB38C089-58DB-46B2-BC80-BF8B94AC8032}.Release|Any CPU.ActiveCfg = Release|Any CPU
		{BB38C089-58DB-46B2-BC80-BF8B94AC8032}.Release|Any CPU.Build.0 = Release|Any CPU
		{BB38C089-58DB-46B2-BC80-BF8B94AC8032}.Release|x64.ActiveCfg = Release|Any CPU
		{BB38C089-58DB-46B2-BC80-BF8B94AC8032}.Release|x64.Build.0 = Release|Any CPU
		{BB38C089-58DB-46B2-BC80-BF8B94AC8032}.Release|x86.ActiveCfg = Release|Any CPU
		{BB38C089-58DB-46B2-BC80-BF8B94AC8032}.Release|x86.Build.0 = Release|Any CPU
		{5B7ED03E-8819-46A9-B000-191DB34DDBE3}.Debug|Any CPU.ActiveCfg = Debug|Any CPU
		{5B7ED03E-8819-46A9-B000-191DB34DDBE3}.Debug|Any CPU.Build.0 = Debug|Any CPU
		{5B7ED03E-8819-46A9-B000-191DB34DDBE3}.Debug|x64.ActiveCfg = Debug|Any CPU
		{5B7ED03E-8819-46A9-B000-191DB34DDBE3}.Debug|x64.Build.0 = Debug|Any CPU
		{5B7ED03E-8819-46A9-B000-191DB34DDBE3}.Debug|x86.ActiveCfg = Debug|Any CPU
		{5B7ED03E-8819-46A9-B000-191DB34DDBE3}.Debug|x86.Build.0 = Debug|Any CPU
		{5B7ED03E-8819-46A9-B000-191DB34DDBE3}.Release|Any CPU.ActiveCfg = Release|Any CPU
		{5B7ED03E-8819-46A9-B000-191DB34DDBE3}.Release|Any CPU.Build.0 = Release|Any CPU
		{5B7ED03E-8819-46A9-B000-191DB34DDBE3}.Release|x64.ActiveCfg = Release|Any CPU
		{5B7ED03E-8819-46A9-B000-191DB34DDBE3}.Release|x64.Build.0 = Release|Any CPU
		{5B7ED03E-8819-46A9-B000-191DB34DDBE3}.Release|x86.ActiveCfg = Release|Any CPU
		{5B7ED03E-8819-46A9-B000-191DB34DDBE3}.Release|x86.Build.0 = Release|Any CPU
		{541FD67B-0F70-42F8-8B0A-B03BAD9087EE}.Debug|Any CPU.ActiveCfg = Debug|Any CPU
		{541FD67B-0F70-42F8-8B0A-B03BAD9087EE}.Debug|Any CPU.Build.0 = Debug|Any CPU
		{541FD67B-0F70-42F8-8B0A-B03BAD9087EE}.Debug|x64.ActiveCfg = Debug|Any CPU
		{541FD67B-0F70-42F8-8B0A-B03BAD9087EE}.Debug|x64.Build.0 = Debug|Any CPU
		{541FD67B-0F70-42F8-8B0A-B03BAD9087EE}.Debug|x86.ActiveCfg = Debug|Any CPU
		{541FD67B-0F70-42F8-8B0A-B03BAD9087EE}.Debug|x86.Build.0 = Debug|Any CPU
		{541FD67B-0F70-42F8-8B0A-B03BAD9087EE}.Release|Any CPU.ActiveCfg = Release|Any CPU
		{541FD67B-0F70-42F8-8B0A-B03BAD9087EE}.Release|Any CPU.Build.0 = Release|Any CPU
		{541FD67B-0F70-42F8-8B0A-B03BAD9087EE}.Release|x64.ActiveCfg = Release|Any CPU
		{541FD67B-0F70-42F8-8B0A-B03BAD9087EE}.Release|x64.Build.0 = Release|Any CPU
		{541FD67B-0F70-42F8-8B0A-B03BAD9087EE}.Release|x86.ActiveCfg = Release|Any CPU
		{541FD67B-0F70-42F8-8B0A-B03BAD9087EE}.Release|x86.Build.0 = Release|Any CPU
	EndGlobalSection
	GlobalSection(NestedProjects) = preSolution
		{1E5A9BD8-31AA-4A14-874D-CA7199981D87} = {8D1F34E3-705F-443D-AD13-432E8E168183}
		{3EA184A2-7BE4-469C-9F30-059621F3F134} = {C4E5B897-138D-4F60-A088-1AD6F7A952F7}
		{291C17C3-03A8-4CC7-AD34-9C6E1FA6DC84} = {C4E5B897-138D-4F60-A088-1AD6F7A952F7}
		{DF521259-3212-4C3F-9499-5221BEF6D249} = {6138C472-351F-4E25-9D86-A261D6E4AE5A}
		{BB38C089-58DB-46B2-BC80-BF8B94AC8032} = {6138C472-351F-4E25-9D86-A261D6E4AE5A}
		{5B7ED03E-8819-46A9-B000-191DB34DDBE3} = {93104147-9B2A-47F7-B6DD-C7C8BDAA4C2D}
		{541FD67B-0F70-42F8-8B0A-B03BAD9087EE} = {6138C472-351F-4E25-9D86-A261D6E4AE5A}
	EndGlobalSection
EndGlobal
