
Microsoft Visual Studio Solution File, Format Version 12.00
# Visual Studio Version 16
VisualStudioVersion = 16.6.30114.105
MinimumVisualStudioVersion = 10.0.40219.1
Project("{2150E333-8FDC-42A3-9474-1A3956D46DE8}") = "src", "src", "{6C71FC47-DE79-4091-A2BB-68DCA8536964}"
EndProject
Project("{FAE04EC0-301F-11D3-BF4B-00C04F79EFBC}") = "Ordering.WebApi", "src\Ordering.WebApi\Ordering.WebApi.csproj", "{DF7791CE-EAE6-47EF-BFD1-6731E74B04A2}"
EndProject
Project("{FAE04EC0-301F-11D3-BF4B-00C04F79EFBC}") = "Ordering.Core", "src\Ordering.Core\Ordering.Core.csproj", "{1B5E22AA-4B30-4C5B-A1DE-464E01382A66}"
EndProject
Project("{FAE04EC0-301F-11D3-BF4B-00C04F79EFBC}") = "Ordering.Infrastructure", "src\Ordering.Infrastructure\Ordering.Infrastructure.csproj", "{A57A406B-8D63-4380-8E31-52C85FC0C1CF}"
EndProject
Project("{2150E333-8FDC-42A3-9474-1A3956D46DE8}") = "tests", "tests", "{41E0C4CF-B2D2-4C68-A00F-E2AF2B986B5A}"
EndProject
Project("{FAE04EC0-301F-11D3-BF4B-00C04F79EFBC}") = "Ordering.IntegrationTests", "tests\Ordering.IntegrationTests\Ordering.IntegrationTests.csproj", "{2401B557-F417-4784-A104-AAA17DEBB16E}"
EndProject
Project("{FAE04EC0-301F-11D3-BF4B-00C04F79EFBC}") = "Ordering.FunctionalTests", "tests\Ordering.FunctionalTests\Ordering.FunctionalTests.csproj", "{31AB684A-1B07-4021-8B15-5FF8E5AAB3DD}"
EndProject
Project("{FAE04EC0-301F-11D3-BF4B-00C04F79EFBC}") = "Ordering.SharedTestHelpers", "tests\Ordering.SharedTestHelpers\Ordering.SharedTestHelpers.csproj", "{F479A18F-4178-4C3D-8B7B-03CD85F2ECED}"
EndProject
Project("{FAE04EC0-301F-11D3-BF4B-00C04F79EFBC}") = "Ordering.UnitTests", "tests\Ordering.UnitTests\Ordering.UnitTests.csproj", "{A5D58004-F861-4459-9BEE-BA71A135893F}"
EndProject
Global
	GlobalSection(SolutionConfigurationPlatforms) = preSolution
		Debug|Any CPU = Debug|Any CPU
		Debug|x64 = Debug|x64
		Debug|x86 = Debug|x86
		Release|Any CPU = Release|Any CPU
		Release|x64 = Release|x64
		Release|x86 = Release|x86
	EndGlobalSection
	GlobalSection(SolutionProperties) = preSolution
		HideSolutionNode = FALSE
	EndGlobalSection
	GlobalSection(ProjectConfigurationPlatforms) = postSolution
		{DF7791CE-EAE6-47EF-BFD1-6731E74B04A2}.Debug|Any CPU.ActiveCfg = Debug|Any CPU
		{DF7791CE-EAE6-47EF-BFD1-6731E74B04A2}.Debug|Any CPU.Build.0 = Debug|Any CPU
		{DF7791CE-EAE6-47EF-BFD1-6731E74B04A2}.Debug|x64.ActiveCfg = Debug|Any CPU
		{DF7791CE-EAE6-47EF-BFD1-6731E74B04A2}.Debug|x64.Build.0 = Debug|Any CPU
		{DF7791CE-EAE6-47EF-BFD1-6731E74B04A2}.Debug|x86.ActiveCfg = Debug|Any CPU
		{DF7791CE-EAE6-47EF-BFD1-6731E74B04A2}.Debug|x86.Build.0 = Debug|Any CPU
		{DF7791CE-EAE6-47EF-BFD1-6731E74B04A2}.Release|Any CPU.ActiveCfg = Release|Any CPU
		{DF7791CE-EAE6-47EF-BFD1-6731E74B04A2}.Release|Any CPU.Build.0 = Release|Any CPU
		{DF7791CE-EAE6-47EF-BFD1-6731E74B04A2}.Release|x64.ActiveCfg = Release|Any CPU
		{DF7791CE-EAE6-47EF-BFD1-6731E74B04A2}.Release|x64.Build.0 = Release|Any CPU
		{DF7791CE-EAE6-47EF-BFD1-6731E74B04A2}.Release|x86.ActiveCfg = Release|Any CPU
		{DF7791CE-EAE6-47EF-BFD1-6731E74B04A2}.Release|x86.Build.0 = Release|Any CPU
		{1B5E22AA-4B30-4C5B-A1DE-464E01382A66}.Debug|Any CPU.ActiveCfg = Debug|Any CPU
		{1B5E22AA-4B30-4C5B-A1DE-464E01382A66}.Debug|Any CPU.Build.0 = Debug|Any CPU
		{1B5E22AA-4B30-4C5B-A1DE-464E01382A66}.Debug|x64.ActiveCfg = Debug|Any CPU
		{1B5E22AA-4B30-4C5B-A1DE-464E01382A66}.Debug|x64.Build.0 = Debug|Any CPU
		{1B5E22AA-4B30-4C5B-A1DE-464E01382A66}.Debug|x86.ActiveCfg = Debug|Any CPU
		{1B5E22AA-4B30-4C5B-A1DE-464E01382A66}.Debug|x86.Build.0 = Debug|Any CPU
		{1B5E22AA-4B30-4C5B-A1DE-464E01382A66}.Release|Any CPU.ActiveCfg = Release|Any CPU
		{1B5E22AA-4B30-4C5B-A1DE-464E01382A66}.Release|Any CPU.Build.0 = Release|Any CPU
		{1B5E22AA-4B30-4C5B-A1DE-464E01382A66}.Release|x64.ActiveCfg = Release|Any CPU
		{1B5E22AA-4B30-4C5B-A1DE-464E01382A66}.Release|x64.Build.0 = Release|Any CPU
		{1B5E22AA-4B30-4C5B-A1DE-464E01382A66}.Release|x86.ActiveCfg = Release|Any CPU
		{1B5E22AA-4B30-4C5B-A1DE-464E01382A66}.Release|x86.Build.0 = Release|Any CPU
		{A57A406B-8D63-4380-8E31-52C85FC0C1CF}.Debug|Any CPU.ActiveCfg = Debug|Any CPU
		{A57A406B-8D63-4380-8E31-52C85FC0C1CF}.Debug|Any CPU.Build.0 = Debug|Any CPU
		{A57A406B-8D63-4380-8E31-52C85FC0C1CF}.Debug|x64.ActiveCfg = Debug|Any CPU
		{A57A406B-8D63-4380-8E31-52C85FC0C1CF}.Debug|x64.Build.0 = Debug|Any CPU
		{A57A406B-8D63-4380-8E31-52C85FC0C1CF}.Debug|x86.ActiveCfg = Debug|Any CPU
		{A57A406B-8D63-4380-8E31-52C85FC0C1CF}.Debug|x86.Build.0 = Debug|Any CPU
		{A57A406B-8D63-4380-8E31-52C85FC0C1CF}.Release|Any CPU.ActiveCfg = Release|Any CPU
		{A57A406B-8D63-4380-8E31-52C85FC0C1CF}.Release|Any CPU.Build.0 = Release|Any CPU
		{A57A406B-8D63-4380-8E31-52C85FC0C1CF}.Release|x64.ActiveCfg = Release|Any CPU
		{A57A406B-8D63-4380-8E31-52C85FC0C1CF}.Release|x64.Build.0 = Release|Any CPU
		{A57A406B-8D63-4380-8E31-52C85FC0C1CF}.Release|x86.ActiveCfg = Release|Any CPU
		{A57A406B-8D63-4380-8E31-52C85FC0C1CF}.Release|x86.Build.0 = Release|Any CPU
		{2401B557-F417-4784-A104-AAA17DEBB16E}.Debug|Any CPU.ActiveCfg = Debug|Any CPU
		{2401B557-F417-4784-A104-AAA17DEBB16E}.Debug|Any CPU.Build.0 = Debug|Any CPU
		{2401B557-F417-4784-A104-AAA17DEBB16E}.Debug|x64.ActiveCfg = Debug|Any CPU
		{2401B557-F417-4784-A104-AAA17DEBB16E}.Debug|x64.Build.0 = Debug|Any CPU
		{2401B557-F417-4784-A104-AAA17DEBB16E}.Debug|x86.ActiveCfg = Debug|Any CPU
		{2401B557-F417-4784-A104-AAA17DEBB16E}.Debug|x86.Build.0 = Debug|Any CPU
		{2401B557-F417-4784-A104-AAA17DEBB16E}.Release|Any CPU.ActiveCfg = Release|Any CPU
		{2401B557-F417-4784-A104-AAA17DEBB16E}.Release|Any CPU.Build.0 = Release|Any CPU
		{2401B557-F417-4784-A104-AAA17DEBB16E}.Release|x64.ActiveCfg = Release|Any CPU
		{2401B557-F417-4784-A104-AAA17DEBB16E}.Release|x64.Build.0 = Release|Any CPU
		{2401B557-F417-4784-A104-AAA17DEBB16E}.Release|x86.ActiveCfg = Release|Any CPU
		{2401B557-F417-4784-A104-AAA17DEBB16E}.Release|x86.Build.0 = Release|Any CPU
		{31AB684A-1B07-4021-8B15-5FF8E5AAB3DD}.Debug|Any CPU.ActiveCfg = Debug|Any CPU
		{31AB684A-1B07-4021-8B15-5FF8E5AAB3DD}.Debug|Any CPU.Build.0 = Debug|Any CPU
		{31AB684A-1B07-4021-8B15-5FF8E5AAB3DD}.Debug|x64.ActiveCfg = Debug|Any CPU
		{31AB684A-1B07-4021-8B15-5FF8E5AAB3DD}.Debug|x64.Build.0 = Debug|Any CPU
		{31AB684A-1B07-4021-8B15-5FF8E5AAB3DD}.Debug|x86.ActiveCfg = Debug|Any CPU
		{31AB684A-1B07-4021-8B15-5FF8E5AAB3DD}.Debug|x86.Build.0 = Debug|Any CPU
		{31AB684A-1B07-4021-8B15-5FF8E5AAB3DD}.Release|Any CPU.ActiveCfg = Release|Any CPU
		{31AB684A-1B07-4021-8B15-5FF8E5AAB3DD}.Release|Any CPU.Build.0 = Release|Any CPU
		{31AB684A-1B07-4021-8B15-5FF8E5AAB3DD}.Release|x64.ActiveCfg = Release|Any CPU
		{31AB684A-1B07-4021-8B15-5FF8E5AAB3DD}.Release|x64.Build.0 = Release|Any CPU
		{31AB684A-1B07-4021-8B15-5FF8E5AAB3DD}.Release|x86.ActiveCfg = Release|Any CPU
		{31AB684A-1B07-4021-8B15-5FF8E5AAB3DD}.Release|x86.Build.0 = Release|Any CPU
		{F479A18F-4178-4C3D-8B7B-03CD85F2ECED}.Debug|Any CPU.ActiveCfg = Debug|Any CPU
		{F479A18F-4178-4C3D-8B7B-03CD85F2ECED}.Debug|Any CPU.Build.0 = Debug|Any CPU
		{F479A18F-4178-4C3D-8B7B-03CD85F2ECED}.Debug|x64.ActiveCfg = Debug|Any CPU
		{F479A18F-4178-4C3D-8B7B-03CD85F2ECED}.Debug|x64.Build.0 = Debug|Any CPU
		{F479A18F-4178-4C3D-8B7B-03CD85F2ECED}.Debug|x86.ActiveCfg = Debug|Any CPU
		{F479A18F-4178-4C3D-8B7B-03CD85F2ECED}.Debug|x86.Build.0 = Debug|Any CPU
		{F479A18F-4178-4C3D-8B7B-03CD85F2ECED}.Release|Any CPU.ActiveCfg = Release|Any CPU
		{F479A18F-4178-4C3D-8B7B-03CD85F2ECED}.Release|Any CPU.Build.0 = Release|Any CPU
		{F479A18F-4178-4C3D-8B7B-03CD85F2ECED}.Release|x64.ActiveCfg = Release|Any CPU
		{F479A18F-4178-4C3D-8B7B-03CD85F2ECED}.Release|x64.Build.0 = Release|Any CPU
		{F479A18F-4178-4C3D-8B7B-03CD85F2ECED}.Release|x86.ActiveCfg = Release|Any CPU
		{F479A18F-4178-4C3D-8B7B-03CD85F2ECED}.Release|x86.Build.0 = Release|Any CPU
		{A5D58004-F861-4459-9BEE-BA71A135893F}.Debug|Any CPU.ActiveCfg = Debug|Any CPU
		{A5D58004-F861-4459-9BEE-BA71A135893F}.Debug|Any CPU.Build.0 = Debug|Any CPU
		{A5D58004-F861-4459-9BEE-BA71A135893F}.Debug|x64.ActiveCfg = Debug|Any CPU
		{A5D58004-F861-4459-9BEE-BA71A135893F}.Debug|x64.Build.0 = Debug|Any CPU
		{A5D58004-F861-4459-9BEE-BA71A135893F}.Debug|x86.ActiveCfg = Debug|Any CPU
		{A5D58004-F861-4459-9BEE-BA71A135893F}.Debug|x86.Build.0 = Debug|Any CPU
		{A5D58004-F861-4459-9BEE-BA71A135893F}.Release|Any CPU.ActiveCfg = Release|Any CPU
		{A5D58004-F861-4459-9BEE-BA71A135893F}.Release|Any CPU.Build.0 = Release|Any CPU
		{A5D58004-F861-4459-9BEE-BA71A135893F}.Release|x64.ActiveCfg = Release|Any CPU
		{A5D58004-F861-4459-9BEE-BA71A135893F}.Release|x64.Build.0 = Release|Any CPU
		{A5D58004-F861-4459-9BEE-BA71A135893F}.Release|x86.ActiveCfg = Release|Any CPU
		{A5D58004-F861-4459-9BEE-BA71A135893F}.Release|x86.Build.0 = Release|Any CPU
	EndGlobalSection
	GlobalSection(NestedProjects) = preSolution
		{DF7791CE-EAE6-47EF-BFD1-6731E74B04A2} = {6C71FC47-DE79-4091-A2BB-68DCA8536964}
		{1B5E22AA-4B30-4C5B-A1DE-464E01382A66} = {6C71FC47-DE79-4091-A2BB-68DCA8536964}
		{A57A406B-8D63-4380-8E31-52C85FC0C1CF} = {6C71FC47-DE79-4091-A2BB-68DCA8536964}
		{2401B557-F417-4784-A104-AAA17DEBB16E} = {41E0C4CF-B2D2-4C68-A00F-E2AF2B986B5A}
		{31AB684A-1B07-4021-8B15-5FF8E5AAB3DD} = {41E0C4CF-B2D2-4C68-A00F-E2AF2B986B5A}
		{F479A18F-4178-4C3D-8B7B-03CD85F2ECED} = {41E0C4CF-B2D2-4C68-A00F-E2AF2B986B5A}
		{A5D58004-F861-4459-9BEE-BA71A135893F} = {41E0C4CF-B2D2-4C68-A00F-E2AF2B986B5A}
	EndGlobalSection
EndGlobal
