
Microsoft Visual Studio Solution File, Format Version 12.00
# Visual Studio Version 16
VisualStudioVersion = 16.6.30114.105
MinimumVisualStudioVersion = 10.0.40219.1
Project("{2150E333-8FDC-42A3-9474-1A3956D46DE8}") = "src", "src", "{9E582EB7-3065-4CEC-A180-81494A0C925A}"
EndProject
Project("{FAE04EC0-301F-11D3-BF4B-00C04F79EFBC}") = "Ordering.WebApi", "src\Ordering.WebApi\Ordering.WebApi.csproj", "{04054B47-A93E-416A-BB43-99E798B6908E}"
EndProject
Project("{FAE04EC0-301F-11D3-BF4B-00C04F79EFBC}") = "Ordering.Core", "src\Ordering.Core\Ordering.Core.csproj", "{3616ACB7-A17B-48E8-9B0C-A317B2B9643A}"
EndProject
Project("{FAE04EC0-301F-11D3-BF4B-00C04F79EFBC}") = "Ordering.Infrastructure", "src\Ordering.Infrastructure\Ordering.Infrastructure.csproj", "{5F2C938F-3818-4734-BB69-E8353DC32871}"
EndProject
Project("{2150E333-8FDC-42A3-9474-1A3956D46DE8}") = "tests", "tests", "{326B52F1-A72B-4E91-A3B6-363BA457BDD2}"
EndProject
Project("{FAE04EC0-301F-11D3-BF4B-00C04F79EFBC}") = "Ordering.IntegrationTests", "tests\Ordering.IntegrationTests\Ordering.IntegrationTests.csproj", "{215E4D0F-7CB2-4A14-AA99-DB2566974B05}"
EndProject
Project("{FAE04EC0-301F-11D3-BF4B-00C04F79EFBC}") = "Ordering.FunctionalTests", "tests\Ordering.FunctionalTests\Ordering.FunctionalTests.csproj", "{4D3E57C9-D6DF-4BC7-A7AF-95265E485DC9}"
EndProject
Project("{FAE04EC0-301F-11D3-BF4B-00C04F79EFBC}") = "Ordering.SharedTestHelpers", "tests\Ordering.SharedTestHelpers\Ordering.SharedTestHelpers.csproj", "{11493B2D-06FD-49FF-BE80-38AB2E22EFF8}"
EndProject
Project("{FAE04EC0-301F-11D3-BF4B-00C04F79EFBC}") = "Ordering.UnitTests", "tests\Ordering.UnitTests\Ordering.UnitTests.csproj", "{3DFDBD6F-527F-4F32-9A41-E8A61917E1E3}"
EndProject
Global
	GlobalSection(SolutionConfigurationPlatforms) = preSolution
		Debug|Any CPU = Debug|Any CPU
		Debug|x64 = Debug|x64
		Debug|x86 = Debug|x86
		Release|Any CPU = Release|Any CPU
		Release|x64 = Release|x64
		Release|x86 = Release|x86
	EndGlobalSection
	GlobalSection(SolutionProperties) = preSolution
		HideSolutionNode = FALSE
	EndGlobalSection
	GlobalSection(ProjectConfigurationPlatforms) = postSolution
		{04054B47-A93E-416A-BB43-99E798B6908E}.Debug|Any CPU.ActiveCfg = Debug|Any CPU
		{04054B47-A93E-416A-BB43-99E798B6908E}.Debug|Any CPU.Build.0 = Debug|Any CPU
		{04054B47-A93E-416A-BB43-99E798B6908E}.Debug|x64.ActiveCfg = Debug|Any CPU
		{04054B47-A93E-416A-BB43-99E798B6908E}.Debug|x64.Build.0 = Debug|Any CPU
		{04054B47-A93E-416A-BB43-99E798B6908E}.Debug|x86.ActiveCfg = Debug|Any CPU
		{04054B47-A93E-416A-BB43-99E798B6908E}.Debug|x86.Build.0 = Debug|Any CPU
		{04054B47-A93E-416A-BB43-99E798B6908E}.Release|Any CPU.ActiveCfg = Release|Any CPU
		{04054B47-A93E-416A-BB43-99E798B6908E}.Release|Any CPU.Build.0 = Release|Any CPU
		{04054B47-A93E-416A-BB43-99E798B6908E}.Release|x64.ActiveCfg = Release|Any CPU
		{04054B47-A93E-416A-BB43-99E798B6908E}.Release|x64.Build.0 = Release|Any CPU
		{04054B47-A93E-416A-BB43-99E798B6908E}.Release|x86.ActiveCfg = Release|Any CPU
		{04054B47-A93E-416A-BB43-99E798B6908E}.Release|x86.Build.0 = Release|Any CPU
		{3616ACB7-A17B-48E8-9B0C-A317B2B9643A}.Debug|Any CPU.ActiveCfg = Debug|Any CPU
		{3616ACB7-A17B-48E8-9B0C-A317B2B9643A}.Debug|Any CPU.Build.0 = Debug|Any CPU
		{3616ACB7-A17B-48E8-9B0C-A317B2B9643A}.Debug|x64.ActiveCfg = Debug|Any CPU
		{3616ACB7-A17B-48E8-9B0C-A317B2B9643A}.Debug|x64.Build.0 = Debug|Any CPU
		{3616ACB7-A17B-48E8-9B0C-A317B2B9643A}.Debug|x86.ActiveCfg = Debug|Any CPU
		{3616ACB7-A17B-48E8-9B0C-A317B2B9643A}.Debug|x86.Build.0 = Debug|Any CPU
		{3616ACB7-A17B-48E8-9B0C-A317B2B9643A}.Release|Any CPU.ActiveCfg = Release|Any CPU
		{3616ACB7-A17B-48E8-9B0C-A317B2B9643A}.Release|Any CPU.Build.0 = Release|Any CPU
		{3616ACB7-A17B-48E8-9B0C-A317B2B9643A}.Release|x64.ActiveCfg = Release|Any CPU
		{3616ACB7-A17B-48E8-9B0C-A317B2B9643A}.Release|x64.Build.0 = Release|Any CPU
		{3616ACB7-A17B-48E8-9B0C-A317B2B9643A}.Release|x86.ActiveCfg = Release|Any CPU
		{3616ACB7-A17B-48E8-9B0C-A317B2B9643A}.Release|x86.Build.0 = Release|Any CPU
		{5F2C938F-3818-4734-BB69-E8353DC32871}.Debug|Any CPU.ActiveCfg = Debug|Any CPU
		{5F2C938F-3818-4734-BB69-E8353DC32871}.Debug|Any CPU.Build.0 = Debug|Any CPU
		{5F2C938F-3818-4734-BB69-E8353DC32871}.Debug|x64.ActiveCfg = Debug|Any CPU
		{5F2C938F-3818-4734-BB69-E8353DC32871}.Debug|x64.Build.0 = Debug|Any CPU
		{5F2C938F-3818-4734-BB69-E8353DC32871}.Debug|x86.ActiveCfg = Debug|Any CPU
		{5F2C938F-3818-4734-BB69-E8353DC32871}.Debug|x86.Build.0 = Debug|Any CPU
		{5F2C938F-3818-4734-BB69-E8353DC32871}.Release|Any CPU.ActiveCfg = Release|Any CPU
		{5F2C938F-3818-4734-BB69-E8353DC32871}.Release|Any CPU.Build.0 = Release|Any CPU
		{5F2C938F-3818-4734-BB69-E8353DC32871}.Release|x64.ActiveCfg = Release|Any CPU
		{5F2C938F-3818-4734-BB69-E8353DC32871}.Release|x64.Build.0 = Release|Any CPU
		{5F2C938F-3818-4734-BB69-E8353DC32871}.Release|x86.ActiveCfg = Release|Any CPU
		{5F2C938F-3818-4734-BB69-E8353DC32871}.Release|x86.Build.0 = Release|Any CPU
		{215E4D0F-7CB2-4A14-AA99-DB2566974B05}.Debug|Any CPU.ActiveCfg = Debug|Any CPU
		{215E4D0F-7CB2-4A14-AA99-DB2566974B05}.Debug|Any CPU.Build.0 = Debug|Any CPU
		{215E4D0F-7CB2-4A14-AA99-DB2566974B05}.Debug|x64.ActiveCfg = Debug|Any CPU
		{215E4D0F-7CB2-4A14-AA99-DB2566974B05}.Debug|x64.Build.0 = Debug|Any CPU
		{215E4D0F-7CB2-4A14-AA99-DB2566974B05}.Debug|x86.ActiveCfg = Debug|Any CPU
		{215E4D0F-7CB2-4A14-AA99-DB2566974B05}.Debug|x86.Build.0 = Debug|Any CPU
		{215E4D0F-7CB2-4A14-AA99-DB2566974B05}.Release|Any CPU.ActiveCfg = Release|Any CPU
		{215E4D0F-7CB2-4A14-AA99-DB2566974B05}.Release|Any CPU.Build.0 = Release|Any CPU
		{215E4D0F-7CB2-4A14-AA99-DB2566974B05}.Release|x64.ActiveCfg = Release|Any CPU
		{215E4D0F-7CB2-4A14-AA99-DB2566974B05}.Release|x64.Build.0 = Release|Any CPU
		{215E4D0F-7CB2-4A14-AA99-DB2566974B05}.Release|x86.ActiveCfg = Release|Any CPU
		{215E4D0F-7CB2-4A14-AA99-DB2566974B05}.Release|x86.Build.0 = Release|Any CPU
		{4D3E57C9-D6DF-4BC7-A7AF-95265E485DC9}.Debug|Any CPU.ActiveCfg = Debug|Any CPU
		{4D3E57C9-D6DF-4BC7-A7AF-95265E485DC9}.Debug|Any CPU.Build.0 = Debug|Any CPU
		{4D3E57C9-D6DF-4BC7-A7AF-95265E485DC9}.Debug|x64.ActiveCfg = Debug|Any CPU
		{4D3E57C9-D6DF-4BC7-A7AF-95265E485DC9}.Debug|x64.Build.0 = Debug|Any CPU
		{4D3E57C9-D6DF-4BC7-A7AF-95265E485DC9}.Debug|x86.ActiveCfg = Debug|Any CPU
		{4D3E57C9-D6DF-4BC7-A7AF-95265E485DC9}.Debug|x86.Build.0 = Debug|Any CPU
		{4D3E57C9-D6DF-4BC7-A7AF-95265E485DC9}.Release|Any CPU.ActiveCfg = Release|Any CPU
		{4D3E57C9-D6DF-4BC7-A7AF-95265E485DC9}.Release|Any CPU.Build.0 = Release|Any CPU
		{4D3E57C9-D6DF-4BC7-A7AF-95265E485DC9}.Release|x64.ActiveCfg = Release|Any CPU
		{4D3E57C9-D6DF-4BC7-A7AF-95265E485DC9}.Release|x64.Build.0 = Release|Any CPU
		{4D3E57C9-D6DF-4BC7-A7AF-95265E485DC9}.Release|x86.ActiveCfg = Release|Any CPU
		{4D3E57C9-D6DF-4BC7-A7AF-95265E485DC9}.Release|x86.Build.0 = Release|Any CPU
		{11493B2D-06FD-49FF-BE80-38AB2E22EFF8}.Debug|Any CPU.ActiveCfg = Debug|Any CPU
		{11493B2D-06FD-49FF-BE80-38AB2E22EFF8}.Debug|Any CPU.Build.0 = Debug|Any CPU
		{11493B2D-06FD-49FF-BE80-38AB2E22EFF8}.Debug|x64.ActiveCfg = Debug|Any CPU
		{11493B2D-06FD-49FF-BE80-38AB2E22EFF8}.Debug|x64.Build.0 = Debug|Any CPU
		{11493B2D-06FD-49FF-BE80-38AB2E22EFF8}.Debug|x86.ActiveCfg = Debug|Any CPU
		{11493B2D-06FD-49FF-BE80-38AB2E22EFF8}.Debug|x86.Build.0 = Debug|Any CPU
		{11493B2D-06FD-49FF-BE80-38AB2E22EFF8}.Release|Any CPU.ActiveCfg = Release|Any CPU
		{11493B2D-06FD-49FF-BE80-38AB2E22EFF8}.Release|Any CPU.Build.0 = Release|Any CPU
		{11493B2D-06FD-49FF-BE80-38AB2E22EFF8}.Release|x64.ActiveCfg = Release|Any CPU
		{11493B2D-06FD-49FF-BE80-38AB2E22EFF8}.Release|x64.Build.0 = Release|Any CPU
		{11493B2D-06FD-49FF-BE80-38AB2E22EFF8}.Release|x86.ActiveCfg = Release|Any CPU
		{11493B2D-06FD-49FF-BE80-38AB2E22EFF8}.Release|x86.Build.0 = Release|Any CPU
		{3DFDBD6F-527F-4F32-9A41-E8A61917E1E3}.Debug|Any CPU.ActiveCfg = Debug|Any CPU
		{3DFDBD6F-527F-4F32-9A41-E8A61917E1E3}.Debug|Any CPU.Build.0 = Debug|Any CPU
		{3DFDBD6F-527F-4F32-9A41-E8A61917E1E3}.Debug|x64.ActiveCfg = Debug|Any CPU
		{3DFDBD6F-527F-4F32-9A41-E8A61917E1E3}.Debug|x64.Build.0 = Debug|Any CPU
		{3DFDBD6F-527F-4F32-9A41-E8A61917E1E3}.Debug|x86.ActiveCfg = Debug|Any CPU
		{3DFDBD6F-527F-4F32-9A41-E8A61917E1E3}.Debug|x86.Build.0 = Debug|Any CPU
		{3DFDBD6F-527F-4F32-9A41-E8A61917E1E3}.Release|Any CPU.ActiveCfg = Release|Any CPU
		{3DFDBD6F-527F-4F32-9A41-E8A61917E1E3}.Release|Any CPU.Build.0 = Release|Any CPU
		{3DFDBD6F-527F-4F32-9A41-E8A61917E1E3}.Release|x64.ActiveCfg = Release|Any CPU
		{3DFDBD6F-527F-4F32-9A41-E8A61917E1E3}.Release|x64.Build.0 = Release|Any CPU
		{3DFDBD6F-527F-4F32-9A41-E8A61917E1E3}.Release|x86.ActiveCfg = Release|Any CPU
		{3DFDBD6F-527F-4F32-9A41-E8A61917E1E3}.Release|x86.Build.0 = Release|Any CPU
	EndGlobalSection
	GlobalSection(NestedProjects) = preSolution
		{04054B47-A93E-416A-BB43-99E798B6908E} = {9E582EB7-3065-4CEC-A180-81494A0C925A}
		{3616ACB7-A17B-48E8-9B0C-A317B2B9643A} = {9E582EB7-3065-4CEC-A180-81494A0C925A}
		{5F2C938F-3818-4734-BB69-E8353DC32871} = {9E582EB7-3065-4CEC-A180-81494A0C925A}
		{215E4D0F-7CB2-4A14-AA99-DB2566974B05} = {326B52F1-A72B-4E91-A3B6-363BA457BDD2}
		{4D3E57C9-D6DF-4BC7-A7AF-95265E485DC9} = {326B52F1-A72B-4E91-A3B6-363BA457BDD2}
		{11493B2D-06FD-49FF-BE80-38AB2E22EFF8} = {326B52F1-A72B-4E91-A3B6-363BA457BDD2}
		{3DFDBD6F-527F-4F32-9A41-E8A61917E1E3} = {326B52F1-A72B-4E91-A3B6-363BA457BDD2}
	EndGlobalSection
EndGlobal
