
Microsoft Visual Studio Solution File, Format Version 12.00
# Visual Studio Version 16
VisualStudioVersion = 16.6.30114.105
MinimumVisualStudioVersion = 10.0.40219.1
Project("{2150E333-8FDC-42A3-9474-1A3956D46DE8}") = "src", "src", "{3072B06D-A348-4C82-9378-2D94A764076A}"
EndProject
Project("{FAE04EC0-301F-11D3-BF4B-00C04F79EFBC}") = "Ordering.WebApi", "src\Ordering.WebApi\Ordering.WebApi.csproj", "{510F63FB-A362-4AEC-B510-1A7D81E128F0}"
EndProject
Project("{FAE04EC0-301F-11D3-BF4B-00C04F79EFBC}") = "Ordering.Core", "src\Ordering.Core\Ordering.Core.csproj", "{20426237-F691-44CE-8996-DB6A57E858D9}"
EndProject
Project("{FAE04EC0-301F-11D3-BF4B-00C04F79EFBC}") = "Ordering.Infrastructure", "src\Ordering.Infrastructure\Ordering.Infrastructure.csproj", "{3B29C3ED-AB74-4331-BAE7-CBC12EB72801}"
EndProject
Project("{2150E333-8FDC-42A3-9474-1A3956D46DE8}") = "tests", "tests", "{E9784327-9F00-46EF-88F0-2BACBE8F09F1}"
EndProject
Project("{FAE04EC0-301F-11D3-BF4B-00C04F79EFBC}") = "Ordering.IntegrationTests", "tests\Ordering.IntegrationTests\Ordering.IntegrationTests.csproj", "{FD8C0E6A-C0E9-496E-BA1B-0708C780D9AE}"
EndProject
Project("{FAE04EC0-301F-11D3-BF4B-00C04F79EFBC}") = "Ordering.FunctionalTests", "tests\Ordering.FunctionalTests\Ordering.FunctionalTests.csproj", "{8AD25E05-B0E2-498F-BC25-5051BF23764E}"
EndProject
Project("{FAE04EC0-301F-11D3-BF4B-00C04F79EFBC}") = "Ordering.SharedTestHelpers", "tests\Ordering.SharedTestHelpers\Ordering.SharedTestHelpers.csproj", "{B469CD1F-3FC3-43DA-B2A4-55A9F97E3CD7}"
EndProject
Project("{FAE04EC0-301F-11D3-BF4B-00C04F79EFBC}") = "Ordering.UnitTests", "tests\Ordering.UnitTests\Ordering.UnitTests.csproj", "{38237A0B-EA2E-4FDC-9D42-0CF980AA39FD}"
EndProject
Global
	GlobalSection(SolutionConfigurationPlatforms) = preSolution
		Debug|Any CPU = Debug|Any CPU
		Debug|x64 = Debug|x64
		Debug|x86 = Debug|x86
		Release|Any CPU = Release|Any CPU
		Release|x64 = Release|x64
		Release|x86 = Release|x86
	EndGlobalSection
	GlobalSection(SolutionProperties) = preSolution
		HideSolutionNode = FALSE
	EndGlobalSection
	GlobalSection(ProjectConfigurationPlatforms) = postSolution
		{510F63FB-A362-4AEC-B510-1A7D81E128F0}.Debug|Any CPU.ActiveCfg = Debug|Any CPU
		{510F63FB-A362-4AEC-B510-1A7D81E128F0}.Debug|Any CPU.Build.0 = Debug|Any CPU
		{510F63FB-A362-4AEC-B510-1A7D81E128F0}.Debug|x64.ActiveCfg = Debug|Any CPU
		{510F63FB-A362-4AEC-B510-1A7D81E128F0}.Debug|x64.Build.0 = Debug|Any CPU
		{510F63FB-A362-4AEC-B510-1A7D81E128F0}.Debug|x86.ActiveCfg = Debug|Any CPU
		{510F63FB-A362-4AEC-B510-1A7D81E128F0}.Debug|x86.Build.0 = Debug|Any CPU
		{510F63FB-A362-4AEC-B510-1A7D81E128F0}.Release|Any CPU.ActiveCfg = Release|Any CPU
		{510F63FB-A362-4AEC-B510-1A7D81E128F0}.Release|Any CPU.Build.0 = Release|Any CPU
		{510F63FB-A362-4AEC-B510-1A7D81E128F0}.Release|x64.ActiveCfg = Release|Any CPU
		{510F63FB-A362-4AEC-B510-1A7D81E128F0}.Release|x64.Build.0 = Release|Any CPU
		{510F63FB-A362-4AEC-B510-1A7D81E128F0}.Release|x86.ActiveCfg = Release|Any CPU
		{510F63FB-A362-4AEC-B510-1A7D81E128F0}.Release|x86.Build.0 = Release|Any CPU
		{20426237-F691-44CE-8996-DB6A57E858D9}.Debug|Any CPU.ActiveCfg = Debug|Any CPU
		{20426237-F691-44CE-8996-DB6A57E858D9}.Debug|Any CPU.Build.0 = Debug|Any CPU
		{20426237-F691-44CE-8996-DB6A57E858D9}.Debug|x64.ActiveCfg = Debug|Any CPU
		{20426237-F691-44CE-8996-DB6A57E858D9}.Debug|x64.Build.0 = Debug|Any CPU
		{20426237-F691-44CE-8996-DB6A57E858D9}.Debug|x86.ActiveCfg = Debug|Any CPU
		{20426237-F691-44CE-8996-DB6A57E858D9}.Debug|x86.Build.0 = Debug|Any CPU
		{20426237-F691-44CE-8996-DB6A57E858D9}.Release|Any CPU.ActiveCfg = Release|Any CPU
		{20426237-F691-44CE-8996-DB6A57E858D9}.Release|Any CPU.Build.0 = Release|Any CPU
		{20426237-F691-44CE-8996-DB6A57E858D9}.Release|x64.ActiveCfg = Release|Any CPU
		{20426237-F691-44CE-8996-DB6A57E858D9}.Release|x64.Build.0 = Release|Any CPU
		{20426237-F691-44CE-8996-DB6A57E858D9}.Release|x86.ActiveCfg = Release|Any CPU
		{20426237-F691-44CE-8996-DB6A57E858D9}.Release|x86.Build.0 = Release|Any CPU
		{3B29C3ED-AB74-4331-BAE7-CBC12EB72801}.Debug|Any CPU.ActiveCfg = Debug|Any CPU
		{3B29C3ED-AB74-4331-BAE7-CBC12EB72801}.Debug|Any CPU.Build.0 = Debug|Any CPU
		{3B29C3ED-AB74-4331-BAE7-CBC12EB72801}.Debug|x64.ActiveCfg = Debug|Any CPU
		{3B29C3ED-AB74-4331-BAE7-CBC12EB72801}.Debug|x64.Build.0 = Debug|Any CPU
		{3B29C3ED-AB74-4331-BAE7-CBC12EB72801}.Debug|x86.ActiveCfg = Debug|Any CPU
		{3B29C3ED-AB74-4331-BAE7-CBC12EB72801}.Debug|x86.Build.0 = Debug|Any CPU
		{3B29C3ED-AB74-4331-BAE7-CBC12EB72801}.Release|Any CPU.ActiveCfg = Release|Any CPU
		{3B29C3ED-AB74-4331-BAE7-CBC12EB72801}.Release|Any CPU.Build.0 = Release|Any CPU
		{3B29C3ED-AB74-4331-BAE7-CBC12EB72801}.Release|x64.ActiveCfg = Release|Any CPU
		{3B29C3ED-AB74-4331-BAE7-CBC12EB72801}.Release|x64.Build.0 = Release|Any CPU
		{3B29C3ED-AB74-4331-BAE7-CBC12EB72801}.Release|x86.ActiveCfg = Release|Any CPU
		{3B29C3ED-AB74-4331-BAE7-CBC12EB72801}.Release|x86.Build.0 = Release|Any CPU
		{FD8C0E6A-C0E9-496E-BA1B-0708C780D9AE}.Debug|Any CPU.ActiveCfg = Debug|Any CPU
		{FD8C0E6A-C0E9-496E-BA1B-0708C780D9AE}.Debug|Any CPU.Build.0 = Debug|Any CPU
		{FD8C0E6A-C0E9-496E-BA1B-0708C780D9AE}.Debug|x64.ActiveCfg = Debug|Any CPU
		{FD8C0E6A-C0E9-496E-BA1B-0708C780D9AE}.Debug|x64.Build.0 = Debug|Any CPU
		{FD8C0E6A-C0E9-496E-BA1B-0708C780D9AE}.Debug|x86.ActiveCfg = Debug|Any CPU
		{FD8C0E6A-C0E9-496E-BA1B-0708C780D9AE}.Debug|x86.Build.0 = Debug|Any CPU
		{FD8C0E6A-C0E9-496E-BA1B-0708C780D9AE}.Release|Any CPU.ActiveCfg = Release|Any CPU
		{FD8C0E6A-C0E9-496E-BA1B-0708C780D9AE}.Release|Any CPU.Build.0 = Release|Any CPU
		{FD8C0E6A-C0E9-496E-BA1B-0708C780D9AE}.Release|x64.ActiveCfg = Release|Any CPU
		{FD8C0E6A-C0E9-496E-BA1B-0708C780D9AE}.Release|x64.Build.0 = Release|Any CPU
		{FD8C0E6A-C0E9-496E-BA1B-0708C780D9AE}.Release|x86.ActiveCfg = Release|Any CPU
		{FD8C0E6A-C0E9-496E-BA1B-0708C780D9AE}.Release|x86.Build.0 = Release|Any CPU
		{8AD25E05-B0E2-498F-BC25-5051BF23764E}.Debug|Any CPU.ActiveCfg = Debug|Any CPU
		{8AD25E05-B0E2-498F-BC25-5051BF23764E}.Debug|Any CPU.Build.0 = Debug|Any CPU
		{8AD25E05-B0E2-498F-BC25-5051BF23764E}.Debug|x64.ActiveCfg = Debug|Any CPU
		{8AD25E05-B0E2-498F-BC25-5051BF23764E}.Debug|x64.Build.0 = Debug|Any CPU
		{8AD25E05-B0E2-498F-BC25-5051BF23764E}.Debug|x86.ActiveCfg = Debug|Any CPU
		{8AD25E05-B0E2-498F-BC25-5051BF23764E}.Debug|x86.Build.0 = Debug|Any CPU
		{8AD25E05-B0E2-498F-BC25-5051BF23764E}.Release|Any CPU.ActiveCfg = Release|Any CPU
		{8AD25E05-B0E2-498F-BC25-5051BF23764E}.Release|Any CPU.Build.0 = Release|Any CPU
		{8AD25E05-B0E2-498F-BC25-5051BF23764E}.Release|x64.ActiveCfg = Release|Any CPU
		{8AD25E05-B0E2-498F-BC25-5051BF23764E}.Release|x64.Build.0 = Release|Any CPU
		{8AD25E05-B0E2-498F-BC25-5051BF23764E}.Release|x86.ActiveCfg = Release|Any CPU
		{8AD25E05-B0E2-498F-BC25-5051BF23764E}.Release|x86.Build.0 = Release|Any CPU
		{B469CD1F-3FC3-43DA-B2A4-55A9F97E3CD7}.Debug|Any CPU.ActiveCfg = Debug|Any CPU
		{B469CD1F-3FC3-43DA-B2A4-55A9F97E3CD7}.Debug|Any CPU.Build.0 = Debug|Any CPU
		{B469CD1F-3FC3-43DA-B2A4-55A9F97E3CD7}.Debug|x64.ActiveCfg = Debug|Any CPU
		{B469CD1F-3FC3-43DA-B2A4-55A9F97E3CD7}.Debug|x64.Build.0 = Debug|Any CPU
		{B469CD1F-3FC3-43DA-B2A4-55A9F97E3CD7}.Debug|x86.ActiveCfg = Debug|Any CPU
		{B469CD1F-3FC3-43DA-B2A4-55A9F97E3CD7}.Debug|x86.Build.0 = Debug|Any CPU
		{B469CD1F-3FC3-43DA-B2A4-55A9F97E3CD7}.Release|Any CPU.ActiveCfg = Release|Any CPU
		{B469CD1F-3FC3-43DA-B2A4-55A9F97E3CD7}.Release|Any CPU.Build.0 = Release|Any CPU
		{B469CD1F-3FC3-43DA-B2A4-55A9F97E3CD7}.Release|x64.ActiveCfg = Release|Any CPU
		{B469CD1F-3FC3-43DA-B2A4-55A9F97E3CD7}.Release|x64.Build.0 = Release|Any CPU
		{B469CD1F-3FC3-43DA-B2A4-55A9F97E3CD7}.Release|x86.ActiveCfg = Release|Any CPU
		{B469CD1F-3FC3-43DA-B2A4-55A9F97E3CD7}.Release|x86.Build.0 = Release|Any CPU
		{38237A0B-EA2E-4FDC-9D42-0CF980AA39FD}.Debug|Any CPU.ActiveCfg = Debug|Any CPU
		{38237A0B-EA2E-4FDC-9D42-0CF980AA39FD}.Debug|Any CPU.Build.0 = Debug|Any CPU
		{38237A0B-EA2E-4FDC-9D42-0CF980AA39FD}.Debug|x64.ActiveCfg = Debug|Any CPU
		{38237A0B-EA2E-4FDC-9D42-0CF980AA39FD}.Debug|x64.Build.0 = Debug|Any CPU
		{38237A0B-EA2E-4FDC-9D42-0CF980AA39FD}.Debug|x86.ActiveCfg = Debug|Any CPU
		{38237A0B-EA2E-4FDC-9D42-0CF980AA39FD}.Debug|x86.Build.0 = Debug|Any CPU
		{38237A0B-EA2E-4FDC-9D42-0CF980AA39FD}.Release|Any CPU.ActiveCfg = Release|Any CPU
		{38237A0B-EA2E-4FDC-9D42-0CF980AA39FD}.Release|Any CPU.Build.0 = Release|Any CPU
		{38237A0B-EA2E-4FDC-9D42-0CF980AA39FD}.Release|x64.ActiveCfg = Release|Any CPU
		{38237A0B-EA2E-4FDC-9D42-0CF980AA39FD}.Release|x64.Build.0 = Release|Any CPU
		{38237A0B-EA2E-4FDC-9D42-0CF980AA39FD}.Release|x86.ActiveCfg = Release|Any CPU
		{38237A0B-EA2E-4FDC-9D42-0CF980AA39FD}.Release|x86.Build.0 = Release|Any CPU
	EndGlobalSection
	GlobalSection(NestedProjects) = preSolution
		{510F63FB-A362-4AEC-B510-1A7D81E128F0} = {3072B06D-A348-4C82-9378-2D94A764076A}
		{20426237-F691-44CE-8996-DB6A57E858D9} = {3072B06D-A348-4C82-9378-2D94A764076A}
		{3B29C3ED-AB74-4331-BAE7-CBC12EB72801} = {3072B06D-A348-4C82-9378-2D94A764076A}
		{FD8C0E6A-C0E9-496E-BA1B-0708C780D9AE} = {E9784327-9F00-46EF-88F0-2BACBE8F09F1}
		{8AD25E05-B0E2-498F-BC25-5051BF23764E} = {E9784327-9F00-46EF-88F0-2BACBE8F09F1}
		{B469CD1F-3FC3-43DA-B2A4-55A9F97E3CD7} = {E9784327-9F00-46EF-88F0-2BACBE8F09F1}
		{38237A0B-EA2E-4FDC-9D42-0CF980AA39FD} = {E9784327-9F00-46EF-88F0-2BACBE8F09F1}
	EndGlobalSection
EndGlobal
