
Microsoft Visual Studio Solution File, Format Version 12.00
# Visual Studio Version 16
VisualStudioVersion = 16.6.30114.105
MinimumVisualStudioVersion = 10.0.40219.1
Project("{2150E333-8FDC-42A3-9474-1A3956D46DE8}") = "Ordering", "Ordering", "{BE18B5F9-32D7-448F-AA0E-7EFBA8B2405A}"
EndProject
Project("{2150E333-8FDC-42A3-9474-1A3956D46DE8}") = "src", "src", "{283C926E-0F98-4B75-9871-E32B7E53E293}"
EndProject
Project("{FAE04EC0-301F-11D3-BF4B-00C04F79EFBC}") = "Ordering.WebApi", "Ordering\src\Ordering.WebApi\Ordering.WebApi.csproj", "{5A090B99-A3CB-45F7-8801-014B43A4FBAE}"
EndProject
Project("{FAE04EC0-301F-11D3-BF4B-00C04F79EFBC}") = "Ordering.Core", "Ordering\src\Ordering.Core\Ordering.Core.csproj", "{89E7A893-27F0-451C-8AE5-B446F4C98986}"
EndProject
Project("{FAE04EC0-301F-11D3-BF4B-00C04F79EFBC}") = "Ordering.Infrastructure", "Ordering\src\Ordering.Infrastructure\Ordering.Infrastructure.csproj", "{E461CACE-0D52-4C49-8800-454C9B4152D2}"
EndProject
Project("{2150E333-8FDC-42A3-9474-1A3956D46DE8}") = "tests", "tests", "{1FDEC41A-82B2-4BAB-AB3B-4A7F95C05F2C}"
EndProject
Project("{FAE04EC0-301F-11D3-BF4B-00C04F79EFBC}") = "Ordering.IntegrationTests", "Ordering\tests\Ordering.IntegrationTests\Ordering.IntegrationTests.csproj", "{23F32AAE-9CFB-4E51-90D0-08EE8424C02A}"
EndProject
Project("{FAE04EC0-301F-11D3-BF4B-00C04F79EFBC}") = "Ordering.FunctionalTests", "Ordering\tests\Ordering.FunctionalTests\Ordering.FunctionalTests.csproj", "{F9A719FA-8A8A-41AE-B105-A8303C398962}"
EndProject
Project("{FAE04EC0-301F-11D3-BF4B-00C04F79EFBC}") = "Ordering.SharedTestHelpers", "Ordering\tests\Ordering.SharedTestHelpers\Ordering.SharedTestHelpers.csproj", "{ED5E4EFE-1FDF-4FE3-975E-4B87F81FD304}"
EndProject
Project("{FAE04EC0-301F-11D3-BF4B-00C04F79EFBC}") = "Ordering.UnitTests", "Ordering\tests\Ordering.UnitTests\Ordering.UnitTests.csproj", "{43DF1AE3-29D5-42B5-B25F-1DCD67C550FC}"
EndProject
Project("{FAE04EC0-301F-11D3-BF4B-00C04F79EFBC}") = "Messages", "Messages\Messages.csproj", "{A7D436E0-5FF5-44D4-A5E8-D44125656E3B}"
EndProject
Project("{2150E333-8FDC-42A3-9474-1A3956D46DE8}") = "Billing", "Billing", "{ABA4941E-C4CF-4F16-A34D-45A8AAE9E631}"
EndProject
Project("{2150E333-8FDC-42A3-9474-1A3956D46DE8}") = "src", "src", "{61C8307E-7D03-482C-A077-B40BD4F30B10}"
EndProject
Project("{FAE04EC0-301F-11D3-BF4B-00C04F79EFBC}") = "Billing.WebApi", "Billing\src\Billing.WebApi\Billing.WebApi.csproj", "{B33EE88F-E089-4935-8EDD-93FDF300AA8D}"
EndProject
Project("{FAE04EC0-301F-11D3-BF4B-00C04F79EFBC}") = "Billing.Core", "Billing\src\Billing.Core\Billing.Core.csproj", "{A55679A0-E975-4D8A-98F8-7C0FEB3694A7}"
EndProject
Project("{FAE04EC0-301F-11D3-BF4B-00C04F79EFBC}") = "Billing.Infrastructure", "Billing\src\Billing.Infrastructure\Billing.Infrastructure.csproj", "{E978AEE3-7D2B-4968-BB32-654A47ED285F}"
EndProject
Project("{2150E333-8FDC-42A3-9474-1A3956D46DE8}") = "tests", "tests", "{B130318A-7B7E-42B5-B5DC-7629FBB51A2C}"
EndProject
Project("{FAE04EC0-301F-11D3-BF4B-00C04F79EFBC}") = "Billing.IntegrationTests", "Billing\tests\Billing.IntegrationTests\Billing.IntegrationTests.csproj", "{FE9ECF15-43FC-47EB-ADF1-899B3BA66A9F}"
EndProject
Project("{FAE04EC0-301F-11D3-BF4B-00C04F79EFBC}") = "Billing.FunctionalTests", "Billing\tests\Billing.FunctionalTests\Billing.FunctionalTests.csproj", "{2C20C154-F7F7-4F49-9D8C-45D26D01CBEC}"
EndProject
Project("{FAE04EC0-301F-11D3-BF4B-00C04F79EFBC}") = "Billing.SharedTestHelpers", "Billing\tests\Billing.SharedTestHelpers\Billing.SharedTestHelpers.csproj", "{E0601B2E-520E-4DE2-A359-210852115135}"
EndProject
Project("{FAE04EC0-301F-11D3-BF4B-00C04F79EFBC}") = "Billing.UnitTests", "Billing\tests\Billing.UnitTests\Billing.UnitTests.csproj", "{ECADB91C-0116-446D-9967-82AE95F39D47}"
EndProject
Global
	GlobalSection(SolutionConfigurationPlatforms) = preSolution
		Debug|Any CPU = Debug|Any CPU
		Debug|x64 = Debug|x64
		Debug|x86 = Debug|x86
		Release|Any CPU = Release|Any CPU
		Release|x64 = Release|x64
		Release|x86 = Release|x86
	EndGlobalSection
	GlobalSection(SolutionProperties) = preSolution
		HideSolutionNode = FALSE
	EndGlobalSection
	GlobalSection(ProjectConfigurationPlatforms) = postSolution
		{5A090B99-A3CB-45F7-8801-014B43A4FBAE}.Debug|Any CPU.ActiveCfg = Debug|Any CPU
		{5A090B99-A3CB-45F7-8801-014B43A4FBAE}.Debug|Any CPU.Build.0 = Debug|Any CPU
		{5A090B99-A3CB-45F7-8801-014B43A4FBAE}.Debug|x64.ActiveCfg = Debug|Any CPU
		{5A090B99-A3CB-45F7-8801-014B43A4FBAE}.Debug|x64.Build.0 = Debug|Any CPU
		{5A090B99-A3CB-45F7-8801-014B43A4FBAE}.Debug|x86.ActiveCfg = Debug|Any CPU
		{5A090B99-A3CB-45F7-8801-014B43A4FBAE}.Debug|x86.Build.0 = Debug|Any CPU
		{5A090B99-A3CB-45F7-8801-014B43A4FBAE}.Release|Any CPU.ActiveCfg = Release|Any CPU
		{5A090B99-A3CB-45F7-8801-014B43A4FBAE}.Release|Any CPU.Build.0 = Release|Any CPU
		{5A090B99-A3CB-45F7-8801-014B43A4FBAE}.Release|x64.ActiveCfg = Release|Any CPU
		{5A090B99-A3CB-45F7-8801-014B43A4FBAE}.Release|x64.Build.0 = Release|Any CPU
		{5A090B99-A3CB-45F7-8801-014B43A4FBAE}.Release|x86.ActiveCfg = Release|Any CPU
		{5A090B99-A3CB-45F7-8801-014B43A4FBAE}.Release|x86.Build.0 = Release|Any CPU
		{89E7A893-27F0-451C-8AE5-B446F4C98986}.Debug|Any CPU.ActiveCfg = Debug|Any CPU
		{89E7A893-27F0-451C-8AE5-B446F4C98986}.Debug|Any CPU.Build.0 = Debug|Any CPU
		{89E7A893-27F0-451C-8AE5-B446F4C98986}.Debug|x64.ActiveCfg = Debug|Any CPU
		{89E7A893-27F0-451C-8AE5-B446F4C98986}.Debug|x64.Build.0 = Debug|Any CPU
		{89E7A893-27F0-451C-8AE5-B446F4C98986}.Debug|x86.ActiveCfg = Debug|Any CPU
		{89E7A893-27F0-451C-8AE5-B446F4C98986}.Debug|x86.Build.0 = Debug|Any CPU
		{89E7A893-27F0-451C-8AE5-B446F4C98986}.Release|Any CPU.ActiveCfg = Release|Any CPU
		{89E7A893-27F0-451C-8AE5-B446F4C98986}.Release|Any CPU.Build.0 = Release|Any CPU
		{89E7A893-27F0-451C-8AE5-B446F4C98986}.Release|x64.ActiveCfg = Release|Any CPU
		{89E7A893-27F0-451C-8AE5-B446F4C98986}.Release|x64.Build.0 = Release|Any CPU
		{89E7A893-27F0-451C-8AE5-B446F4C98986}.Release|x86.ActiveCfg = Release|Any CPU
		{89E7A893-27F0-451C-8AE5-B446F4C98986}.Release|x86.Build.0 = Release|Any CPU
		{E461CACE-0D52-4C49-8800-454C9B4152D2}.Debug|Any CPU.ActiveCfg = Debug|Any CPU
		{E461CACE-0D52-4C49-8800-454C9B4152D2}.Debug|Any CPU.Build.0 = Debug|Any CPU
		{E461CACE-0D52-4C49-8800-454C9B4152D2}.Debug|x64.ActiveCfg = Debug|Any CPU
		{E461CACE-0D52-4C49-8800-454C9B4152D2}.Debug|x64.Build.0 = Debug|Any CPU
		{E461CACE-0D52-4C49-8800-454C9B4152D2}.Debug|x86.ActiveCfg = Debug|Any CPU
		{E461CACE-0D52-4C49-8800-454C9B4152D2}.Debug|x86.Build.0 = Debug|Any CPU
		{E461CACE-0D52-4C49-8800-454C9B4152D2}.Release|Any CPU.ActiveCfg = Release|Any CPU
		{E461CACE-0D52-4C49-8800-454C9B4152D2}.Release|Any CPU.Build.0 = Release|Any CPU
		{E461CACE-0D52-4C49-8800-454C9B4152D2}.Release|x64.ActiveCfg = Release|Any CPU
		{E461CACE-0D52-4C49-8800-454C9B4152D2}.Release|x64.Build.0 = Release|Any CPU
		{E461CACE-0D52-4C49-8800-454C9B4152D2}.Release|x86.ActiveCfg = Release|Any CPU
		{E461CACE-0D52-4C49-8800-454C9B4152D2}.Release|x86.Build.0 = Release|Any CPU
		{23F32AAE-9CFB-4E51-90D0-08EE8424C02A}.Debug|Any CPU.ActiveCfg = Debug|Any CPU
		{23F32AAE-9CFB-4E51-90D0-08EE8424C02A}.Debug|Any CPU.Build.0 = Debug|Any CPU
		{23F32AAE-9CFB-4E51-90D0-08EE8424C02A}.Debug|x64.ActiveCfg = Debug|Any CPU
		{23F32AAE-9CFB-4E51-90D0-08EE8424C02A}.Debug|x64.Build.0 = Debug|Any CPU
		{23F32AAE-9CFB-4E51-90D0-08EE8424C02A}.Debug|x86.ActiveCfg = Debug|Any CPU
		{23F32AAE-9CFB-4E51-90D0-08EE8424C02A}.Debug|x86.Build.0 = Debug|Any CPU
		{23F32AAE-9CFB-4E51-90D0-08EE8424C02A}.Release|Any CPU.ActiveCfg = Release|Any CPU
		{23F32AAE-9CFB-4E51-90D0-08EE8424C02A}.Release|Any CPU.Build.0 = Release|Any CPU
		{23F32AAE-9CFB-4E51-90D0-08EE8424C02A}.Release|x64.ActiveCfg = Release|Any CPU
		{23F32AAE-9CFB-4E51-90D0-08EE8424C02A}.Release|x64.Build.0 = Release|Any CPU
		{23F32AAE-9CFB-4E51-90D0-08EE8424C02A}.Release|x86.ActiveCfg = Release|Any CPU
		{23F32AAE-9CFB-4E51-90D0-08EE8424C02A}.Release|x86.Build.0 = Release|Any CPU
		{F9A719FA-8A8A-41AE-B105-A8303C398962}.Debug|Any CPU.ActiveCfg = Debug|Any CPU
		{F9A719FA-8A8A-41AE-B105-A8303C398962}.Debug|Any CPU.Build.0 = Debug|Any CPU
		{F9A719FA-8A8A-41AE-B105-A8303C398962}.Debug|x64.ActiveCfg = Debug|Any CPU
		{F9A719FA-8A8A-41AE-B105-A8303C398962}.Debug|x64.Build.0 = Debug|Any CPU
		{F9A719FA-8A8A-41AE-B105-A8303C398962}.Debug|x86.ActiveCfg = Debug|Any CPU
		{F9A719FA-8A8A-41AE-B105-A8303C398962}.Debug|x86.Build.0 = Debug|Any CPU
		{F9A719FA-8A8A-41AE-B105-A8303C398962}.Release|Any CPU.ActiveCfg = Release|Any CPU
		{F9A719FA-8A8A-41AE-B105-A8303C398962}.Release|Any CPU.Build.0 = Release|Any CPU
		{F9A719FA-8A8A-41AE-B105-A8303C398962}.Release|x64.ActiveCfg = Release|Any CPU
		{F9A719FA-8A8A-41AE-B105-A8303C398962}.Release|x64.Build.0 = Release|Any CPU
		{F9A719FA-8A8A-41AE-B105-A8303C398962}.Release|x86.ActiveCfg = Release|Any CPU
		{F9A719FA-8A8A-41AE-B105-A8303C398962}.Release|x86.Build.0 = Release|Any CPU
		{ED5E4EFE-1FDF-4FE3-975E-4B87F81FD304}.Debug|Any CPU.ActiveCfg = Debug|Any CPU
		{ED5E4EFE-1FDF-4FE3-975E-4B87F81FD304}.Debug|Any CPU.Build.0 = Debug|Any CPU
		{ED5E4EFE-1FDF-4FE3-975E-4B87F81FD304}.Debug|x64.ActiveCfg = Debug|Any CPU
		{ED5E4EFE-1FDF-4FE3-975E-4B87F81FD304}.Debug|x64.Build.0 = Debug|Any CPU
		{ED5E4EFE-1FDF-4FE3-975E-4B87F81FD304}.Debug|x86.ActiveCfg = Debug|Any CPU
		{ED5E4EFE-1FDF-4FE3-975E-4B87F81FD304}.Debug|x86.Build.0 = Debug|Any CPU
		{ED5E4EFE-1FDF-4FE3-975E-4B87F81FD304}.Release|Any CPU.ActiveCfg = Release|Any CPU
		{ED5E4EFE-1FDF-4FE3-975E-4B87F81FD304}.Release|Any CPU.Build.0 = Release|Any CPU
		{ED5E4EFE-1FDF-4FE3-975E-4B87F81FD304}.Release|x64.ActiveCfg = Release|Any CPU
		{ED5E4EFE-1FDF-4FE3-975E-4B87F81FD304}.Release|x64.Build.0 = Release|Any CPU
		{ED5E4EFE-1FDF-4FE3-975E-4B87F81FD304}.Release|x86.ActiveCfg = Release|Any CPU
		{ED5E4EFE-1FDF-4FE3-975E-4B87F81FD304}.Release|x86.Build.0 = Release|Any CPU
		{43DF1AE3-29D5-42B5-B25F-1DCD67C550FC}.Debug|Any CPU.ActiveCfg = Debug|Any CPU
		{43DF1AE3-29D5-42B5-B25F-1DCD67C550FC}.Debug|Any CPU.Build.0 = Debug|Any CPU
		{43DF1AE3-29D5-42B5-B25F-1DCD67C550FC}.Debug|x64.ActiveCfg = Debug|Any CPU
		{43DF1AE3-29D5-42B5-B25F-1DCD67C550FC}.Debug|x64.Build.0 = Debug|Any CPU
		{43DF1AE3-29D5-42B5-B25F-1DCD67C550FC}.Debug|x86.ActiveCfg = Debug|Any CPU
		{43DF1AE3-29D5-42B5-B25F-1DCD67C550FC}.Debug|x86.Build.0 = Debug|Any CPU
		{43DF1AE3-29D5-42B5-B25F-1DCD67C550FC}.Release|Any CPU.ActiveCfg = Release|Any CPU
		{43DF1AE3-29D5-42B5-B25F-1DCD67C550FC}.Release|Any CPU.Build.0 = Release|Any CPU
		{43DF1AE3-29D5-42B5-B25F-1DCD67C550FC}.Release|x64.ActiveCfg = Release|Any CPU
		{43DF1AE3-29D5-42B5-B25F-1DCD67C550FC}.Release|x64.Build.0 = Release|Any CPU
		{43DF1AE3-29D5-42B5-B25F-1DCD67C550FC}.Release|x86.ActiveCfg = Release|Any CPU
		{43DF1AE3-29D5-42B5-B25F-1DCD67C550FC}.Release|x86.Build.0 = Release|Any CPU
		{A7D436E0-5FF5-44D4-A5E8-D44125656E3B}.Debug|Any CPU.ActiveCfg = Debug|Any CPU
		{A7D436E0-5FF5-44D4-A5E8-D44125656E3B}.Debug|Any CPU.Build.0 = Debug|Any CPU
		{A7D436E0-5FF5-44D4-A5E8-D44125656E3B}.Debug|x64.ActiveCfg = Debug|Any CPU
		{A7D436E0-5FF5-44D4-A5E8-D44125656E3B}.Debug|x64.Build.0 = Debug|Any CPU
		{A7D436E0-5FF5-44D4-A5E8-D44125656E3B}.Debug|x86.ActiveCfg = Debug|Any CPU
		{A7D436E0-5FF5-44D4-A5E8-D44125656E3B}.Debug|x86.Build.0 = Debug|Any CPU
		{A7D436E0-5FF5-44D4-A5E8-D44125656E3B}.Release|Any CPU.ActiveCfg = Release|Any CPU
		{A7D436E0-5FF5-44D4-A5E8-D44125656E3B}.Release|Any CPU.Build.0 = Release|Any CPU
		{A7D436E0-5FF5-44D4-A5E8-D44125656E3B}.Release|x64.ActiveCfg = Release|Any CPU
		{A7D436E0-5FF5-44D4-A5E8-D44125656E3B}.Release|x64.Build.0 = Release|Any CPU
		{A7D436E0-5FF5-44D4-A5E8-D44125656E3B}.Release|x86.ActiveCfg = Release|Any CPU
		{A7D436E0-5FF5-44D4-A5E8-D44125656E3B}.Release|x86.Build.0 = Release|Any CPU
		{B33EE88F-E089-4935-8EDD-93FDF300AA8D}.Debug|Any CPU.ActiveCfg = Debug|Any CPU
		{B33EE88F-E089-4935-8EDD-93FDF300AA8D}.Debug|Any CPU.Build.0 = Debug|Any CPU
		{B33EE88F-E089-4935-8EDD-93FDF300AA8D}.Debug|x64.ActiveCfg = Debug|Any CPU
		{B33EE88F-E089-4935-8EDD-93FDF300AA8D}.Debug|x64.Build.0 = Debug|Any CPU
		{B33EE88F-E089-4935-8EDD-93FDF300AA8D}.Debug|x86.ActiveCfg = Debug|Any CPU
		{B33EE88F-E089-4935-8EDD-93FDF300AA8D}.Debug|x86.Build.0 = Debug|Any CPU
		{B33EE88F-E089-4935-8EDD-93FDF300AA8D}.Release|Any CPU.ActiveCfg = Release|Any CPU
		{B33EE88F-E089-4935-8EDD-93FDF300AA8D}.Release|Any CPU.Build.0 = Release|Any CPU
		{B33EE88F-E089-4935-8EDD-93FDF300AA8D}.Release|x64.ActiveCfg = Release|Any CPU
		{B33EE88F-E089-4935-8EDD-93FDF300AA8D}.Release|x64.Build.0 = Release|Any CPU
		{B33EE88F-E089-4935-8EDD-93FDF300AA8D}.Release|x86.ActiveCfg = Release|Any CPU
		{B33EE88F-E089-4935-8EDD-93FDF300AA8D}.Release|x86.Build.0 = Release|Any CPU
		{A55679A0-E975-4D8A-98F8-7C0FEB3694A7}.Debug|Any CPU.ActiveCfg = Debug|Any CPU
		{A55679A0-E975-4D8A-98F8-7C0FEB3694A7}.Debug|Any CPU.Build.0 = Debug|Any CPU
		{A55679A0-E975-4D8A-98F8-7C0FEB3694A7}.Debug|x64.ActiveCfg = Debug|Any CPU
		{A55679A0-E975-4D8A-98F8-7C0FEB3694A7}.Debug|x64.Build.0 = Debug|Any CPU
		{A55679A0-E975-4D8A-98F8-7C0FEB3694A7}.Debug|x86.ActiveCfg = Debug|Any CPU
		{A55679A0-E975-4D8A-98F8-7C0FEB3694A7}.Debug|x86.Build.0 = Debug|Any CPU
		{A55679A0-E975-4D8A-98F8-7C0FEB3694A7}.Release|Any CPU.ActiveCfg = Release|Any CPU
		{A55679A0-E975-4D8A-98F8-7C0FEB3694A7}.Release|Any CPU.Build.0 = Release|Any CPU
		{A55679A0-E975-4D8A-98F8-7C0FEB3694A7}.Release|x64.ActiveCfg = Release|Any CPU
		{A55679A0-E975-4D8A-98F8-7C0FEB3694A7}.Release|x64.Build.0 = Release|Any CPU
		{A55679A0-E975-4D8A-98F8-7C0FEB3694A7}.Release|x86.ActiveCfg = Release|Any CPU
		{A55679A0-E975-4D8A-98F8-7C0FEB3694A7}.Release|x86.Build.0 = Release|Any CPU
		{E978AEE3-7D2B-4968-BB32-654A47ED285F}.Debug|Any CPU.ActiveCfg = Debug|Any CPU
		{E978AEE3-7D2B-4968-BB32-654A47ED285F}.Debug|Any CPU.Build.0 = Debug|Any CPU
		{E978AEE3-7D2B-4968-BB32-654A47ED285F}.Debug|x64.ActiveCfg = Debug|Any CPU
		{E978AEE3-7D2B-4968-BB32-654A47ED285F}.Debug|x64.Build.0 = Debug|Any CPU
		{E978AEE3-7D2B-4968-BB32-654A47ED285F}.Debug|x86.ActiveCfg = Debug|Any CPU
		{E978AEE3-7D2B-4968-BB32-654A47ED285F}.Debug|x86.Build.0 = Debug|Any CPU
		{E978AEE3-7D2B-4968-BB32-654A47ED285F}.Release|Any CPU.ActiveCfg = Release|Any CPU
		{E978AEE3-7D2B-4968-BB32-654A47ED285F}.Release|Any CPU.Build.0 = Release|Any CPU
		{E978AEE3-7D2B-4968-BB32-654A47ED285F}.Release|x64.ActiveCfg = Release|Any CPU
		{E978AEE3-7D2B-4968-BB32-654A47ED285F}.Release|x64.Build.0 = Release|Any CPU
		{E978AEE3-7D2B-4968-BB32-654A47ED285F}.Release|x86.ActiveCfg = Release|Any CPU
		{E978AEE3-7D2B-4968-BB32-654A47ED285F}.Release|x86.Build.0 = Release|Any CPU
		{FE9ECF15-43FC-47EB-ADF1-899B3BA66A9F}.Debug|Any CPU.ActiveCfg = Debug|Any CPU
		{FE9ECF15-43FC-47EB-ADF1-899B3BA66A9F}.Debug|Any CPU.Build.0 = Debug|Any CPU
		{FE9ECF15-43FC-47EB-ADF1-899B3BA66A9F}.Debug|x64.ActiveCfg = Debug|Any CPU
		{FE9ECF15-43FC-47EB-ADF1-899B3BA66A9F}.Debug|x64.Build.0 = Debug|Any CPU
		{FE9ECF15-43FC-47EB-ADF1-899B3BA66A9F}.Debug|x86.ActiveCfg = Debug|Any CPU
		{FE9ECF15-43FC-47EB-ADF1-899B3BA66A9F}.Debug|x86.Build.0 = Debug|Any CPU
		{FE9ECF15-43FC-47EB-ADF1-899B3BA66A9F}.Release|Any CPU.ActiveCfg = Release|Any CPU
		{FE9ECF15-43FC-47EB-ADF1-899B3BA66A9F}.Release|Any CPU.Build.0 = Release|Any CPU
		{FE9ECF15-43FC-47EB-ADF1-899B3BA66A9F}.Release|x64.ActiveCfg = Release|Any CPU
		{FE9ECF15-43FC-47EB-ADF1-899B3BA66A9F}.Release|x64.Build.0 = Release|Any CPU
		{FE9ECF15-43FC-47EB-ADF1-899B3BA66A9F}.Release|x86.ActiveCfg = Release|Any CPU
		{FE9ECF15-43FC-47EB-ADF1-899B3BA66A9F}.Release|x86.Build.0 = Release|Any CPU
		{2C20C154-F7F7-4F49-9D8C-45D26D01CBEC}.Debug|Any CPU.ActiveCfg = Debug|Any CPU
		{2C20C154-F7F7-4F49-9D8C-45D26D01CBEC}.Debug|Any CPU.Build.0 = Debug|Any CPU
		{2C20C154-F7F7-4F49-9D8C-45D26D01CBEC}.Debug|x64.ActiveCfg = Debug|Any CPU
		{2C20C154-F7F7-4F49-9D8C-45D26D01CBEC}.Debug|x64.Build.0 = Debug|Any CPU
		{2C20C154-F7F7-4F49-9D8C-45D26D01CBEC}.Debug|x86.ActiveCfg = Debug|Any CPU
		{2C20C154-F7F7-4F49-9D8C-45D26D01CBEC}.Debug|x86.Build.0 = Debug|Any CPU
		{2C20C154-F7F7-4F49-9D8C-45D26D01CBEC}.Release|Any CPU.ActiveCfg = Release|Any CPU
		{2C20C154-F7F7-4F49-9D8C-45D26D01CBEC}.Release|Any CPU.Build.0 = Release|Any CPU
		{2C20C154-F7F7-4F49-9D8C-45D26D01CBEC}.Release|x64.ActiveCfg = Release|Any CPU
		{2C20C154-F7F7-4F49-9D8C-45D26D01CBEC}.Release|x64.Build.0 = Release|Any CPU
		{2C20C154-F7F7-4F49-9D8C-45D26D01CBEC}.Release|x86.ActiveCfg = Release|Any CPU
		{2C20C154-F7F7-4F49-9D8C-45D26D01CBEC}.Release|x86.Build.0 = Release|Any CPU
		{E0601B2E-520E-4DE2-A359-210852115135}.Debug|Any CPU.ActiveCfg = Debug|Any CPU
		{E0601B2E-520E-4DE2-A359-210852115135}.Debug|Any CPU.Build.0 = Debug|Any CPU
		{E0601B2E-520E-4DE2-A359-210852115135}.Debug|x64.ActiveCfg = Debug|Any CPU
		{E0601B2E-520E-4DE2-A359-210852115135}.Debug|x64.Build.0 = Debug|Any CPU
		{E0601B2E-520E-4DE2-A359-210852115135}.Debug|x86.ActiveCfg = Debug|Any CPU
		{E0601B2E-520E-4DE2-A359-210852115135}.Debug|x86.Build.0 = Debug|Any CPU
		{E0601B2E-520E-4DE2-A359-210852115135}.Release|Any CPU.ActiveCfg = Release|Any CPU
		{E0601B2E-520E-4DE2-A359-210852115135}.Release|Any CPU.Build.0 = Release|Any CPU
		{E0601B2E-520E-4DE2-A359-210852115135}.Release|x64.ActiveCfg = Release|Any CPU
		{E0601B2E-520E-4DE2-A359-210852115135}.Release|x64.Build.0 = Release|Any CPU
		{E0601B2E-520E-4DE2-A359-210852115135}.Release|x86.ActiveCfg = Release|Any CPU
		{E0601B2E-520E-4DE2-A359-210852115135}.Release|x86.Build.0 = Release|Any CPU
		{ECADB91C-0116-446D-9967-82AE95F39D47}.Debug|Any CPU.ActiveCfg = Debug|Any CPU
		{ECADB91C-0116-446D-9967-82AE95F39D47}.Debug|Any CPU.Build.0 = Debug|Any CPU
		{ECADB91C-0116-446D-9967-82AE95F39D47}.Debug|x64.ActiveCfg = Debug|Any CPU
		{ECADB91C-0116-446D-9967-82AE95F39D47}.Debug|x64.Build.0 = Debug|Any CPU
		{ECADB91C-0116-446D-9967-82AE95F39D47}.Debug|x86.ActiveCfg = Debug|Any CPU
		{ECADB91C-0116-446D-9967-82AE95F39D47}.Debug|x86.Build.0 = Debug|Any CPU
		{ECADB91C-0116-446D-9967-82AE95F39D47}.Release|Any CPU.ActiveCfg = Release|Any CPU
		{ECADB91C-0116-446D-9967-82AE95F39D47}.Release|Any CPU.Build.0 = Release|Any CPU
		{ECADB91C-0116-446D-9967-82AE95F39D47}.Release|x64.ActiveCfg = Release|Any CPU
		{ECADB91C-0116-446D-9967-82AE95F39D47}.Release|x64.Build.0 = Release|Any CPU
		{ECADB91C-0116-446D-9967-82AE95F39D47}.Release|x86.ActiveCfg = Release|Any CPU
		{ECADB91C-0116-446D-9967-82AE95F39D47}.Release|x86.Build.0 = Release|Any CPU
	EndGlobalSection
	GlobalSection(NestedProjects) = preSolution
		{283C926E-0F98-4B75-9871-E32B7E53E293} = {BE18B5F9-32D7-448F-AA0E-7EFBA8B2405A}
		{5A090B99-A3CB-45F7-8801-014B43A4FBAE} = {283C926E-0F98-4B75-9871-E32B7E53E293}
		{89E7A893-27F0-451C-8AE5-B446F4C98986} = {283C926E-0F98-4B75-9871-E32B7E53E293}
		{E461CACE-0D52-4C49-8800-454C9B4152D2} = {283C926E-0F98-4B75-9871-E32B7E53E293}
		{1FDEC41A-82B2-4BAB-AB3B-4A7F95C05F2C} = {BE18B5F9-32D7-448F-AA0E-7EFBA8B2405A}
		{23F32AAE-9CFB-4E51-90D0-08EE8424C02A} = {1FDEC41A-82B2-4BAB-AB3B-4A7F95C05F2C}
		{F9A719FA-8A8A-41AE-B105-A8303C398962} = {1FDEC41A-82B2-4BAB-AB3B-4A7F95C05F2C}
		{ED5E4EFE-1FDF-4FE3-975E-4B87F81FD304} = {1FDEC41A-82B2-4BAB-AB3B-4A7F95C05F2C}
		{43DF1AE3-29D5-42B5-B25F-1DCD67C550FC} = {1FDEC41A-82B2-4BAB-AB3B-4A7F95C05F2C}
		{61C8307E-7D03-482C-A077-B40BD4F30B10} = {ABA4941E-C4CF-4F16-A34D-45A8AAE9E631}
		{B33EE88F-E089-4935-8EDD-93FDF300AA8D} = {61C8307E-7D03-482C-A077-B40BD4F30B10}
		{A55679A0-E975-4D8A-98F8-7C0FEB3694A7} = {61C8307E-7D03-482C-A077-B40BD4F30B10}
		{E978AEE3-7D2B-4968-BB32-654A47ED285F} = {61C8307E-7D03-482C-A077-B40BD4F30B10}
		{B130318A-7B7E-42B5-B5DC-7629FBB51A2C} = {ABA4941E-C4CF-4F16-A34D-45A8AAE9E631}
		{FE9ECF15-43FC-47EB-ADF1-899B3BA66A9F} = {B130318A-7B7E-42B5-B5DC-7629FBB51A2C}
		{2C20C154-F7F7-4F49-9D8C-45D26D01CBEC} = {B130318A-7B7E-42B5-B5DC-7629FBB51A2C}
		{E0601B2E-520E-4DE2-A359-210852115135} = {B130318A-7B7E-42B5-B5DC-7629FBB51A2C}
		{ECADB91C-0116-446D-9967-82AE95F39D47} = {B130318A-7B7E-42B5-B5DC-7629FBB51A2C}
	EndGlobalSection
EndGlobal
