
Microsoft Visual Studio Solution File, Format Version 12.00
# Visual Studio Version 16
VisualStudioVersion = 16.6.30114.105
MinimumVisualStudioVersion = 10.0.40219.1
Project("{2150E333-8FDC-42A3-9474-1A3956D46DE8}") = "Ordering", "Ordering", "{7090FF99-C485-412D-B35E-43E8F9BD52A0}"
EndProject
Project("{2150E333-8FDC-42A3-9474-1A3956D46DE8}") = "src", "src", "{B2ECD0FD-1A77-4E57-8DC8-D4BDCB8F27EE}"
EndProject
Project("{FAE04EC0-301F-11D3-BF4B-00C04F79EFBC}") = "Ordering.WebApi", "Ordering\src\Ordering.WebApi\Ordering.WebApi.csproj", "{E111E95A-EE04-4FB9-9FB5-5765742494B5}"
EndProject
Project("{FAE04EC0-301F-11D3-BF4B-00C04F79EFBC}") = "Ordering.Core", "Ordering\src\Ordering.Core\Ordering.Core.csproj", "{77D5258C-74A8-4E04-B932-9702EBD6C270}"
EndProject
Project("{FAE04EC0-301F-11D3-BF4B-00C04F79EFBC}") = "Ordering.Infrastructure", "Ordering\src\Ordering.Infrastructure\Ordering.Infrastructure.csproj", "{8A6DF60D-75A5-429F-B9CD-E71815E7CC4A}"
EndProject
Project("{2150E333-8FDC-42A3-9474-1A3956D46DE8}") = "tests", "tests", "{8CBA4A74-D3E5-40B8-943E-01E228414364}"
EndProject
Project("{FAE04EC0-301F-11D3-BF4B-00C04F79EFBC}") = "Ordering.IntegrationTests", "Ordering\tests\Ordering.IntegrationTests\Ordering.IntegrationTests.csproj", "{69A4C17C-E539-457C-ABFB-3FD09600EB3D}"
EndProject
Project("{FAE04EC0-301F-11D3-BF4B-00C04F79EFBC}") = "Ordering.FunctionalTests", "Ordering\tests\Ordering.FunctionalTests\Ordering.FunctionalTests.csproj", "{2B23A1E9-8B26-459C-9816-8B3D6267AB8B}"
EndProject
Project("{FAE04EC0-301F-11D3-BF4B-00C04F79EFBC}") = "Ordering.SharedTestHelpers", "Ordering\tests\Ordering.SharedTestHelpers\Ordering.SharedTestHelpers.csproj", "{3A8BA958-CDAE-48E8-96F1-FD021B9E9E84}"
EndProject
Project("{FAE04EC0-301F-11D3-BF4B-00C04F79EFBC}") = "Ordering.UnitTests", "Ordering\tests\Ordering.UnitTests\Ordering.UnitTests.csproj", "{ECDD14E6-B169-42B5-A647-80416937468C}"
EndProject
Global
	GlobalSection(SolutionConfigurationPlatforms) = preSolution
		Debug|Any CPU = Debug|Any CPU
		Debug|x64 = Debug|x64
		Debug|x86 = Debug|x86
		Release|Any CPU = Release|Any CPU
		Release|x64 = Release|x64
		Release|x86 = Release|x86
	EndGlobalSection
	GlobalSection(SolutionProperties) = preSolution
		HideSolutionNode = FALSE
	EndGlobalSection
	GlobalSection(ProjectConfigurationPlatforms) = postSolution
		{E111E95A-EE04-4FB9-9FB5-5765742494B5}.Debug|Any CPU.ActiveCfg = Debug|Any CPU
		{E111E95A-EE04-4FB9-9FB5-5765742494B5}.Debug|Any CPU.Build.0 = Debug|Any CPU
		{E111E95A-EE04-4FB9-9FB5-5765742494B5}.Debug|x64.ActiveCfg = Debug|Any CPU
		{E111E95A-EE04-4FB9-9FB5-5765742494B5}.Debug|x64.Build.0 = Debug|Any CPU
		{E111E95A-EE04-4FB9-9FB5-5765742494B5}.Debug|x86.ActiveCfg = Debug|Any CPU
		{E111E95A-EE04-4FB9-9FB5-5765742494B5}.Debug|x86.Build.0 = Debug|Any CPU
		{E111E95A-EE04-4FB9-9FB5-5765742494B5}.Release|Any CPU.ActiveCfg = Release|Any CPU
		{E111E95A-EE04-4FB9-9FB5-5765742494B5}.Release|Any CPU.Build.0 = Release|Any CPU
		{E111E95A-EE04-4FB9-9FB5-5765742494B5}.Release|x64.ActiveCfg = Release|Any CPU
		{E111E95A-EE04-4FB9-9FB5-5765742494B5}.Release|x64.Build.0 = Release|Any CPU
		{E111E95A-EE04-4FB9-9FB5-5765742494B5}.Release|x86.ActiveCfg = Release|Any CPU
		{E111E95A-EE04-4FB9-9FB5-5765742494B5}.Release|x86.Build.0 = Release|Any CPU
		{77D5258C-74A8-4E04-B932-9702EBD6C270}.Debug|Any CPU.ActiveCfg = Debug|Any CPU
		{77D5258C-74A8-4E04-B932-9702EBD6C270}.Debug|Any CPU.Build.0 = Debug|Any CPU
		{77D5258C-74A8-4E04-B932-9702EBD6C270}.Debug|x64.ActiveCfg = Debug|Any CPU
		{77D5258C-74A8-4E04-B932-9702EBD6C270}.Debug|x64.Build.0 = Debug|Any CPU
		{77D5258C-74A8-4E04-B932-9702EBD6C270}.Debug|x86.ActiveCfg = Debug|Any CPU
		{77D5258C-74A8-4E04-B932-9702EBD6C270}.Debug|x86.Build.0 = Debug|Any CPU
		{77D5258C-74A8-4E04-B932-9702EBD6C270}.Release|Any CPU.ActiveCfg = Release|Any CPU
		{77D5258C-74A8-4E04-B932-9702EBD6C270}.Release|Any CPU.Build.0 = Release|Any CPU
		{77D5258C-74A8-4E04-B932-9702EBD6C270}.Release|x64.ActiveCfg = Release|Any CPU
		{77D5258C-74A8-4E04-B932-9702EBD6C270}.Release|x64.Build.0 = Release|Any CPU
		{77D5258C-74A8-4E04-B932-9702EBD6C270}.Release|x86.ActiveCfg = Release|Any CPU
		{77D5258C-74A8-4E04-B932-9702EBD6C270}.Release|x86.Build.0 = Release|Any CPU
		{8A6DF60D-75A5-429F-B9CD-E71815E7CC4A}.Debug|Any CPU.ActiveCfg = Debug|Any CPU
		{8A6DF60D-75A5-429F-B9CD-E71815E7CC4A}.Debug|Any CPU.Build.0 = Debug|Any CPU
		{8A6DF60D-75A5-429F-B9CD-E71815E7CC4A}.Debug|x64.ActiveCfg = Debug|Any CPU
		{8A6DF60D-75A5-429F-B9CD-E71815E7CC4A}.Debug|x64.Build.0 = Debug|Any CPU
		{8A6DF60D-75A5-429F-B9CD-E71815E7CC4A}.Debug|x86.ActiveCfg = Debug|Any CPU
		{8A6DF60D-75A5-429F-B9CD-E71815E7CC4A}.Debug|x86.Build.0 = Debug|Any CPU
		{8A6DF60D-75A5-429F-B9CD-E71815E7CC4A}.Release|Any CPU.ActiveCfg = Release|Any CPU
		{8A6DF60D-75A5-429F-B9CD-E71815E7CC4A}.Release|Any CPU.Build.0 = Release|Any CPU
		{8A6DF60D-75A5-429F-B9CD-E71815E7CC4A}.Release|x64.ActiveCfg = Release|Any CPU
		{8A6DF60D-75A5-429F-B9CD-E71815E7CC4A}.Release|x64.Build.0 = Release|Any CPU
		{8A6DF60D-75A5-429F-B9CD-E71815E7CC4A}.Release|x86.ActiveCfg = Release|Any CPU
		{8A6DF60D-75A5-429F-B9CD-E71815E7CC4A}.Release|x86.Build.0 = Release|Any CPU
		{69A4C17C-E539-457C-ABFB-3FD09600EB3D}.Debug|Any CPU.ActiveCfg = Debug|Any CPU
		{69A4C17C-E539-457C-ABFB-3FD09600EB3D}.Debug|Any CPU.Build.0 = Debug|Any CPU
		{69A4C17C-E539-457C-ABFB-3FD09600EB3D}.Debug|x64.ActiveCfg = Debug|Any CPU
		{69A4C17C-E539-457C-ABFB-3FD09600EB3D}.Debug|x64.Build.0 = Debug|Any CPU
		{69A4C17C-E539-457C-ABFB-3FD09600EB3D}.Debug|x86.ActiveCfg = Debug|Any CPU
		{69A4C17C-E539-457C-ABFB-3FD09600EB3D}.Debug|x86.Build.0 = Debug|Any CPU
		{69A4C17C-E539-457C-ABFB-3FD09600EB3D}.Release|Any CPU.ActiveCfg = Release|Any CPU
		{69A4C17C-E539-457C-ABFB-3FD09600EB3D}.Release|Any CPU.Build.0 = Release|Any CPU
		{69A4C17C-E539-457C-ABFB-3FD09600EB3D}.Release|x64.ActiveCfg = Release|Any CPU
		{69A4C17C-E539-457C-ABFB-3FD09600EB3D}.Release|x64.Build.0 = Release|Any CPU
		{69A4C17C-E539-457C-ABFB-3FD09600EB3D}.Release|x86.ActiveCfg = Release|Any CPU
		{69A4C17C-E539-457C-ABFB-3FD09600EB3D}.Release|x86.Build.0 = Release|Any CPU
		{2B23A1E9-8B26-459C-9816-8B3D6267AB8B}.Debug|Any CPU.ActiveCfg = Debug|Any CPU
		{2B23A1E9-8B26-459C-9816-8B3D6267AB8B}.Debug|Any CPU.Build.0 = Debug|Any CPU
		{2B23A1E9-8B26-459C-9816-8B3D6267AB8B}.Debug|x64.ActiveCfg = Debug|Any CPU
		{2B23A1E9-8B26-459C-9816-8B3D6267AB8B}.Debug|x64.Build.0 = Debug|Any CPU
		{2B23A1E9-8B26-459C-9816-8B3D6267AB8B}.Debug|x86.ActiveCfg = Debug|Any CPU
		{2B23A1E9-8B26-459C-9816-8B3D6267AB8B}.Debug|x86.Build.0 = Debug|Any CPU
		{2B23A1E9-8B26-459C-9816-8B3D6267AB8B}.Release|Any CPU.ActiveCfg = Release|Any CPU
		{2B23A1E9-8B26-459C-9816-8B3D6267AB8B}.Release|Any CPU.Build.0 = Release|Any CPU
		{2B23A1E9-8B26-459C-9816-8B3D6267AB8B}.Release|x64.ActiveCfg = Release|Any CPU
		{2B23A1E9-8B26-459C-9816-8B3D6267AB8B}.Release|x64.Build.0 = Release|Any CPU
		{2B23A1E9-8B26-459C-9816-8B3D6267AB8B}.Release|x86.ActiveCfg = Release|Any CPU
		{2B23A1E9-8B26-459C-9816-8B3D6267AB8B}.Release|x86.Build.0 = Release|Any CPU
		{3A8BA958-CDAE-48E8-96F1-FD021B9E9E84}.Debug|Any CPU.ActiveCfg = Debug|Any CPU
		{3A8BA958-CDAE-48E8-96F1-FD021B9E9E84}.Debug|Any CPU.Build.0 = Debug|Any CPU
		{3A8BA958-CDAE-48E8-96F1-FD021B9E9E84}.Debug|x64.ActiveCfg = Debug|Any CPU
		{3A8BA958-CDAE-48E8-96F1-FD021B9E9E84}.Debug|x64.Build.0 = Debug|Any CPU
		{3A8BA958-CDAE-48E8-96F1-FD021B9E9E84}.Debug|x86.ActiveCfg = Debug|Any CPU
		{3A8BA958-CDAE-48E8-96F1-FD021B9E9E84}.Debug|x86.Build.0 = Debug|Any CPU
		{3A8BA958-CDAE-48E8-96F1-FD021B9E9E84}.Release|Any CPU.ActiveCfg = Release|Any CPU
		{3A8BA958-CDAE-48E8-96F1-FD021B9E9E84}.Release|Any CPU.Build.0 = Release|Any CPU
		{3A8BA958-CDAE-48E8-96F1-FD021B9E9E84}.Release|x64.ActiveCfg = Release|Any CPU
		{3A8BA958-CDAE-48E8-96F1-FD021B9E9E84}.Release|x64.Build.0 = Release|Any CPU
		{3A8BA958-CDAE-48E8-96F1-FD021B9E9E84}.Release|x86.ActiveCfg = Release|Any CPU
		{3A8BA958-CDAE-48E8-96F1-FD021B9E9E84}.Release|x86.Build.0 = Release|Any CPU
		{ECDD14E6-B169-42B5-A647-80416937468C}.Debug|Any CPU.ActiveCfg = Debug|Any CPU
		{ECDD14E6-B169-42B5-A647-80416937468C}.Debug|Any CPU.Build.0 = Debug|Any CPU
		{ECDD14E6-B169-42B5-A647-80416937468C}.Debug|x64.ActiveCfg = Debug|Any CPU
		{ECDD14E6-B169-42B5-A647-80416937468C}.Debug|x64.Build.0 = Debug|Any CPU
		{ECDD14E6-B169-42B5-A647-80416937468C}.Debug|x86.ActiveCfg = Debug|Any CPU
		{ECDD14E6-B169-42B5-A647-80416937468C}.Debug|x86.Build.0 = Debug|Any CPU
		{ECDD14E6-B169-42B5-A647-80416937468C}.Release|Any CPU.ActiveCfg = Release|Any CPU
		{ECDD14E6-B169-42B5-A647-80416937468C}.Release|Any CPU.Build.0 = Release|Any CPU
		{ECDD14E6-B169-42B5-A647-80416937468C}.Release|x64.ActiveCfg = Release|Any CPU
		{ECDD14E6-B169-42B5-A647-80416937468C}.Release|x64.Build.0 = Release|Any CPU
		{ECDD14E6-B169-42B5-A647-80416937468C}.Release|x86.ActiveCfg = Release|Any CPU
		{ECDD14E6-B169-42B5-A647-80416937468C}.Release|x86.Build.0 = Release|Any CPU
	EndGlobalSection
	GlobalSection(NestedProjects) = preSolution
		{B2ECD0FD-1A77-4E57-8DC8-D4BDCB8F27EE} = {7090FF99-C485-412D-B35E-43E8F9BD52A0}
		{E111E95A-EE04-4FB9-9FB5-5765742494B5} = {B2ECD0FD-1A77-4E57-8DC8-D4BDCB8F27EE}
		{77D5258C-74A8-4E04-B932-9702EBD6C270} = {B2ECD0FD-1A77-4E57-8DC8-D4BDCB8F27EE}
		{8A6DF60D-75A5-429F-B9CD-E71815E7CC4A} = {B2ECD0FD-1A77-4E57-8DC8-D4BDCB8F27EE}
		{8CBA4A74-D3E5-40B8-943E-01E228414364} = {7090FF99-C485-412D-B35E-43E8F9BD52A0}
		{69A4C17C-E539-457C-ABFB-3FD09600EB3D} = {8CBA4A74-D3E5-40B8-943E-01E228414364}
		{2B23A1E9-8B26-459C-9816-8B3D6267AB8B} = {8CBA4A74-D3E5-40B8-943E-01E228414364}
		{3A8BA958-CDAE-48E8-96F1-FD021B9E9E84} = {8CBA4A74-D3E5-40B8-943E-01E228414364}
		{ECDD14E6-B169-42B5-A647-80416937468C} = {8CBA4A74-D3E5-40B8-943E-01E228414364}
	EndGlobalSection
EndGlobal
