
Microsoft Visual Studio Solution File, Format Version 12.00
# Visual Studio Version 16
VisualStudioVersion = 16.6.30114.105
MinimumVisualStudioVersion = 10.0.40219.1
Project("{2150E333-8FDC-42A3-9474-1A3956D46DE8}") = "src", "src", "{FAF97CFA-B9D7-4E98-A9F1-ECF89843FCEA}"
EndProject
Project("{FAE04EC0-301F-11D3-BF4B-00C04F79EFBC}") = "Billing.WebApi", "src\Billing.WebApi\Billing.WebApi.csproj", "{74551DB9-2B4A-482D-ABC2-1FAEF81371C7}"
EndProject
Project("{FAE04EC0-301F-11D3-BF4B-00C04F79EFBC}") = "Billing.Core", "src\Billing.Core\Billing.Core.csproj", "{7302ED18-EE0F-473D-847B-3912D04146E8}"
EndProject
Project("{FAE04EC0-301F-11D3-BF4B-00C04F79EFBC}") = "Billing.Infrastructure", "src\Billing.Infrastructure\Billing.Infrastructure.csproj", "{8B418321-501E-4F73-8DDA-6B5D2221FF13}"
EndProject
Project("{2150E333-8FDC-42A3-9474-1A3956D46DE8}") = "tests", "tests", "{AB2E6FA3-D39B-4F59-987F-02C24DCE0B84}"
EndProject
Project("{FAE04EC0-301F-11D3-BF4B-00C04F79EFBC}") = "Billing.IntegrationTests", "tests\Billing.IntegrationTests\Billing.IntegrationTests.csproj", "{099CC06A-C775-4EAB-8760-BC2E9B6285F1}"
EndProject
Project("{FAE04EC0-301F-11D3-BF4B-00C04F79EFBC}") = "Billing.FunctionalTests", "tests\Billing.FunctionalTests\Billing.FunctionalTests.csproj", "{0BD130B0-DD63-4397-B2A1-F474402C9DF8}"
EndProject
Project("{FAE04EC0-301F-11D3-BF4B-00C04F79EFBC}") = "Billing.SharedTestHelpers", "tests\Billing.SharedTestHelpers\Billing.SharedTestHelpers.csproj", "{D2A83AFF-827B-4140-9EB7-EDCD425F5585}"
EndProject
Project("{FAE04EC0-301F-11D3-BF4B-00C04F79EFBC}") = "Billing.UnitTests", "tests\Billing.UnitTests\Billing.UnitTests.csproj", "{6272D0BF-4A62-42D6-A2CA-B2FA91BBCDDE}"
EndProject
Global
	GlobalSection(SolutionConfigurationPlatforms) = preSolution
		Debug|Any CPU = Debug|Any CPU
		Debug|x64 = Debug|x64
		Debug|x86 = Debug|x86
		Release|Any CPU = Release|Any CPU
		Release|x64 = Release|x64
		Release|x86 = Release|x86
	EndGlobalSection
	GlobalSection(SolutionProperties) = preSolution
		HideSolutionNode = FALSE
	EndGlobalSection
	GlobalSection(ProjectConfigurationPlatforms) = postSolution
		{74551DB9-2B4A-482D-ABC2-1FAEF81371C7}.Debug|Any CPU.ActiveCfg = Debug|Any CPU
		{74551DB9-2B4A-482D-ABC2-1FAEF81371C7}.Debug|Any CPU.Build.0 = Debug|Any CPU
		{74551DB9-2B4A-482D-ABC2-1FAEF81371C7}.Debug|x64.ActiveCfg = Debug|Any CPU
		{74551DB9-2B4A-482D-ABC2-1FAEF81371C7}.Debug|x64.Build.0 = Debug|Any CPU
		{74551DB9-2B4A-482D-ABC2-1FAEF81371C7}.Debug|x86.ActiveCfg = Debug|Any CPU
		{74551DB9-2B4A-482D-ABC2-1FAEF81371C7}.Debug|x86.Build.0 = Debug|Any CPU
		{74551DB9-2B4A-482D-ABC2-1FAEF81371C7}.Release|Any CPU.ActiveCfg = Release|Any CPU
		{74551DB9-2B4A-482D-ABC2-1FAEF81371C7}.Release|Any CPU.Build.0 = Release|Any CPU
		{74551DB9-2B4A-482D-ABC2-1FAEF81371C7}.Release|x64.ActiveCfg = Release|Any CPU
		{74551DB9-2B4A-482D-ABC2-1FAEF81371C7}.Release|x64.Build.0 = Release|Any CPU
		{74551DB9-2B4A-482D-ABC2-1FAEF81371C7}.Release|x86.ActiveCfg = Release|Any CPU
		{74551DB9-2B4A-482D-ABC2-1FAEF81371C7}.Release|x86.Build.0 = Release|Any CPU
		{7302ED18-EE0F-473D-847B-3912D04146E8}.Debug|Any CPU.ActiveCfg = Debug|Any CPU
		{7302ED18-EE0F-473D-847B-3912D04146E8}.Debug|Any CPU.Build.0 = Debug|Any CPU
		{7302ED18-EE0F-473D-847B-3912D04146E8}.Debug|x64.ActiveCfg = Debug|Any CPU
		{7302ED18-EE0F-473D-847B-3912D04146E8}.Debug|x64.Build.0 = Debug|Any CPU
		{7302ED18-EE0F-473D-847B-3912D04146E8}.Debug|x86.ActiveCfg = Debug|Any CPU
		{7302ED18-EE0F-473D-847B-3912D04146E8}.Debug|x86.Build.0 = Debug|Any CPU
		{7302ED18-EE0F-473D-847B-3912D04146E8}.Release|Any CPU.ActiveCfg = Release|Any CPU
		{7302ED18-EE0F-473D-847B-3912D04146E8}.Release|Any CPU.Build.0 = Release|Any CPU
		{7302ED18-EE0F-473D-847B-3912D04146E8}.Release|x64.ActiveCfg = Release|Any CPU
		{7302ED18-EE0F-473D-847B-3912D04146E8}.Release|x64.Build.0 = Release|Any CPU
		{7302ED18-EE0F-473D-847B-3912D04146E8}.Release|x86.ActiveCfg = Release|Any CPU
		{7302ED18-EE0F-473D-847B-3912D04146E8}.Release|x86.Build.0 = Release|Any CPU
		{8B418321-501E-4F73-8DDA-6B5D2221FF13}.Debug|Any CPU.ActiveCfg = Debug|Any CPU
		{8B418321-501E-4F73-8DDA-6B5D2221FF13}.Debug|Any CPU.Build.0 = Debug|Any CPU
		{8B418321-501E-4F73-8DDA-6B5D2221FF13}.Debug|x64.ActiveCfg = Debug|Any CPU
		{8B418321-501E-4F73-8DDA-6B5D2221FF13}.Debug|x64.Build.0 = Debug|Any CPU
		{8B418321-501E-4F73-8DDA-6B5D2221FF13}.Debug|x86.ActiveCfg = Debug|Any CPU
		{8B418321-501E-4F73-8DDA-6B5D2221FF13}.Debug|x86.Build.0 = Debug|Any CPU
		{8B418321-501E-4F73-8DDA-6B5D2221FF13}.Release|Any CPU.ActiveCfg = Release|Any CPU
		{8B418321-501E-4F73-8DDA-6B5D2221FF13}.Release|Any CPU.Build.0 = Release|Any CPU
		{8B418321-501E-4F73-8DDA-6B5D2221FF13}.Release|x64.ActiveCfg = Release|Any CPU
		{8B418321-501E-4F73-8DDA-6B5D2221FF13}.Release|x64.Build.0 = Release|Any CPU
		{8B418321-501E-4F73-8DDA-6B5D2221FF13}.Release|x86.ActiveCfg = Release|Any CPU
		{8B418321-501E-4F73-8DDA-6B5D2221FF13}.Release|x86.Build.0 = Release|Any CPU
		{099CC06A-C775-4EAB-8760-BC2E9B6285F1}.Debug|Any CPU.ActiveCfg = Debug|Any CPU
		{099CC06A-C775-4EAB-8760-BC2E9B6285F1}.Debug|Any CPU.Build.0 = Debug|Any CPU
		{099CC06A-C775-4EAB-8760-BC2E9B6285F1}.Debug|x64.ActiveCfg = Debug|Any CPU
		{099CC06A-C775-4EAB-8760-BC2E9B6285F1}.Debug|x64.Build.0 = Debug|Any CPU
		{099CC06A-C775-4EAB-8760-BC2E9B6285F1}.Debug|x86.ActiveCfg = Debug|Any CPU
		{099CC06A-C775-4EAB-8760-BC2E9B6285F1}.Debug|x86.Build.0 = Debug|Any CPU
		{099CC06A-C775-4EAB-8760-BC2E9B6285F1}.Release|Any CPU.ActiveCfg = Release|Any CPU
		{099CC06A-C775-4EAB-8760-BC2E9B6285F1}.Release|Any CPU.Build.0 = Release|Any CPU
		{099CC06A-C775-4EAB-8760-BC2E9B6285F1}.Release|x64.ActiveCfg = Release|Any CPU
		{099CC06A-C775-4EAB-8760-BC2E9B6285F1}.Release|x64.Build.0 = Release|Any CPU
		{099CC06A-C775-4EAB-8760-BC2E9B6285F1}.Release|x86.ActiveCfg = Release|Any CPU
		{099CC06A-C775-4EAB-8760-BC2E9B6285F1}.Release|x86.Build.0 = Release|Any CPU
		{0BD130B0-DD63-4397-B2A1-F474402C9DF8}.Debug|Any CPU.ActiveCfg = Debug|Any CPU
		{0BD130B0-DD63-4397-B2A1-F474402C9DF8}.Debug|Any CPU.Build.0 = Debug|Any CPU
		{0BD130B0-DD63-4397-B2A1-F474402C9DF8}.Debug|x64.ActiveCfg = Debug|Any CPU
		{0BD130B0-DD63-4397-B2A1-F474402C9DF8}.Debug|x64.Build.0 = Debug|Any CPU
		{0BD130B0-DD63-4397-B2A1-F474402C9DF8}.Debug|x86.ActiveCfg = Debug|Any CPU
		{0BD130B0-DD63-4397-B2A1-F474402C9DF8}.Debug|x86.Build.0 = Debug|Any CPU
		{0BD130B0-DD63-4397-B2A1-F474402C9DF8}.Release|Any CPU.ActiveCfg = Release|Any CPU
		{0BD130B0-DD63-4397-B2A1-F474402C9DF8}.Release|Any CPU.Build.0 = Release|Any CPU
		{0BD130B0-DD63-4397-B2A1-F474402C9DF8}.Release|x64.ActiveCfg = Release|Any CPU
		{0BD130B0-DD63-4397-B2A1-F474402C9DF8}.Release|x64.Build.0 = Release|Any CPU
		{0BD130B0-DD63-4397-B2A1-F474402C9DF8}.Release|x86.ActiveCfg = Release|Any CPU
		{0BD130B0-DD63-4397-B2A1-F474402C9DF8}.Release|x86.Build.0 = Release|Any CPU
		{D2A83AFF-827B-4140-9EB7-EDCD425F5585}.Debug|Any CPU.ActiveCfg = Debug|Any CPU
		{D2A83AFF-827B-4140-9EB7-EDCD425F5585}.Debug|Any CPU.Build.0 = Debug|Any CPU
		{D2A83AFF-827B-4140-9EB7-EDCD425F5585}.Debug|x64.ActiveCfg = Debug|Any CPU
		{D2A83AFF-827B-4140-9EB7-EDCD425F5585}.Debug|x64.Build.0 = Debug|Any CPU
		{D2A83AFF-827B-4140-9EB7-EDCD425F5585}.Debug|x86.ActiveCfg = Debug|Any CPU
		{D2A83AFF-827B-4140-9EB7-EDCD425F5585}.Debug|x86.Build.0 = Debug|Any CPU
		{D2A83AFF-827B-4140-9EB7-EDCD425F5585}.Release|Any CPU.ActiveCfg = Release|Any CPU
		{D2A83AFF-827B-4140-9EB7-EDCD425F5585}.Release|Any CPU.Build.0 = Release|Any CPU
		{D2A83AFF-827B-4140-9EB7-EDCD425F5585}.Release|x64.ActiveCfg = Release|Any CPU
		{D2A83AFF-827B-4140-9EB7-EDCD425F5585}.Release|x64.Build.0 = Release|Any CPU
		{D2A83AFF-827B-4140-9EB7-EDCD425F5585}.Release|x86.ActiveCfg = Release|Any CPU
		{D2A83AFF-827B-4140-9EB7-EDCD425F5585}.Release|x86.Build.0 = Release|Any CPU
		{6272D0BF-4A62-42D6-A2CA-B2FA91BBCDDE}.Debug|Any CPU.ActiveCfg = Debug|Any CPU
		{6272D0BF-4A62-42D6-A2CA-B2FA91BBCDDE}.Debug|Any CPU.Build.0 = Debug|Any CPU
		{6272D0BF-4A62-42D6-A2CA-B2FA91BBCDDE}.Debug|x64.ActiveCfg = Debug|Any CPU
		{6272D0BF-4A62-42D6-A2CA-B2FA91BBCDDE}.Debug|x64.Build.0 = Debug|Any CPU
		{6272D0BF-4A62-42D6-A2CA-B2FA91BBCDDE}.Debug|x86.ActiveCfg = Debug|Any CPU
		{6272D0BF-4A62-42D6-A2CA-B2FA91BBCDDE}.Debug|x86.Build.0 = Debug|Any CPU
		{6272D0BF-4A62-42D6-A2CA-B2FA91BBCDDE}.Release|Any CPU.ActiveCfg = Release|Any CPU
		{6272D0BF-4A62-42D6-A2CA-B2FA91BBCDDE}.Release|Any CPU.Build.0 = Release|Any CPU
		{6272D0BF-4A62-42D6-A2CA-B2FA91BBCDDE}.Release|x64.ActiveCfg = Release|Any CPU
		{6272D0BF-4A62-42D6-A2CA-B2FA91BBCDDE}.Release|x64.Build.0 = Release|Any CPU
		{6272D0BF-4A62-42D6-A2CA-B2FA91BBCDDE}.Release|x86.ActiveCfg = Release|Any CPU
		{6272D0BF-4A62-42D6-A2CA-B2FA91BBCDDE}.Release|x86.Build.0 = Release|Any CPU
	EndGlobalSection
	GlobalSection(NestedProjects) = preSolution
		{74551DB9-2B4A-482D-ABC2-1FAEF81371C7} = {FAF97CFA-B9D7-4E98-A9F1-ECF89843FCEA}
		{7302ED18-EE0F-473D-847B-3912D04146E8} = {FAF97CFA-B9D7-4E98-A9F1-ECF89843FCEA}
		{8B418321-501E-4F73-8DDA-6B5D2221FF13} = {FAF97CFA-B9D7-4E98-A9F1-ECF89843FCEA}
		{099CC06A-C775-4EAB-8760-BC2E9B6285F1} = {AB2E6FA3-D39B-4F59-987F-02C24DCE0B84}
		{0BD130B0-DD63-4397-B2A1-F474402C9DF8} = {AB2E6FA3-D39B-4F59-987F-02C24DCE0B84}
		{D2A83AFF-827B-4140-9EB7-EDCD425F5585} = {AB2E6FA3-D39B-4F59-987F-02C24DCE0B84}
		{6272D0BF-4A62-42D6-A2CA-B2FA91BBCDDE} = {AB2E6FA3-D39B-4F59-987F-02C24DCE0B84}
	EndGlobalSection
EndGlobal
